
Microsoft Visual Studio Solution File, Format Version 12.00
# Visual Studio 15
VisualStudioVersion = 15.0.28307.136
MinimumVisualStudioVersion = 10.0.40219.1
Project("{FAE04EC0-301F-11D3-BF4B-00C04F79EFBC}") = "App02_Tarefa.Android", "App02_Tarefa\App02_Tarefa.Android\App02_Tarefa.Android.csproj", "{490D722A-0868-4C4A-ACFE-A29C810D7A7F}"
EndProject
Project("{FAE04EC0-301F-11D3-BF4B-00C04F79EFBC}") = "App02_Tarefa.iOS", "App02_Tarefa\App02_Tarefa.iOS\App02_Tarefa.iOS.csproj", "{9E199A12-89C3-45FE-8708-C2DB06212A2C}"
EndProject
Project("{FAE04EC0-301F-11D3-BF4B-00C04F79EFBC}") = "App02_Tarefa.UWP", "App02_Tarefa\App02_Tarefa.UWP\App02_Tarefa.UWP.csproj", "{DC4D7E0C-048D-43E6-9A22-D3115EF36F0B}"
EndProject
Project("{FAE04EC0-301F-11D3-BF4B-00C04F79EFBC}") = "App02_Tarefa", "App02_Tarefa\App02_Tarefa\App02_Tarefa.csproj", "{2051F8D4-1CF3-45E3-9466-4896DB153E5D}"
EndProject
Global
	GlobalSection(SolutionConfigurationPlatforms) = preSolution
		Ad-Hoc|Any CPU = Ad-Hoc|Any CPU
		Ad-Hoc|ARM = Ad-Hoc|ARM
		Ad-Hoc|iPhone = Ad-Hoc|iPhone
		Ad-Hoc|iPhoneSimulator = Ad-Hoc|iPhoneSimulator
		Ad-Hoc|x64 = Ad-Hoc|x64
		Ad-Hoc|x86 = Ad-Hoc|x86
		AppStore|Any CPU = AppStore|Any CPU
		AppStore|ARM = AppStore|ARM
		AppStore|iPhone = AppStore|iPhone
		AppStore|iPhoneSimulator = AppStore|iPhoneSimulator
		AppStore|x64 = AppStore|x64
		AppStore|x86 = AppStore|x86
		Debug|Any CPU = Debug|Any CPU
		Debug|ARM = Debug|ARM
		Debug|iPhone = Debug|iPhone
		Debug|iPhoneSimulator = Debug|iPhoneSimulator
		Debug|x64 = Debug|x64
		Debug|x86 = Debug|x86
		Release|Any CPU = Release|Any CPU
		Release|ARM = Release|ARM
		Release|iPhone = Release|iPhone
		Release|iPhoneSimulator = Release|iPhoneSimulator
		Release|x64 = Release|x64
		Release|x86 = Release|x86
	EndGlobalSection
	GlobalSection(ProjectConfigurationPlatforms) = postSolution
		{490D722A-0868-4C4A-ACFE-A29C810D7A7F}.Ad-Hoc|Any CPU.ActiveCfg = Release|Any CPU
		{490D722A-0868-4C4A-ACFE-A29C810D7A7F}.Ad-Hoc|Any CPU.Build.0 = Release|Any CPU
		{490D722A-0868-4C4A-ACFE-A29C810D7A7F}.Ad-Hoc|Any CPU.Deploy.0 = Release|Any CPU
		{490D722A-0868-4C4A-ACFE-A29C810D7A7F}.Ad-Hoc|ARM.ActiveCfg = Release|Any CPU
		{490D722A-0868-4C4A-ACFE-A29C810D7A7F}.Ad-Hoc|ARM.Build.0 = Release|Any CPU
		{490D722A-0868-4C4A-ACFE-A29C810D7A7F}.Ad-Hoc|ARM.Deploy.0 = Release|Any CPU
		{490D722A-0868-4C4A-ACFE-A29C810D7A7F}.Ad-Hoc|iPhone.ActiveCfg = Release|Any CPU
		{490D722A-0868-4C4A-ACFE-A29C810D7A7F}.Ad-Hoc|iPhone.Build.0 = Release|Any CPU
		{490D722A-0868-4C4A-ACFE-A29C810D7A7F}.Ad-Hoc|iPhone.Deploy.0 = Release|Any CPU
		{490D722A-0868-4C4A-ACFE-A29C810D7A7F}.Ad-Hoc|iPhoneSimulator.ActiveCfg = Release|Any CPU
		{490D722A-0868-4C4A-ACFE-A29C810D7A7F}.Ad-Hoc|iPhoneSimulator.Build.0 = Release|Any CPU
		{490D722A-0868-4C4A-ACFE-A29C810D7A7F}.Ad-Hoc|iPhoneSimulator.Deploy.0 = Release|Any CPU
		{490D722A-0868-4C4A-ACFE-A29C810D7A7F}.Ad-Hoc|x64.ActiveCfg = Release|Any CPU
		{490D722A-0868-4C4A-ACFE-A29C810D7A7F}.Ad-Hoc|x64.Build.0 = Release|Any CPU
		{490D722A-0868-4C4A-ACFE-A29C810D7A7F}.Ad-Hoc|x64.Deploy.0 = Release|Any CPU
		{490D722A-0868-4C4A-ACFE-A29C810D7A7F}.Ad-Hoc|x86.ActiveCfg = Release|Any CPU
		{490D722A-0868-4C4A-ACFE-A29C810D7A7F}.Ad-Hoc|x86.Build.0 = Release|Any CPU
		{490D722A-0868-4C4A-ACFE-A29C810D7A7F}.Ad-Hoc|x86.Deploy.0 = Release|Any CPU
		{490D722A-0868-4C4A-ACFE-A29C810D7A7F}.AppStore|Any CPU.ActiveCfg = Release|Any CPU
		{490D722A-0868-4C4A-ACFE-A29C810D7A7F}.AppStore|Any CPU.Build.0 = Release|Any CPU
		{490D722A-0868-4C4A-ACFE-A29C810D7A7F}.AppStore|Any CPU.Deploy.0 = Release|Any CPU
		{490D722A-0868-4C4A-ACFE-A29C810D7A7F}.AppStore|ARM.ActiveCfg = Release|Any CPU
		{490D722A-0868-4C4A-ACFE-A29C810D7A7F}.AppStore|ARM.Build.0 = Release|Any CPU
		{490D722A-0868-4C4A-ACFE-A29C810D7A7F}.AppStore|ARM.Deploy.0 = Release|Any CPU
		{490D722A-0868-4C4A-ACFE-A29C810D7A7F}.AppStore|iPhone.ActiveCfg = Release|Any CPU
		{490D722A-0868-4C4A-ACFE-A29C810D7A7F}.AppStore|iPhone.Build.0 = Release|Any CPU
		{490D722A-0868-4C4A-ACFE-A29C810D7A7F}.AppStore|iPhone.Deploy.0 = Release|Any CPU
		{490D722A-0868-4C4A-ACFE-A29C810D7A7F}.AppStore|iPhoneSimulator.ActiveCfg = Release|Any CPU
		{490D722A-0868-4C4A-ACFE-A29C810D7A7F}.AppStore|iPhoneSimulator.Build.0 = Release|Any CPU
		{490D722A-0868-4C4A-ACFE-A29C810D7A7F}.AppStore|iPhoneSimulator.Deploy.0 = Release|Any CPU
		{490D722A-0868-4C4A-ACFE-A29C810D7A7F}.AppStore|x64.ActiveCfg = Release|Any CPU
		{490D722A-0868-4C4A-ACFE-A29C810D7A7F}.AppStore|x64.Build.0 = Release|Any CPU
		{490D722A-0868-4C4A-ACFE-A29C810D7A7F}.AppStore|x64.Deploy.0 = Release|Any CPU
		{490D722A-0868-4C4A-ACFE-A29C810D7A7F}.AppStore|x86.ActiveCfg = Release|Any CPU
		{490D722A-0868-4C4A-ACFE-A29C810D7A7F}.AppStore|x86.Build.0 = Release|Any CPU
		{490D722A-0868-4C4A-ACFE-A29C810D7A7F}.AppStore|x86.Deploy.0 = Release|Any CPU
		{490D722A-0868-4C4A-ACFE-A29C810D7A7F}.Debug|Any CPU.ActiveCfg = Debug|Any CPU
		{490D722A-0868-4C4A-ACFE-A29C810D7A7F}.Debug|Any CPU.Build.0 = Debug|Any CPU
		{490D722A-0868-4C4A-ACFE-A29C810D7A7F}.Debug|Any CPU.Deploy.0 = Debug|Any CPU
		{490D722A-0868-4C4A-ACFE-A29C810D7A7F}.Debug|ARM.ActiveCfg = Debug|Any CPU
		{490D722A-0868-4C4A-ACFE-A29C810D7A7F}.Debug|ARM.Build.0 = Debug|Any CPU
		{490D722A-0868-4C4A-ACFE-A29C810D7A7F}.Debug|ARM.Deploy.0 = Debug|Any CPU
		{490D722A-0868-4C4A-ACFE-A29C810D7A7F}.Debug|iPhone.ActiveCfg = Debug|Any CPU
		{490D722A-0868-4C4A-ACFE-A29C810D7A7F}.Debug|iPhone.Build.0 = Debug|Any CPU
		{490D722A-0868-4C4A-ACFE-A29C810D7A7F}.Debug|iPhone.Deploy.0 = Debug|Any CPU
		{490D722A-0868-4C4A-ACFE-A29C810D7A7F}.Debug|iPhoneSimulator.ActiveCfg = Debug|Any CPU
		{490D722A-0868-4C4A-ACFE-A29C810D7A7F}.Debug|iPhoneSimulator.Build.0 = Debug|Any CPU
		{490D722A-0868-4C4A-ACFE-A29C810D7A7F}.Debug|iPhoneSimulator.Deploy.0 = Debug|Any CPU
		{490D722A-0868-4C4A-ACFE-A29C810D7A7F}.Debug|x64.ActiveCfg = Debug|Any CPU
		{490D722A-0868-4C4A-ACFE-A29C810D7A7F}.Debug|x64.Build.0 = Debug|Any CPU
		{490D722A-0868-4C4A-ACFE-A29C810D7A7F}.Debug|x64.Deploy.0 = Debug|Any CPU
		{490D722A-0868-4C4A-ACFE-A29C810D7A7F}.Debug|x86.ActiveCfg = Debug|Any CPU
		{490D722A-0868-4C4A-ACFE-A29C810D7A7F}.Debug|x86.Build.0 = Debug|Any CPU
		{490D722A-0868-4C4A-ACFE-A29C810D7A7F}.Debug|x86.Deploy.0 = Debug|Any CPU
		{490D722A-0868-4C4A-ACFE-A29C810D7A7F}.Release|Any CPU.ActiveCfg = Release|Any CPU
		{490D722A-0868-4C4A-ACFE-A29C810D7A7F}.Release|Any CPU.Build.0 = Release|Any CPU
		{490D722A-0868-4C4A-ACFE-A29C810D7A7F}.Release|Any CPU.Deploy.0 = Release|Any CPU
		{490D722A-0868-4C4A-ACFE-A29C810D7A7F}.Release|ARM.ActiveCfg = Release|Any CPU
		{490D722A-0868-4C4A-ACFE-A29C810D7A7F}.Release|ARM.Build.0 = Release|Any CPU
		{490D722A-0868-4C4A-ACFE-A29C810D7A7F}.Release|ARM.Deploy.0 = Release|Any CPU
		{490D722A-0868-4C4A-ACFE-A29C810D7A7F}.Release|iPhone.ActiveCfg = Release|Any CPU
		{490D722A-0868-4C4A-ACFE-A29C810D7A7F}.Release|iPhone.Build.0 = Release|Any CPU
		{490D722A-0868-4C4A-ACFE-A29C810D7A7F}.Release|iPhone.Deploy.0 = Release|Any CPU
		{490D722A-0868-4C4A-ACFE-A29C810D7A7F}.Release|iPhoneSimulator.ActiveCfg = Release|Any CPU
		{490D722A-0868-4C4A-ACFE-A29C810D7A7F}.Release|iPhoneSimulator.Build.0 = Release|Any CPU
		{490D722A-0868-4C4A-ACFE-A29C810D7A7F}.Release|iPhoneSimulator.Deploy.0 = Release|Any CPU
		{490D722A-0868-4C4A-ACFE-A29C810D7A7F}.Release|x64.ActiveCfg = Release|Any CPU
		{490D722A-0868-4C4A-ACFE-A29C810D7A7F}.Release|x64.Build.0 = Release|Any CPU
		{490D722A-0868-4C4A-ACFE-A29C810D7A7F}.Release|x64.Deploy.0 = Release|Any CPU
		{490D722A-0868-4C4A-ACFE-A29C810D7A7F}.Release|x86.ActiveCfg = Release|Any CPU
		{490D722A-0868-4C4A-ACFE-A29C810D7A7F}.Release|x86.Build.0 = Release|Any CPU
		{490D722A-0868-4C4A-ACFE-A29C810D7A7F}.Release|x86.Deploy.0 = Release|Any CPU
		{9E199A12-89C3-45FE-8708-C2DB06212A2C}.Ad-Hoc|Any CPU.ActiveCfg = Ad-Hoc|iPhone
		{9E199A12-89C3-45FE-8708-C2DB06212A2C}.Ad-Hoc|Any CPU.Build.0 = Ad-Hoc|iPhone
		{9E199A12-89C3-45FE-8708-C2DB06212A2C}.Ad-Hoc|Any CPU.Deploy.0 = Ad-Hoc|iPhone
		{9E199A12-89C3-45FE-8708-C2DB06212A2C}.Ad-Hoc|ARM.ActiveCfg = Ad-Hoc|iPhone
		{9E199A12-89C3-45FE-8708-C2DB06212A2C}.Ad-Hoc|ARM.Build.0 = Ad-Hoc|iPhone
		{9E199A12-89C3-45FE-8708-C2DB06212A2C}.Ad-Hoc|ARM.Deploy.0 = Ad-Hoc|iPhone
		{9E199A12-89C3-45FE-8708-C2DB06212A2C}.Ad-Hoc|iPhone.ActiveCfg = Ad-Hoc|iPhone
		{9E199A12-89C3-45FE-8708-C2DB06212A2C}.Ad-Hoc|iPhone.Build.0 = Ad-Hoc|iPhone
		{9E199A12-89C3-45FE-8708-C2DB06212A2C}.Ad-Hoc|iPhone.Deploy.0 = Ad-Hoc|iPhone
		{9E199A12-89C3-45FE-8708-C2DB06212A2C}.Ad-Hoc|iPhoneSimulator.ActiveCfg = Ad-Hoc|iPhoneSimulator
		{9E199A12-89C3-45FE-8708-C2DB06212A2C}.Ad-Hoc|iPhoneSimulator.Build.0 = Ad-Hoc|iPhoneSimulator
		{9E199A12-89C3-45FE-8708-C2DB06212A2C}.Ad-Hoc|iPhoneSimulator.Deploy.0 = Ad-Hoc|iPhoneSimulator
		{9E199A12-89C3-45FE-8708-C2DB06212A2C}.Ad-Hoc|x64.ActiveCfg = Ad-Hoc|iPhone
		{9E199A12-89C3-45FE-8708-C2DB06212A2C}.Ad-Hoc|x64.Build.0 = Ad-Hoc|iPhone
		{9E199A12-89C3-45FE-8708-C2DB06212A2C}.Ad-Hoc|x64.Deploy.0 = Ad-Hoc|iPhone
		{9E199A12-89C3-45FE-8708-C2DB06212A2C}.Ad-Hoc|x86.ActiveCfg = Ad-Hoc|iPhone
		{9E199A12-89C3-45FE-8708-C2DB06212A2C}.Ad-Hoc|x86.Build.0 = Ad-Hoc|iPhone
		{9E199A12-89C3-45FE-8708-C2DB06212A2C}.Ad-Hoc|x86.Deploy.0 = Ad-Hoc|iPhone
		{9E199A12-89C3-45FE-8708-C2DB06212A2C}.AppStore|Any CPU.ActiveCfg = AppStore|iPhone
		{9E199A12-89C3-45FE-8708-C2DB06212A2C}.AppStore|Any CPU.Build.0 = AppStore|iPhone
		{9E199A12-89C3-45FE-8708-C2DB06212A2C}.AppStore|Any CPU.Deploy.0 = AppStore|iPhone
		{9E199A12-89C3-45FE-8708-C2DB06212A2C}.AppStore|ARM.ActiveCfg = AppStore|iPhone
		{9E199A12-89C3-45FE-8708-C2DB06212A2C}.AppStore|ARM.Build.0 = AppStore|iPhone
		{9E199A12-89C3-45FE-8708-C2DB06212A2C}.AppStore|ARM.Deploy.0 = AppStore|iPhone
		{9E199A12-89C3-45FE-8708-C2DB06212A2C}.AppStore|iPhone.ActiveCfg = AppStore|iPhone
		{9E199A12-89C3-45FE-8708-C2DB06212A2C}.AppStore|iPhone.Build.0 = AppStore|iPhone
		{9E199A12-89C3-45FE-8708-C2DB06212A2C}.AppStore|iPhone.Deploy.0 = AppStore|iPhone
		{9E199A12-89C3-45FE-8708-C2DB06212A2C}.AppStore|iPhoneSimulator.ActiveCfg = AppStore|iPhoneSimulator
		{9E199A12-89C3-45FE-8708-C2DB06212A2C}.AppStore|iPhoneSimulator.Build.0 = AppStore|iPhoneSimulator
		{9E199A12-89C3-45FE-8708-C2DB06212A2C}.AppStore|iPhoneSimulator.Deploy.0 = AppStore|iPhoneSimulator
		{9E199A12-89C3-45FE-8708-C2DB06212A2C}.AppStore|x64.ActiveCfg = AppStore|iPhone
		{9E199A12-89C3-45FE-8708-C2DB06212A2C}.AppStore|x64.Build.0 = AppStore|iPhone
		{9E199A12-89C3-45FE-8708-C2DB06212A2C}.AppStore|x64.Deploy.0 = AppStore|iPhone
		{9E199A12-89C3-45FE-8708-C2DB06212A2C}.AppStore|x86.ActiveCfg = AppStore|iPhone
		{9E199A12-89C3-45FE-8708-C2DB06212A2C}.AppStore|x86.Build.0 = AppStore|iPhone
		{9E199A12-89C3-45FE-8708-C2DB06212A2C}.AppStore|x86.Deploy.0 = AppStore|iPhone
		{9E199A12-89C3-45FE-8708-C2DB06212A2C}.Debug|Any CPU.ActiveCfg = Debug|iPhoneSimulator
		{9E199A12-89C3-45FE-8708-C2DB06212A2C}.Debug|Any CPU.Build.0 = Debug|iPhoneSimulator
		{9E199A12-89C3-45FE-8708-C2DB06212A2C}.Debug|Any CPU.Deploy.0 = Debug|iPhoneSimulator
		{9E199A12-89C3-45FE-8708-C2DB06212A2C}.Debug|ARM.ActiveCfg = Debug|iPhone
		{9E199A12-89C3-45FE-8708-C2DB06212A2C}.Debug|ARM.Build.0 = Debug|iPhone
		{9E199A12-89C3-45FE-8708-C2DB06212A2C}.Debug|ARM.Deploy.0 = Debug|iPhone
		{9E199A12-89C3-45FE-8708-C2DB06212A2C}.Debug|iPhone.ActiveCfg = Debug|iPhone
		{9E199A12-89C3-45FE-8708-C2DB06212A2C}.Debug|iPhone.Build.0 = Debug|iPhone
		{9E199A12-89C3-45FE-8708-C2DB06212A2C}.Debug|iPhone.Deploy.0 = Debug|iPhone
		{9E199A12-89C3-45FE-8708-C2DB06212A2C}.Debug|iPhoneSimulator.ActiveCfg = Debug|iPhoneSimulator
		{9E199A12-89C3-45FE-8708-C2DB06212A2C}.Debug|iPhoneSimulator.Build.0 = Debug|iPhoneSimulator
		{9E199A12-89C3-45FE-8708-C2DB06212A2C}.Debug|iPhoneSimulator.Deploy.0 = Debug|iPhoneSimulator
		{9E199A12-89C3-45FE-8708-C2DB06212A2C}.Debug|x64.ActiveCfg = Debug|iPhone
		{9E199A12-89C3-45FE-8708-C2DB06212A2C}.Debug|x64.Build.0 = Debug|iPhone
		{9E199A12-89C3-45FE-8708-C2DB06212A2C}.Debug|x64.Deploy.0 = Debug|iPhone
		{9E199A12-89C3-45FE-8708-C2DB06212A2C}.Debug|x86.ActiveCfg = Debug|iPhone
		{9E199A12-89C3-45FE-8708-C2DB06212A2C}.Debug|x86.Build.0 = Debug|iPhone
		{9E199A12-89C3-45FE-8708-C2DB06212A2C}.Debug|x86.Deploy.0 = Debug|iPhone
		{9E199A12-89C3-45FE-8708-C2DB06212A2C}.Release|Any CPU.ActiveCfg = Release|iPhone
		{9E199A12-89C3-45FE-8708-C2DB06212A2C}.Release|Any CPU.Build.0 = Release|iPhone
		{9E199A12-89C3-45FE-8708-C2DB06212A2C}.Release|Any CPU.Deploy.0 = Release|iPhone
		{9E199A12-89C3-45FE-8708-C2DB06212A2C}.Release|ARM.ActiveCfg = Release|iPhone
		{9E199A12-89C3-45FE-8708-C2DB06212A2C}.Release|ARM.Build.0 = Release|iPhone
		{9E199A12-89C3-45FE-8708-C2DB06212A2C}.Release|ARM.Deploy.0 = Release|iPhone
		{9E199A12-89C3-45FE-8708-C2DB06212A2C}.Release|iPhone.ActiveCfg = Release|iPhone
		{9E199A12-89C3-45FE-8708-C2DB06212A2C}.Release|iPhone.Build.0 = Release|iPhone
		{9E199A12-89C3-45FE-8708-C2DB06212A2C}.Release|iPhone.Deploy.0 = Release|iPhone
		{9E199A12-89C3-45FE-8708-C2DB06212A2C}.Release|iPhoneSimulator.ActiveCfg = Release|iPhoneSimulator
		{9E199A12-89C3-45FE-8708-C2DB06212A2C}.Release|iPhoneSimulator.Build.0 = Release|iPhoneSimulator
		{9E199A12-89C3-45FE-8708-C2DB06212A2C}.Release|iPhoneSimulator.Deploy.0 = Release|iPhoneSimulator
		{9E199A12-89C3-45FE-8708-C2DB06212A2C}.Release|x64.ActiveCfg = Release|iPhone
		{9E199A12-89C3-45FE-8708-C2DB06212A2C}.Release|x64.Build.0 = Release|iPhone
		{9E199A12-89C3-45FE-8708-C2DB06212A2C}.Release|x64.Deploy.0 = Release|iPhone
		{9E199A12-89C3-45FE-8708-C2DB06212A2C}.Release|x86.ActiveCfg = Release|iPhone
		{9E199A12-89C3-45FE-8708-C2DB06212A2C}.Release|x86.Build.0 = Release|iPhone
		{9E199A12-89C3-45FE-8708-C2DB06212A2C}.Release|x86.Deploy.0 = Release|iPhone
		{DC4D7E0C-048D-43E6-9A22-D3115EF36F0B}.Ad-Hoc|Any CPU.ActiveCfg = Release|x86
		{DC4D7E0C-048D-43E6-9A22-D3115EF36F0B}.Ad-Hoc|Any CPU.Build.0 = Release|x86
		{DC4D7E0C-048D-43E6-9A22-D3115EF36F0B}.Ad-Hoc|Any CPU.Deploy.0 = Release|x86
		{DC4D7E0C-048D-43E6-9A22-D3115EF36F0B}.Ad-Hoc|ARM.ActiveCfg = Release|ARM
		{DC4D7E0C-048D-43E6-9A22-D3115EF36F0B}.Ad-Hoc|ARM.Build.0 = Release|ARM
		{DC4D7E0C-048D-43E6-9A22-D3115EF36F0B}.Ad-Hoc|ARM.Deploy.0 = Release|ARM
		{DC4D7E0C-048D-43E6-9A22-D3115EF36F0B}.Ad-Hoc|iPhone.ActiveCfg = Release|x86
		{DC4D7E0C-048D-43E6-9A22-D3115EF36F0B}.Ad-Hoc|iPhone.Build.0 = Release|x86
		{DC4D7E0C-048D-43E6-9A22-D3115EF36F0B}.Ad-Hoc|iPhone.Deploy.0 = Release|x86
		{DC4D7E0C-048D-43E6-9A22-D3115EF36F0B}.Ad-Hoc|iPhoneSimulator.ActiveCfg = Release|x86
		{DC4D7E0C-048D-43E6-9A22-D3115EF36F0B}.Ad-Hoc|iPhoneSimulator.Build.0 = Release|x86
		{DC4D7E0C-048D-43E6-9A22-D3115EF36F0B}.Ad-Hoc|iPhoneSimulator.Deploy.0 = Release|x86
		{DC4D7E0C-048D-43E6-9A22-D3115EF36F0B}.Ad-Hoc|x64.ActiveCfg = Release|x64
		{DC4D7E0C-048D-43E6-9A22-D3115EF36F0B}.Ad-Hoc|x64.Build.0 = Release|x64
		{DC4D7E0C-048D-43E6-9A22-D3115EF36F0B}.Ad-Hoc|x64.Deploy.0 = Release|x64
		{DC4D7E0C-048D-43E6-9A22-D3115EF36F0B}.Ad-Hoc|x86.ActiveCfg = Release|x86
		{DC4D7E0C-048D-43E6-9A22-D3115EF36F0B}.Ad-Hoc|x86.Build.0 = Release|x86
		{DC4D7E0C-048D-43E6-9A22-D3115EF36F0B}.Ad-Hoc|x86.Deploy.0 = Release|x86
		{DC4D7E0C-048D-43E6-9A22-D3115EF36F0B}.AppStore|Any CPU.ActiveCfg = Release|x86
		{DC4D7E0C-048D-43E6-9A22-D3115EF36F0B}.AppStore|Any CPU.Build.0 = Release|x86
		{DC4D7E0C-048D-43E6-9A22-D3115EF36F0B}.AppStore|Any CPU.Deploy.0 = Release|x86
		{DC4D7E0C-048D-43E6-9A22-D3115EF36F0B}.AppStore|ARM.ActiveCfg = Release|ARM
		{DC4D7E0C-048D-43E6-9A22-D3115EF36F0B}.AppStore|ARM.Build.0 = Release|ARM
		{DC4D7E0C-048D-43E6-9A22-D3115EF36F0B}.AppStore|ARM.Deploy.0 = Release|ARM
		{DC4D7E0C-048D-43E6-9A22-D3115EF36F0B}.AppStore|iPhone.ActiveCfg = Release|x86
		{DC4D7E0C-048D-43E6-9A22-D3115EF36F0B}.AppStore|iPhone.Build.0 = Release|x86
		{DC4D7E0C-048D-43E6-9A22-D3115EF36F0B}.AppStore|iPhone.Deploy.0 = Release|x86
		{DC4D7E0C-048D-43E6-9A22-D3115EF36F0B}.AppStore|iPhoneSimulator.ActiveCfg = Release|x86
		{DC4D7E0C-048D-43E6-9A22-D3115EF36F0B}.AppStore|iPhoneSimulator.Build.0 = Release|x86
		{DC4D7E0C-048D-43E6-9A22-D3115EF36F0B}.AppStore|iPhoneSimulator.Deploy.0 = Release|x86
		{DC4D7E0C-048D-43E6-9A22-D3115EF36F0B}.AppStore|x64.ActiveCfg = Release|x64
		{DC4D7E0C-048D-43E6-9A22-D3115EF36F0B}.AppStore|x64.Build.0 = Release|x64
		{DC4D7E0C-048D-43E6-9A22-D3115EF36F0B}.AppStore|x64.Deploy.0 = Release|x64
		{DC4D7E0C-048D-43E6-9A22-D3115EF36F0B}.AppStore|x86.ActiveCfg = Release|x86
		{DC4D7E0C-048D-43E6-9A22-D3115EF36F0B}.AppStore|x86.Build.0 = Release|x86
		{DC4D7E0C-048D-43E6-9A22-D3115EF36F0B}.AppStore|x86.Deploy.0 = Release|x86
		{DC4D7E0C-048D-43E6-9A22-D3115EF36F0B}.Debug|Any CPU.ActiveCfg = Debug|x86
		{DC4D7E0C-048D-43E6-9A22-D3115EF36F0B}.Debug|Any CPU.Build.0 = Debug|x86
		{DC4D7E0C-048D-43E6-9A22-D3115EF36F0B}.Debug|Any CPU.Deploy.0 = Debug|x86
		{DC4D7E0C-048D-43E6-9A22-D3115EF36F0B}.Debug|ARM.ActiveCfg = Debug|ARM
		{DC4D7E0C-048D-43E6-9A22-D3115EF36F0B}.Debug|ARM.Build.0 = Debug|ARM
		{DC4D7E0C-048D-43E6-9A22-D3115EF36F0B}.Debug|ARM.Deploy.0 = Debug|ARM
		{DC4D7E0C-048D-43E6-9A22-D3115EF36F0B}.Debug|iPhone.ActiveCfg = Debug|x86
		{DC4D7E0C-048D-43E6-9A22-D3115EF36F0B}.Debug|iPhone.Build.0 = Debug|x86
		{DC4D7E0C-048D-43E6-9A22-D3115EF36F0B}.Debug|iPhone.Deploy.0 = Debug|x86
		{DC4D7E0C-048D-43E6-9A22-D3115EF36F0B}.Debug|iPhoneSimulator.ActiveCfg = Debug|x86
		{DC4D7E0C-048D-43E6-9A22-D3115EF36F0B}.Debug|iPhoneSimulator.Build.0 = Debug|x86
		{DC4D7E0C-048D-43E6-9A22-D3115EF36F0B}.Debug|iPhoneSimulator.Deploy.0 = Debug|x86
		{DC4D7E0C-048D-43E6-9A22-D3115EF36F0B}.Debug|x64.ActiveCfg = Debug|x64
		{DC4D7E0C-048D-43E6-9A22-D3115EF36F0B}.Debug|x64.Build.0 = Debug|x64
		{DC4D7E0C-048D-43E6-9A22-D3115EF36F0B}.Debug|x64.Deploy.0 = Debug|x64
		{DC4D7E0C-048D-43E6-9A22-D3115EF36F0B}.Debug|x86.ActiveCfg = Debug|x86
		{DC4D7E0C-048D-43E6-9A22-D3115EF36F0B}.Debug|x86.Build.0 = Debug|x86
		{DC4D7E0C-048D-43E6-9A22-D3115EF36F0B}.Debug|x86.Deploy.0 = Debug|x86
		{DC4D7E0C-048D-43E6-9A22-D3115EF36F0B}.Release|Any CPU.ActiveCfg = Release|x86
		{DC4D7E0C-048D-43E6-9A22-D3115EF36F0B}.Release|Any CPU.Build.0 = Release|x86
		{DC4D7E0C-048D-43E6-9A22-D3115EF36F0B}.Release|Any CPU.Deploy.0 = Release|x86
		{DC4D7E0C-048D-43E6-9A22-D3115EF36F0B}.Release|ARM.ActiveCfg = Release|ARM
		{DC4D7E0C-048D-43E6-9A22-D3115EF36F0B}.Release|ARM.Build.0 = Release|ARM
		{DC4D7E0C-048D-43E6-9A22-D3115EF36F0B}.Release|ARM.Deploy.0 = Release|ARM
		{DC4D7E0C-048D-43E6-9A22-D3115EF36F0B}.Release|iPhone.ActiveCfg = Release|x86
		{DC4D7E0C-048D-43E6-9A22-D3115EF36F0B}.Release|iPhone.Build.0 = Release|x86
		{DC4D7E0C-048D-43E6-9A22-D3115EF36F0B}.Release|iPhone.Deploy.0 = Release|x86
		{DC4D7E0C-048D-43E6-9A22-D3115EF36F0B}.Release|iPhoneSimulator.ActiveCfg = Release|x86
		{DC4D7E0C-048D-43E6-9A22-D3115EF36F0B}.Release|iPhoneSimulator.Build.0 = Release|x86
		{DC4D7E0C-048D-43E6-9A22-D3115EF36F0B}.Release|iPhoneSimulator.Deploy.0 = Release|x86
		{DC4D7E0C-048D-43E6-9A22-D3115EF36F0B}.Release|x64.ActiveCfg = Release|x64
		{DC4D7E0C-048D-43E6-9A22-D3115EF36F0B}.Release|x64.Build.0 = Release|x64
		{DC4D7E0C-048D-43E6-9A22-D3115EF36F0B}.Release|x64.Deploy.0 = Release|x64
		{DC4D7E0C-048D-43E6-9A22-D3115EF36F0B}.Release|x86.ActiveCfg = Release|x86
		{DC4D7E0C-048D-43E6-9A22-D3115EF36F0B}.Release|x86.Build.0 = Release|x86
		{DC4D7E0C-048D-43E6-9A22-D3115EF36F0B}.Release|x86.Deploy.0 = Release|x86
		{2051F8D4-1CF3-45E3-9466-4896DB153E5D}.Ad-Hoc|Any CPU.ActiveCfg = Debug|Any CPU
		{2051F8D4-1CF3-45E3-9466-4896DB153E5D}.Ad-Hoc|Any CPU.Build.0 = Debug|Any CPU
		{2051F8D4-1CF3-45E3-9466-4896DB153E5D}.Ad-Hoc|Any CPU.Deploy.0 = Debug|Any CPU
		{2051F8D4-1CF3-45E3-9466-4896DB153E5D}.Ad-Hoc|ARM.ActiveCfg = Debug|Any CPU
		{2051F8D4-1CF3-45E3-9466-4896DB153E5D}.Ad-Hoc|ARM.Build.0 = Debug|Any CPU
		{2051F8D4-1CF3-45E3-9466-4896DB153E5D}.Ad-Hoc|ARM.Deploy.0 = Debug|Any CPU
		{2051F8D4-1CF3-45E3-9466-4896DB153E5D}.Ad-Hoc|iPhone.ActiveCfg = Debug|Any CPU
		{2051F8D4-1CF3-45E3-9466-4896DB153E5D}.Ad-Hoc|iPhone.Build.0 = Debug|Any CPU
		{2051F8D4-1CF3-45E3-9466-4896DB153E5D}.Ad-Hoc|iPhone.Deploy.0 = Debug|Any CPU
		{2051F8D4-1CF3-45E3-9466-4896DB153E5D}.Ad-Hoc|iPhoneSimulator.ActiveCfg = Debug|Any CPU
		{2051F8D4-1CF3-45E3-9466-4896DB153E5D}.Ad-Hoc|iPhoneSimulator.Build.0 = Debug|Any CPU
		{2051F8D4-1CF3-45E3-9466-4896DB153E5D}.Ad-Hoc|iPhoneSimulator.Deploy.0 = Debug|Any CPU
		{2051F8D4-1CF3-45E3-9466-4896DB153E5D}.Ad-Hoc|x64.ActiveCfg = Debug|Any CPU
		{2051F8D4-1CF3-45E3-9466-4896DB153E5D}.Ad-Hoc|x64.Build.0 = Debug|Any CPU
		{2051F8D4-1CF3-45E3-9466-4896DB153E5D}.Ad-Hoc|x64.Deploy.0 = Debug|Any CPU
		{2051F8D4-1CF3-45E3-9466-4896DB153E5D}.Ad-Hoc|x86.ActiveCfg = Debug|Any CPU
		{2051F8D4-1CF3-45E3-9466-4896DB153E5D}.Ad-Hoc|x86.Build.0 = Debug|Any CPU
		{2051F8D4-1CF3-45E3-9466-4896DB153E5D}.Ad-Hoc|x86.Deploy.0 = Debug|Any CPU
		{2051F8D4-1CF3-45E3-9466-4896DB153E5D}.AppStore|Any CPU.ActiveCfg = Debug|Any CPU
		{2051F8D4-1CF3-45E3-9466-4896DB153E5D}.AppStore|Any CPU.Build.0 = Debug|Any CPU
		{2051F8D4-1CF3-45E3-9466-4896DB153E5D}.AppStore|Any CPU.Deploy.0 = Debug|Any CPU
		{2051F8D4-1CF3-45E3-9466-4896DB153E5D}.AppStore|ARM.ActiveCfg = Debug|Any CPU
		{2051F8D4-1CF3-45E3-9466-4896DB153E5D}.AppStore|ARM.Build.0 = Debug|Any CPU
		{2051F8D4-1CF3-45E3-9466-4896DB153E5D}.AppStore|ARM.Deploy.0 = Debug|Any CPU
		{2051F8D4-1CF3-45E3-9466-4896DB153E5D}.AppStore|iPhone.ActiveCfg = Debug|Any CPU
		{2051F8D4-1CF3-45E3-9466-4896DB153E5D}.AppStore|iPhone.Build.0 = Debug|Any CPU
		{2051F8D4-1CF3-45E3-9466-4896DB153E5D}.AppStore|iPhone.Deploy.0 = Debug|Any CPU
		{2051F8D4-1CF3-45E3-9466-4896DB153E5D}.AppStore|iPhoneSimulator.ActiveCfg = Debug|Any CPU
		{2051F8D4-1CF3-45E3-9466-4896DB153E5D}.AppStore|iPhoneSimulator.Build.0 = Debug|Any CPU
		{2051F8D4-1CF3-45E3-9466-4896DB153E5D}.AppStore|iPhoneSimulator.Deploy.0 = Debug|Any CPU
		{2051F8D4-1CF3-45E3-9466-4896DB153E5D}.AppStore|x64.ActiveCfg = Debug|Any CPU
		{2051F8D4-1CF3-45E3-9466-4896DB153E5D}.AppStore|x64.Build.0 = Debug|Any CPU
		{2051F8D4-1CF3-45E3-9466-4896DB153E5D}.AppStore|x64.Deploy.0 = Debug|Any CPU
		{2051F8D4-1CF3-45E3-9466-4896DB153E5D}.AppStore|x86.ActiveCfg = Debug|Any CPU
		{2051F8D4-1CF3-45E3-9466-4896DB153E5D}.AppStore|x86.Build.0 = Debug|Any CPU
		{2051F8D4-1CF3-45E3-9466-4896DB153E5D}.AppStore|x86.Deploy.0 = Debug|Any CPU
		{2051F8D4-1CF3-45E3-9466-4896DB153E5D}.Debug|Any CPU.ActiveCfg = Debug|Any CPU
		{2051F8D4-1CF3-45E3-9466-4896DB153E5D}.Debug|Any CPU.Build.0 = Debug|Any CPU
		{2051F8D4-1CF3-45E3-9466-4896DB153E5D}.Debug|Any CPU.Deploy.0 = Debug|Any CPU
		{2051F8D4-1CF3-45E3-9466-4896DB153E5D}.Debug|ARM.ActiveCfg = Debug|Any CPU
		{2051F8D4-1CF3-45E3-9466-4896DB153E5D}.Debug|ARM.Build.0 = Debug|Any CPU
		{2051F8D4-1CF3-45E3-9466-4896DB153E5D}.Debug|ARM.Deploy.0 = Debug|Any CPU
		{2051F8D4-1CF3-45E3-9466-4896DB153E5D}.Debug|iPhone.ActiveCfg = Debug|Any CPU
		{2051F8D4-1CF3-45E3-9466-4896DB153E5D}.Debug|iPhone.Build.0 = Debug|Any CPU
		{2051F8D4-1CF3-45E3-9466-4896DB153E5D}.Debug|iPhone.Deploy.0 = Debug|Any CPU
		{2051F8D4-1CF3-45E3-9466-4896DB153E5D}.Debug|iPhoneSimulator.ActiveCfg = Debug|Any CPU
		{2051F8D4-1CF3-45E3-9466-4896DB153E5D}.Debug|iPhoneSimulator.Build.0 = Debug|Any CPU
		{2051F8D4-1CF3-45E3-9466-4896DB153E5D}.Debug|iPhoneSimulator.Deploy.0 = Debug|Any CPU
		{2051F8D4-1CF3-45E3-9466-4896DB153E5D}.Debug|x64.ActiveCfg = Debug|Any CPU
		{2051F8D4-1CF3-45E3-9466-4896DB153E5D}.Debug|x64.Build.0 = Debug|Any CPU
		{2051F8D4-1CF3-45E3-9466-4896DB153E5D}.Debug|x64.Deploy.0 = Debug|Any CPU
		{2051F8D4-1CF3-45E3-9466-4896DB153E5D}.Debug|x86.ActiveCfg = Debug|Any CPU
		{2051F8D4-1CF3-45E3-9466-4896DB153E5D}.Debug|x86.Build.0 = Debug|Any CPU
		{2051F8D4-1CF3-45E3-9466-4896DB153E5D}.Debug|x86.Deploy.0 = Debug|Any CPU
		{2051F8D4-1CF3-45E3-9466-4896DB153E5D}.Release|Any CPU.ActiveCfg = Release|Any CPU
		{2051F8D4-1CF3-45E3-9466-4896DB153E5D}.Release|Any CPU.Build.0 = Release|Any CPU
		{2051F8D4-1CF3-45E3-9466-4896DB153E5D}.Release|Any CPU.Deploy.0 = Release|Any CPU
		{2051F8D4-1CF3-45E3-9466-4896DB153E5D}.Release|ARM.ActiveCfg = Release|Any CPU
		{2051F8D4-1CF3-45E3-9466-4896DB153E5D}.Release|ARM.Build.0 = Release|Any CPU
		{2051F8D4-1CF3-45E3-9466-4896DB153E5D}.Release|ARM.Deploy.0 = Release|Any CPU
		{2051F8D4-1CF3-45E3-9466-4896DB153E5D}.Release|iPhone.ActiveCfg = Release|Any CPU
		{2051F8D4-1CF3-45E3-9466-4896DB153E5D}.Release|iPhone.Build.0 = Release|Any CPU
		{2051F8D4-1CF3-45E3-9466-4896DB153E5D}.Release|iPhone.Deploy.0 = Release|Any CPU
		{2051F8D4-1CF3-45E3-9466-4896DB153E5D}.Release|iPhoneSimulator.ActiveCfg = Release|Any CPU
		{2051F8D4-1CF3-45E3-9466-4896DB153E5D}.Release|iPhoneSimulator.Build.0 = Release|Any CPU
		{2051F8D4-1CF3-45E3-9466-4896DB153E5D}.Release|iPhoneSimulator.Deploy.0 = Release|Any CPU
		{2051F8D4-1CF3-45E3-9466-4896DB153E5D}.Release|x64.ActiveCfg = Release|Any CPU
		{2051F8D4-1CF3-45E3-9466-4896DB153E5D}.Release|x64.Build.0 = Release|Any CPU
		{2051F8D4-1CF3-45E3-9466-4896DB153E5D}.Release|x64.Deploy.0 = Release|Any CPU
		{2051F8D4-1CF3-45E3-9466-4896DB153E5D}.Release|x86.ActiveCfg = Release|Any CPU
		{2051F8D4-1CF3-45E3-9466-4896DB153E5D}.Release|x86.Build.0 = Release|Any CPU
		{2051F8D4-1CF3-45E3-9466-4896DB153E5D}.Release|x86.Deploy.0 = Release|Any CPU
	EndGlobalSection
	GlobalSection(SolutionProperties) = preSolution
		HideSolutionNode = FALSE
	EndGlobalSection
	GlobalSection(ExtensibilityGlobals) = postSolution
		SolutionGuid = {7CAB5C1F-4348-407C-8F77-789D0B63B02C}
	EndGlobalSection
EndGlobal
