
Microsoft Visual Studio Solution File, Format Version 12.00
# Visual Studio 15
VisualStudioVersion = 15.0.28307.136
MinimumVisualStudioVersion = 10.0.40219.1
Project("{FAE04EC0-301F-11D3-BF4B-00C04F79EFBC}") = "App2_ListaBrasil.Android", "App2_ListaBrasil\App2_ListaBrasil.Android\App2_ListaBrasil.Android.csproj", "{6BBBDCC7-C9BE-4B22-AA2A-0148FFDFBBDE}"
EndProject
Project("{FAE04EC0-301F-11D3-BF4B-00C04F79EFBC}") = "App2_ListaBrasil.iOS", "App2_ListaBrasil\App2_ListaBrasil.iOS\App2_ListaBrasil.iOS.csproj", "{9475C4AE-52FD-46BA-AE10-FEE8665DABB6}"
EndProject
Project("{FAE04EC0-301F-11D3-BF4B-00C04F79EFBC}") = "App2_ListaBrasil.UWP", "App2_ListaBrasil\App2_ListaBrasil.UWP\App2_ListaBrasil.UWP.csproj", "{8D2FE836-4D87-410A-8DCC-A42DB839EA4B}"
EndProject
Project("{FAE04EC0-301F-11D3-BF4B-00C04F79EFBC}") = "App2_ListaBrasil", "App2_ListaBrasil\App2_ListaBrasil\App2_ListaBrasil.csproj", "{C4D0E911-31ED-4DCB-A5D5-C5F50C976FBC}"
EndProject
Global
	GlobalSection(SolutionConfigurationPlatforms) = preSolution
		Ad-Hoc|Any CPU = Ad-Hoc|Any CPU
		Ad-Hoc|ARM = Ad-Hoc|ARM
		Ad-Hoc|iPhone = Ad-Hoc|iPhone
		Ad-Hoc|iPhoneSimulator = Ad-Hoc|iPhoneSimulator
		Ad-Hoc|x64 = Ad-Hoc|x64
		Ad-Hoc|x86 = Ad-Hoc|x86
		AppStore|Any CPU = AppStore|Any CPU
		AppStore|ARM = AppStore|ARM
		AppStore|iPhone = AppStore|iPhone
		AppStore|iPhoneSimulator = AppStore|iPhoneSimulator
		AppStore|x64 = AppStore|x64
		AppStore|x86 = AppStore|x86
		Debug|Any CPU = Debug|Any CPU
		Debug|ARM = Debug|ARM
		Debug|iPhone = Debug|iPhone
		Debug|iPhoneSimulator = Debug|iPhoneSimulator
		Debug|x64 = Debug|x64
		Debug|x86 = Debug|x86
		Release|Any CPU = Release|Any CPU
		Release|ARM = Release|ARM
		Release|iPhone = Release|iPhone
		Release|iPhoneSimulator = Release|iPhoneSimulator
		Release|x64 = Release|x64
		Release|x86 = Release|x86
	EndGlobalSection
	GlobalSection(ProjectConfigurationPlatforms) = postSolution
		{6BBBDCC7-C9BE-4B22-AA2A-0148FFDFBBDE}.Ad-Hoc|Any CPU.ActiveCfg = Release|Any CPU
		{6BBBDCC7-C9BE-4B22-AA2A-0148FFDFBBDE}.Ad-Hoc|Any CPU.Build.0 = Release|Any CPU
		{6BBBDCC7-C9BE-4B22-AA2A-0148FFDFBBDE}.Ad-Hoc|Any CPU.Deploy.0 = Release|Any CPU
		{6BBBDCC7-C9BE-4B22-AA2A-0148FFDFBBDE}.Ad-Hoc|ARM.ActiveCfg = Release|Any CPU
		{6BBBDCC7-C9BE-4B22-AA2A-0148FFDFBBDE}.Ad-Hoc|ARM.Build.0 = Release|Any CPU
		{6BBBDCC7-C9BE-4B22-AA2A-0148FFDFBBDE}.Ad-Hoc|ARM.Deploy.0 = Release|Any CPU
		{6BBBDCC7-C9BE-4B22-AA2A-0148FFDFBBDE}.Ad-Hoc|iPhone.ActiveCfg = Release|Any CPU
		{6BBBDCC7-C9BE-4B22-AA2A-0148FFDFBBDE}.Ad-Hoc|iPhone.Build.0 = Release|Any CPU
		{6BBBDCC7-C9BE-4B22-AA2A-0148FFDFBBDE}.Ad-Hoc|iPhone.Deploy.0 = Release|Any CPU
		{6BBBDCC7-C9BE-4B22-AA2A-0148FFDFBBDE}.Ad-Hoc|iPhoneSimulator.ActiveCfg = Release|Any CPU
		{6BBBDCC7-C9BE-4B22-AA2A-0148FFDFBBDE}.Ad-Hoc|iPhoneSimulator.Build.0 = Release|Any CPU
		{6BBBDCC7-C9BE-4B22-AA2A-0148FFDFBBDE}.Ad-Hoc|iPhoneSimulator.Deploy.0 = Release|Any CPU
		{6BBBDCC7-C9BE-4B22-AA2A-0148FFDFBBDE}.Ad-Hoc|x64.ActiveCfg = Release|Any CPU
		{6BBBDCC7-C9BE-4B22-AA2A-0148FFDFBBDE}.Ad-Hoc|x64.Build.0 = Release|Any CPU
		{6BBBDCC7-C9BE-4B22-AA2A-0148FFDFBBDE}.Ad-Hoc|x64.Deploy.0 = Release|Any CPU
		{6BBBDCC7-C9BE-4B22-AA2A-0148FFDFBBDE}.Ad-Hoc|x86.ActiveCfg = Release|Any CPU
		{6BBBDCC7-C9BE-4B22-AA2A-0148FFDFBBDE}.Ad-Hoc|x86.Build.0 = Release|Any CPU
		{6BBBDCC7-C9BE-4B22-AA2A-0148FFDFBBDE}.Ad-Hoc|x86.Deploy.0 = Release|Any CPU
		{6BBBDCC7-C9BE-4B22-AA2A-0148FFDFBBDE}.AppStore|Any CPU.ActiveCfg = Release|Any CPU
		{6BBBDCC7-C9BE-4B22-AA2A-0148FFDFBBDE}.AppStore|Any CPU.Build.0 = Release|Any CPU
		{6BBBDCC7-C9BE-4B22-AA2A-0148FFDFBBDE}.AppStore|Any CPU.Deploy.0 = Release|Any CPU
		{6BBBDCC7-C9BE-4B22-AA2A-0148FFDFBBDE}.AppStore|ARM.ActiveCfg = Release|Any CPU
		{6BBBDCC7-C9BE-4B22-AA2A-0148FFDFBBDE}.AppStore|ARM.Build.0 = Release|Any CPU
		{6BBBDCC7-C9BE-4B22-AA2A-0148FFDFBBDE}.AppStore|ARM.Deploy.0 = Release|Any CPU
		{6BBBDCC7-C9BE-4B22-AA2A-0148FFDFBBDE}.AppStore|iPhone.ActiveCfg = Release|Any CPU
		{6BBBDCC7-C9BE-4B22-AA2A-0148FFDFBBDE}.AppStore|iPhone.Build.0 = Release|Any CPU
		{6BBBDCC7-C9BE-4B22-AA2A-0148FFDFBBDE}.AppStore|iPhone.Deploy.0 = Release|Any CPU
		{6BBBDCC7-C9BE-4B22-AA2A-0148FFDFBBDE}.AppStore|iPhoneSimulator.ActiveCfg = Release|Any CPU
		{6BBBDCC7-C9BE-4B22-AA2A-0148FFDFBBDE}.AppStore|iPhoneSimulator.Build.0 = Release|Any CPU
		{6BBBDCC7-C9BE-4B22-AA2A-0148FFDFBBDE}.AppStore|iPhoneSimulator.Deploy.0 = Release|Any CPU
		{6BBBDCC7-C9BE-4B22-AA2A-0148FFDFBBDE}.AppStore|x64.ActiveCfg = Release|Any CPU
		{6BBBDCC7-C9BE-4B22-AA2A-0148FFDFBBDE}.AppStore|x64.Build.0 = Release|Any CPU
		{6BBBDCC7-C9BE-4B22-AA2A-0148FFDFBBDE}.AppStore|x64.Deploy.0 = Release|Any CPU
		{6BBBDCC7-C9BE-4B22-AA2A-0148FFDFBBDE}.AppStore|x86.ActiveCfg = Release|Any CPU
		{6BBBDCC7-C9BE-4B22-AA2A-0148FFDFBBDE}.AppStore|x86.Build.0 = Release|Any CPU
		{6BBBDCC7-C9BE-4B22-AA2A-0148FFDFBBDE}.AppStore|x86.Deploy.0 = Release|Any CPU
		{6BBBDCC7-C9BE-4B22-AA2A-0148FFDFBBDE}.Debug|Any CPU.ActiveCfg = Debug|Any CPU
		{6BBBDCC7-C9BE-4B22-AA2A-0148FFDFBBDE}.Debug|Any CPU.Build.0 = Debug|Any CPU
		{6BBBDCC7-C9BE-4B22-AA2A-0148FFDFBBDE}.Debug|Any CPU.Deploy.0 = Debug|Any CPU
		{6BBBDCC7-C9BE-4B22-AA2A-0148FFDFBBDE}.Debug|ARM.ActiveCfg = Debug|Any CPU
		{6BBBDCC7-C9BE-4B22-AA2A-0148FFDFBBDE}.Debug|ARM.Build.0 = Debug|Any CPU
		{6BBBDCC7-C9BE-4B22-AA2A-0148FFDFBBDE}.Debug|ARM.Deploy.0 = Debug|Any CPU
		{6BBBDCC7-C9BE-4B22-AA2A-0148FFDFBBDE}.Debug|iPhone.ActiveCfg = Debug|Any CPU
		{6BBBDCC7-C9BE-4B22-AA2A-0148FFDFBBDE}.Debug|iPhone.Build.0 = Debug|Any CPU
		{6BBBDCC7-C9BE-4B22-AA2A-0148FFDFBBDE}.Debug|iPhone.Deploy.0 = Debug|Any CPU
		{6BBBDCC7-C9BE-4B22-AA2A-0148FFDFBBDE}.Debug|iPhoneSimulator.ActiveCfg = Debug|Any CPU
		{6BBBDCC7-C9BE-4B22-AA2A-0148FFDFBBDE}.Debug|iPhoneSimulator.Build.0 = Debug|Any CPU
		{6BBBDCC7-C9BE-4B22-AA2A-0148FFDFBBDE}.Debug|iPhoneSimulator.Deploy.0 = Debug|Any CPU
		{6BBBDCC7-C9BE-4B22-AA2A-0148FFDFBBDE}.Debug|x64.ActiveCfg = Debug|Any CPU
		{6BBBDCC7-C9BE-4B22-AA2A-0148FFDFBBDE}.Debug|x64.Build.0 = Debug|Any CPU
		{6BBBDCC7-C9BE-4B22-AA2A-0148FFDFBBDE}.Debug|x64.Deploy.0 = Debug|Any CPU
		{6BBBDCC7-C9BE-4B22-AA2A-0148FFDFBBDE}.Debug|x86.ActiveCfg = Debug|Any CPU
		{6BBBDCC7-C9BE-4B22-AA2A-0148FFDFBBDE}.Debug|x86.Build.0 = Debug|Any CPU
		{6BBBDCC7-C9BE-4B22-AA2A-0148FFDFBBDE}.Debug|x86.Deploy.0 = Debug|Any CPU
		{6BBBDCC7-C9BE-4B22-AA2A-0148FFDFBBDE}.Release|Any CPU.ActiveCfg = Release|Any CPU
		{6BBBDCC7-C9BE-4B22-AA2A-0148FFDFBBDE}.Release|Any CPU.Build.0 = Release|Any CPU
		{6BBBDCC7-C9BE-4B22-AA2A-0148FFDFBBDE}.Release|Any CPU.Deploy.0 = Release|Any CPU
		{6BBBDCC7-C9BE-4B22-AA2A-0148FFDFBBDE}.Release|ARM.ActiveCfg = Release|Any CPU
		{6BBBDCC7-C9BE-4B22-AA2A-0148FFDFBBDE}.Release|ARM.Build.0 = Release|Any CPU
		{6BBBDCC7-C9BE-4B22-AA2A-0148FFDFBBDE}.Release|ARM.Deploy.0 = Release|Any CPU
		{6BBBDCC7-C9BE-4B22-AA2A-0148FFDFBBDE}.Release|iPhone.ActiveCfg = Release|Any CPU
		{6BBBDCC7-C9BE-4B22-AA2A-0148FFDFBBDE}.Release|iPhone.Build.0 = Release|Any CPU
		{6BBBDCC7-C9BE-4B22-AA2A-0148FFDFBBDE}.Release|iPhone.Deploy.0 = Release|Any CPU
		{6BBBDCC7-C9BE-4B22-AA2A-0148FFDFBBDE}.Release|iPhoneSimulator.ActiveCfg = Release|Any CPU
		{6BBBDCC7-C9BE-4B22-AA2A-0148FFDFBBDE}.Release|iPhoneSimulator.Build.0 = Release|Any CPU
		{6BBBDCC7-C9BE-4B22-AA2A-0148FFDFBBDE}.Release|iPhoneSimulator.Deploy.0 = Release|Any CPU
		{6BBBDCC7-C9BE-4B22-AA2A-0148FFDFBBDE}.Release|x64.ActiveCfg = Release|Any CPU
		{6BBBDCC7-C9BE-4B22-AA2A-0148FFDFBBDE}.Release|x64.Build.0 = Release|Any CPU
		{6BBBDCC7-C9BE-4B22-AA2A-0148FFDFBBDE}.Release|x64.Deploy.0 = Release|Any CPU
		{6BBBDCC7-C9BE-4B22-AA2A-0148FFDFBBDE}.Release|x86.ActiveCfg = Release|Any CPU
		{6BBBDCC7-C9BE-4B22-AA2A-0148FFDFBBDE}.Release|x86.Build.0 = Release|Any CPU
		{6BBBDCC7-C9BE-4B22-AA2A-0148FFDFBBDE}.Release|x86.Deploy.0 = Release|Any CPU
		{9475C4AE-52FD-46BA-AE10-FEE8665DABB6}.Ad-Hoc|Any CPU.ActiveCfg = Ad-Hoc|iPhone
		{9475C4AE-52FD-46BA-AE10-FEE8665DABB6}.Ad-Hoc|Any CPU.Build.0 = Ad-Hoc|iPhone
		{9475C4AE-52FD-46BA-AE10-FEE8665DABB6}.Ad-Hoc|Any CPU.Deploy.0 = Ad-Hoc|iPhone
		{9475C4AE-52FD-46BA-AE10-FEE8665DABB6}.Ad-Hoc|ARM.ActiveCfg = Ad-Hoc|iPhone
		{9475C4AE-52FD-46BA-AE10-FEE8665DABB6}.Ad-Hoc|ARM.Build.0 = Ad-Hoc|iPhone
		{9475C4AE-52FD-46BA-AE10-FEE8665DABB6}.Ad-Hoc|ARM.Deploy.0 = Ad-Hoc|iPhone
		{9475C4AE-52FD-46BA-AE10-FEE8665DABB6}.Ad-Hoc|iPhone.ActiveCfg = Ad-Hoc|iPhone
		{9475C4AE-52FD-46BA-AE10-FEE8665DABB6}.Ad-Hoc|iPhone.Build.0 = Ad-Hoc|iPhone
		{9475C4AE-52FD-46BA-AE10-FEE8665DABB6}.Ad-Hoc|iPhone.Deploy.0 = Ad-Hoc|iPhone
		{9475C4AE-52FD-46BA-AE10-FEE8665DABB6}.Ad-Hoc|iPhoneSimulator.ActiveCfg = Ad-Hoc|iPhoneSimulator
		{9475C4AE-52FD-46BA-AE10-FEE8665DABB6}.Ad-Hoc|iPhoneSimulator.Build.0 = Ad-Hoc|iPhoneSimulator
		{9475C4AE-52FD-46BA-AE10-FEE8665DABB6}.Ad-Hoc|iPhoneSimulator.Deploy.0 = Ad-Hoc|iPhoneSimulator
		{9475C4AE-52FD-46BA-AE10-FEE8665DABB6}.Ad-Hoc|x64.ActiveCfg = Ad-Hoc|iPhone
		{9475C4AE-52FD-46BA-AE10-FEE8665DABB6}.Ad-Hoc|x64.Build.0 = Ad-Hoc|iPhone
		{9475C4AE-52FD-46BA-AE10-FEE8665DABB6}.Ad-Hoc|x64.Deploy.0 = Ad-Hoc|iPhone
		{9475C4AE-52FD-46BA-AE10-FEE8665DABB6}.Ad-Hoc|x86.ActiveCfg = Ad-Hoc|iPhone
		{9475C4AE-52FD-46BA-AE10-FEE8665DABB6}.Ad-Hoc|x86.Build.0 = Ad-Hoc|iPhone
		{9475C4AE-52FD-46BA-AE10-FEE8665DABB6}.Ad-Hoc|x86.Deploy.0 = Ad-Hoc|iPhone
		{9475C4AE-52FD-46BA-AE10-FEE8665DABB6}.AppStore|Any CPU.ActiveCfg = AppStore|iPhone
		{9475C4AE-52FD-46BA-AE10-FEE8665DABB6}.AppStore|Any CPU.Build.0 = AppStore|iPhone
		{9475C4AE-52FD-46BA-AE10-FEE8665DABB6}.AppStore|Any CPU.Deploy.0 = AppStore|iPhone
		{9475C4AE-52FD-46BA-AE10-FEE8665DABB6}.AppStore|ARM.ActiveCfg = AppStore|iPhone
		{9475C4AE-52FD-46BA-AE10-FEE8665DABB6}.AppStore|ARM.Build.0 = AppStore|iPhone
		{9475C4AE-52FD-46BA-AE10-FEE8665DABB6}.AppStore|ARM.Deploy.0 = AppStore|iPhone
		{9475C4AE-52FD-46BA-AE10-FEE8665DABB6}.AppStore|iPhone.ActiveCfg = AppStore|iPhone
		{9475C4AE-52FD-46BA-AE10-FEE8665DABB6}.AppStore|iPhone.Build.0 = AppStore|iPhone
		{9475C4AE-52FD-46BA-AE10-FEE8665DABB6}.AppStore|iPhone.Deploy.0 = AppStore|iPhone
		{9475C4AE-52FD-46BA-AE10-FEE8665DABB6}.AppStore|iPhoneSimulator.ActiveCfg = AppStore|iPhoneSimulator
		{9475C4AE-52FD-46BA-AE10-FEE8665DABB6}.AppStore|iPhoneSimulator.Build.0 = AppStore|iPhoneSimulator
		{9475C4AE-52FD-46BA-AE10-FEE8665DABB6}.AppStore|iPhoneSimulator.Deploy.0 = AppStore|iPhoneSimulator
		{9475C4AE-52FD-46BA-AE10-FEE8665DABB6}.AppStore|x64.ActiveCfg = AppStore|iPhone
		{9475C4AE-52FD-46BA-AE10-FEE8665DABB6}.AppStore|x64.Build.0 = AppStore|iPhone
		{9475C4AE-52FD-46BA-AE10-FEE8665DABB6}.AppStore|x64.Deploy.0 = AppStore|iPhone
		{9475C4AE-52FD-46BA-AE10-FEE8665DABB6}.AppStore|x86.ActiveCfg = AppStore|iPhone
		{9475C4AE-52FD-46BA-AE10-FEE8665DABB6}.AppStore|x86.Build.0 = AppStore|iPhone
		{9475C4AE-52FD-46BA-AE10-FEE8665DABB6}.AppStore|x86.Deploy.0 = AppStore|iPhone
		{9475C4AE-52FD-46BA-AE10-FEE8665DABB6}.Debug|Any CPU.ActiveCfg = Debug|iPhoneSimulator
		{9475C4AE-52FD-46BA-AE10-FEE8665DABB6}.Debug|Any CPU.Build.0 = Debug|iPhoneSimulator
		{9475C4AE-52FD-46BA-AE10-FEE8665DABB6}.Debug|Any CPU.Deploy.0 = Debug|iPhoneSimulator
		{9475C4AE-52FD-46BA-AE10-FEE8665DABB6}.Debug|ARM.ActiveCfg = Debug|iPhone
		{9475C4AE-52FD-46BA-AE10-FEE8665DABB6}.Debug|ARM.Build.0 = Debug|iPhone
		{9475C4AE-52FD-46BA-AE10-FEE8665DABB6}.Debug|ARM.Deploy.0 = Debug|iPhone
		{9475C4AE-52FD-46BA-AE10-FEE8665DABB6}.Debug|iPhone.ActiveCfg = Debug|iPhone
		{9475C4AE-52FD-46BA-AE10-FEE8665DABB6}.Debug|iPhone.Build.0 = Debug|iPhone
		{9475C4AE-52FD-46BA-AE10-FEE8665DABB6}.Debug|iPhone.Deploy.0 = Debug|iPhone
		{9475C4AE-52FD-46BA-AE10-FEE8665DABB6}.Debug|iPhoneSimulator.ActiveCfg = Debug|iPhoneSimulator
		{9475C4AE-52FD-46BA-AE10-FEE8665DABB6}.Debug|iPhoneSimulator.Build.0 = Debug|iPhoneSimulator
		{9475C4AE-52FD-46BA-AE10-FEE8665DABB6}.Debug|iPhoneSimulator.Deploy.0 = Debug|iPhoneSimulator
		{9475C4AE-52FD-46BA-AE10-FEE8665DABB6}.Debug|x64.ActiveCfg = Debug|iPhone
		{9475C4AE-52FD-46BA-AE10-FEE8665DABB6}.Debug|x64.Build.0 = Debug|iPhone
		{9475C4AE-52FD-46BA-AE10-FEE8665DABB6}.Debug|x64.Deploy.0 = Debug|iPhone
		{9475C4AE-52FD-46BA-AE10-FEE8665DABB6}.Debug|x86.ActiveCfg = Debug|iPhone
		{9475C4AE-52FD-46BA-AE10-FEE8665DABB6}.Debug|x86.Build.0 = Debug|iPhone
		{9475C4AE-52FD-46BA-AE10-FEE8665DABB6}.Debug|x86.Deploy.0 = Debug|iPhone
		{9475C4AE-52FD-46BA-AE10-FEE8665DABB6}.Release|Any CPU.ActiveCfg = Release|iPhone
		{9475C4AE-52FD-46BA-AE10-FEE8665DABB6}.Release|Any CPU.Build.0 = Release|iPhone
		{9475C4AE-52FD-46BA-AE10-FEE8665DABB6}.Release|Any CPU.Deploy.0 = Release|iPhone
		{9475C4AE-52FD-46BA-AE10-FEE8665DABB6}.Release|ARM.ActiveCfg = Release|iPhone
		{9475C4AE-52FD-46BA-AE10-FEE8665DABB6}.Release|ARM.Build.0 = Release|iPhone
		{9475C4AE-52FD-46BA-AE10-FEE8665DABB6}.Release|ARM.Deploy.0 = Release|iPhone
		{9475C4AE-52FD-46BA-AE10-FEE8665DABB6}.Release|iPhone.ActiveCfg = Release|iPhone
		{9475C4AE-52FD-46BA-AE10-FEE8665DABB6}.Release|iPhone.Build.0 = Release|iPhone
		{9475C4AE-52FD-46BA-AE10-FEE8665DABB6}.Release|iPhone.Deploy.0 = Release|iPhone
		{9475C4AE-52FD-46BA-AE10-FEE8665DABB6}.Release|iPhoneSimulator.ActiveCfg = Release|iPhoneSimulator
		{9475C4AE-52FD-46BA-AE10-FEE8665DABB6}.Release|iPhoneSimulator.Build.0 = Release|iPhoneSimulator
		{9475C4AE-52FD-46BA-AE10-FEE8665DABB6}.Release|iPhoneSimulator.Deploy.0 = Release|iPhoneSimulator
		{9475C4AE-52FD-46BA-AE10-FEE8665DABB6}.Release|x64.ActiveCfg = Release|iPhone
		{9475C4AE-52FD-46BA-AE10-FEE8665DABB6}.Release|x64.Build.0 = Release|iPhone
		{9475C4AE-52FD-46BA-AE10-FEE8665DABB6}.Release|x64.Deploy.0 = Release|iPhone
		{9475C4AE-52FD-46BA-AE10-FEE8665DABB6}.Release|x86.ActiveCfg = Release|iPhone
		{9475C4AE-52FD-46BA-AE10-FEE8665DABB6}.Release|x86.Build.0 = Release|iPhone
		{9475C4AE-52FD-46BA-AE10-FEE8665DABB6}.Release|x86.Deploy.0 = Release|iPhone
		{8D2FE836-4D87-410A-8DCC-A42DB839EA4B}.Ad-Hoc|Any CPU.ActiveCfg = Release|x86
		{8D2FE836-4D87-410A-8DCC-A42DB839EA4B}.Ad-Hoc|Any CPU.Build.0 = Release|x86
		{8D2FE836-4D87-410A-8DCC-A42DB839EA4B}.Ad-Hoc|Any CPU.Deploy.0 = Release|x86
		{8D2FE836-4D87-410A-8DCC-A42DB839EA4B}.Ad-Hoc|ARM.ActiveCfg = Release|ARM
		{8D2FE836-4D87-410A-8DCC-A42DB839EA4B}.Ad-Hoc|ARM.Build.0 = Release|ARM
		{8D2FE836-4D87-410A-8DCC-A42DB839EA4B}.Ad-Hoc|ARM.Deploy.0 = Release|ARM
		{8D2FE836-4D87-410A-8DCC-A42DB839EA4B}.Ad-Hoc|iPhone.ActiveCfg = Release|x86
		{8D2FE836-4D87-410A-8DCC-A42DB839EA4B}.Ad-Hoc|iPhone.Build.0 = Release|x86
		{8D2FE836-4D87-410A-8DCC-A42DB839EA4B}.Ad-Hoc|iPhone.Deploy.0 = Release|x86
		{8D2FE836-4D87-410A-8DCC-A42DB839EA4B}.Ad-Hoc|iPhoneSimulator.ActiveCfg = Release|x86
		{8D2FE836-4D87-410A-8DCC-A42DB839EA4B}.Ad-Hoc|iPhoneSimulator.Build.0 = Release|x86
		{8D2FE836-4D87-410A-8DCC-A42DB839EA4B}.Ad-Hoc|iPhoneSimulator.Deploy.0 = Release|x86
		{8D2FE836-4D87-410A-8DCC-A42DB839EA4B}.Ad-Hoc|x64.ActiveCfg = Release|x64
		{8D2FE836-4D87-410A-8DCC-A42DB839EA4B}.Ad-Hoc|x64.Build.0 = Release|x64
		{8D2FE836-4D87-410A-8DCC-A42DB839EA4B}.Ad-Hoc|x64.Deploy.0 = Release|x64
		{8D2FE836-4D87-410A-8DCC-A42DB839EA4B}.Ad-Hoc|x86.ActiveCfg = Release|x86
		{8D2FE836-4D87-410A-8DCC-A42DB839EA4B}.Ad-Hoc|x86.Build.0 = Release|x86
		{8D2FE836-4D87-410A-8DCC-A42DB839EA4B}.Ad-Hoc|x86.Deploy.0 = Release|x86
		{8D2FE836-4D87-410A-8DCC-A42DB839EA4B}.AppStore|Any CPU.ActiveCfg = Release|x86
		{8D2FE836-4D87-410A-8DCC-A42DB839EA4B}.AppStore|Any CPU.Build.0 = Release|x86
		{8D2FE836-4D87-410A-8DCC-A42DB839EA4B}.AppStore|Any CPU.Deploy.0 = Release|x86
		{8D2FE836-4D87-410A-8DCC-A42DB839EA4B}.AppStore|ARM.ActiveCfg = Release|ARM
		{8D2FE836-4D87-410A-8DCC-A42DB839EA4B}.AppStore|ARM.Build.0 = Release|ARM
		{8D2FE836-4D87-410A-8DCC-A42DB839EA4B}.AppStore|ARM.Deploy.0 = Release|ARM
		{8D2FE836-4D87-410A-8DCC-A42DB839EA4B}.AppStore|iPhone.ActiveCfg = Release|x86
		{8D2FE836-4D87-410A-8DCC-A42DB839EA4B}.AppStore|iPhone.Build.0 = Release|x86
		{8D2FE836-4D87-410A-8DCC-A42DB839EA4B}.AppStore|iPhone.Deploy.0 = Release|x86
		{8D2FE836-4D87-410A-8DCC-A42DB839EA4B}.AppStore|iPhoneSimulator.ActiveCfg = Release|x86
		{8D2FE836-4D87-410A-8DCC-A42DB839EA4B}.AppStore|iPhoneSimulator.Build.0 = Release|x86
		{8D2FE836-4D87-410A-8DCC-A42DB839EA4B}.AppStore|iPhoneSimulator.Deploy.0 = Release|x86
		{8D2FE836-4D87-410A-8DCC-A42DB839EA4B}.AppStore|x64.ActiveCfg = Release|x64
		{8D2FE836-4D87-410A-8DCC-A42DB839EA4B}.AppStore|x64.Build.0 = Release|x64
		{8D2FE836-4D87-410A-8DCC-A42DB839EA4B}.AppStore|x64.Deploy.0 = Release|x64
		{8D2FE836-4D87-410A-8DCC-A42DB839EA4B}.AppStore|x86.ActiveCfg = Release|x86
		{8D2FE836-4D87-410A-8DCC-A42DB839EA4B}.AppStore|x86.Build.0 = Release|x86
		{8D2FE836-4D87-410A-8DCC-A42DB839EA4B}.AppStore|x86.Deploy.0 = Release|x86
		{8D2FE836-4D87-410A-8DCC-A42DB839EA4B}.Debug|Any CPU.ActiveCfg = Debug|x86
		{8D2FE836-4D87-410A-8DCC-A42DB839EA4B}.Debug|Any CPU.Build.0 = Debug|x86
		{8D2FE836-4D87-410A-8DCC-A42DB839EA4B}.Debug|Any CPU.Deploy.0 = Debug|x86
		{8D2FE836-4D87-410A-8DCC-A42DB839EA4B}.Debug|ARM.ActiveCfg = Debug|ARM
		{8D2FE836-4D87-410A-8DCC-A42DB839EA4B}.Debug|ARM.Build.0 = Debug|ARM
		{8D2FE836-4D87-410A-8DCC-A42DB839EA4B}.Debug|ARM.Deploy.0 = Debug|ARM
		{8D2FE836-4D87-410A-8DCC-A42DB839EA4B}.Debug|iPhone.ActiveCfg = Debug|x86
		{8D2FE836-4D87-410A-8DCC-A42DB839EA4B}.Debug|iPhone.Build.0 = Debug|x86
		{8D2FE836-4D87-410A-8DCC-A42DB839EA4B}.Debug|iPhone.Deploy.0 = Debug|x86
		{8D2FE836-4D87-410A-8DCC-A42DB839EA4B}.Debug|iPhoneSimulator.ActiveCfg = Debug|x86
		{8D2FE836-4D87-410A-8DCC-A42DB839EA4B}.Debug|iPhoneSimulator.Build.0 = Debug|x86
		{8D2FE836-4D87-410A-8DCC-A42DB839EA4B}.Debug|iPhoneSimulator.Deploy.0 = Debug|x86
		{8D2FE836-4D87-410A-8DCC-A42DB839EA4B}.Debug|x64.ActiveCfg = Debug|x64
		{8D2FE836-4D87-410A-8DCC-A42DB839EA4B}.Debug|x64.Build.0 = Debug|x64
		{8D2FE836-4D87-410A-8DCC-A42DB839EA4B}.Debug|x64.Deploy.0 = Debug|x64
		{8D2FE836-4D87-410A-8DCC-A42DB839EA4B}.Debug|x86.ActiveCfg = Debug|x86
		{8D2FE836-4D87-410A-8DCC-A42DB839EA4B}.Debug|x86.Build.0 = Debug|x86
		{8D2FE836-4D87-410A-8DCC-A42DB839EA4B}.Debug|x86.Deploy.0 = Debug|x86
		{8D2FE836-4D87-410A-8DCC-A42DB839EA4B}.Release|Any CPU.ActiveCfg = Release|x86
		{8D2FE836-4D87-410A-8DCC-A42DB839EA4B}.Release|Any CPU.Build.0 = Release|x86
		{8D2FE836-4D87-410A-8DCC-A42DB839EA4B}.Release|Any CPU.Deploy.0 = Release|x86
		{8D2FE836-4D87-410A-8DCC-A42DB839EA4B}.Release|ARM.ActiveCfg = Release|ARM
		{8D2FE836-4D87-410A-8DCC-A42DB839EA4B}.Release|ARM.Build.0 = Release|ARM
		{8D2FE836-4D87-410A-8DCC-A42DB839EA4B}.Release|ARM.Deploy.0 = Release|ARM
		{8D2FE836-4D87-410A-8DCC-A42DB839EA4B}.Release|iPhone.ActiveCfg = Release|x86
		{8D2FE836-4D87-410A-8DCC-A42DB839EA4B}.Release|iPhone.Build.0 = Release|x86
		{8D2FE836-4D87-410A-8DCC-A42DB839EA4B}.Release|iPhone.Deploy.0 = Release|x86
		{8D2FE836-4D87-410A-8DCC-A42DB839EA4B}.Release|iPhoneSimulator.ActiveCfg = Release|x86
		{8D2FE836-4D87-410A-8DCC-A42DB839EA4B}.Release|iPhoneSimulator.Build.0 = Release|x86
		{8D2FE836-4D87-410A-8DCC-A42DB839EA4B}.Release|iPhoneSimulator.Deploy.0 = Release|x86
		{8D2FE836-4D87-410A-8DCC-A42DB839EA4B}.Release|x64.ActiveCfg = Release|x64
		{8D2FE836-4D87-410A-8DCC-A42DB839EA4B}.Release|x64.Build.0 = Release|x64
		{8D2FE836-4D87-410A-8DCC-A42DB839EA4B}.Release|x64.Deploy.0 = Release|x64
		{8D2FE836-4D87-410A-8DCC-A42DB839EA4B}.Release|x86.ActiveCfg = Release|x86
		{8D2FE836-4D87-410A-8DCC-A42DB839EA4B}.Release|x86.Build.0 = Release|x86
		{8D2FE836-4D87-410A-8DCC-A42DB839EA4B}.Release|x86.Deploy.0 = Release|x86
		{C4D0E911-31ED-4DCB-A5D5-C5F50C976FBC}.Ad-Hoc|Any CPU.ActiveCfg = Debug|Any CPU
		{C4D0E911-31ED-4DCB-A5D5-C5F50C976FBC}.Ad-Hoc|Any CPU.Build.0 = Debug|Any CPU
		{C4D0E911-31ED-4DCB-A5D5-C5F50C976FBC}.Ad-Hoc|Any CPU.Deploy.0 = Debug|Any CPU
		{C4D0E911-31ED-4DCB-A5D5-C5F50C976FBC}.Ad-Hoc|ARM.ActiveCfg = Debug|Any CPU
		{C4D0E911-31ED-4DCB-A5D5-C5F50C976FBC}.Ad-Hoc|ARM.Build.0 = Debug|Any CPU
		{C4D0E911-31ED-4DCB-A5D5-C5F50C976FBC}.Ad-Hoc|ARM.Deploy.0 = Debug|Any CPU
		{C4D0E911-31ED-4DCB-A5D5-C5F50C976FBC}.Ad-Hoc|iPhone.ActiveCfg = Debug|Any CPU
		{C4D0E911-31ED-4DCB-A5D5-C5F50C976FBC}.Ad-Hoc|iPhone.Build.0 = Debug|Any CPU
		{C4D0E911-31ED-4DCB-A5D5-C5F50C976FBC}.Ad-Hoc|iPhone.Deploy.0 = Debug|Any CPU
		{C4D0E911-31ED-4DCB-A5D5-C5F50C976FBC}.Ad-Hoc|iPhoneSimulator.ActiveCfg = Debug|Any CPU
		{C4D0E911-31ED-4DCB-A5D5-C5F50C976FBC}.Ad-Hoc|iPhoneSimulator.Build.0 = Debug|Any CPU
		{C4D0E911-31ED-4DCB-A5D5-C5F50C976FBC}.Ad-Hoc|iPhoneSimulator.Deploy.0 = Debug|Any CPU
		{C4D0E911-31ED-4DCB-A5D5-C5F50C976FBC}.Ad-Hoc|x64.ActiveCfg = Debug|Any CPU
		{C4D0E911-31ED-4DCB-A5D5-C5F50C976FBC}.Ad-Hoc|x64.Build.0 = Debug|Any CPU
		{C4D0E911-31ED-4DCB-A5D5-C5F50C976FBC}.Ad-Hoc|x64.Deploy.0 = Debug|Any CPU
		{C4D0E911-31ED-4DCB-A5D5-C5F50C976FBC}.Ad-Hoc|x86.ActiveCfg = Debug|Any CPU
		{C4D0E911-31ED-4DCB-A5D5-C5F50C976FBC}.Ad-Hoc|x86.Build.0 = Debug|Any CPU
		{C4D0E911-31ED-4DCB-A5D5-C5F50C976FBC}.Ad-Hoc|x86.Deploy.0 = Debug|Any CPU
		{C4D0E911-31ED-4DCB-A5D5-C5F50C976FBC}.AppStore|Any CPU.ActiveCfg = Debug|Any CPU
		{C4D0E911-31ED-4DCB-A5D5-C5F50C976FBC}.AppStore|Any CPU.Build.0 = Debug|Any CPU
		{C4D0E911-31ED-4DCB-A5D5-C5F50C976FBC}.AppStore|Any CPU.Deploy.0 = Debug|Any CPU
		{C4D0E911-31ED-4DCB-A5D5-C5F50C976FBC}.AppStore|ARM.ActiveCfg = Debug|Any CPU
		{C4D0E911-31ED-4DCB-A5D5-C5F50C976FBC}.AppStore|ARM.Build.0 = Debug|Any CPU
		{C4D0E911-31ED-4DCB-A5D5-C5F50C976FBC}.AppStore|ARM.Deploy.0 = Debug|Any CPU
		{C4D0E911-31ED-4DCB-A5D5-C5F50C976FBC}.AppStore|iPhone.ActiveCfg = Debug|Any CPU
		{C4D0E911-31ED-4DCB-A5D5-C5F50C976FBC}.AppStore|iPhone.Build.0 = Debug|Any CPU
		{C4D0E911-31ED-4DCB-A5D5-C5F50C976FBC}.AppStore|iPhone.Deploy.0 = Debug|Any CPU
		{C4D0E911-31ED-4DCB-A5D5-C5F50C976FBC}.AppStore|iPhoneSimulator.ActiveCfg = Debug|Any CPU
		{C4D0E911-31ED-4DCB-A5D5-C5F50C976FBC}.AppStore|iPhoneSimulator.Build.0 = Debug|Any CPU
		{C4D0E911-31ED-4DCB-A5D5-C5F50C976FBC}.AppStore|iPhoneSimulator.Deploy.0 = Debug|Any CPU
		{C4D0E911-31ED-4DCB-A5D5-C5F50C976FBC}.AppStore|x64.ActiveCfg = Debug|Any CPU
		{C4D0E911-31ED-4DCB-A5D5-C5F50C976FBC}.AppStore|x64.Build.0 = Debug|Any CPU
		{C4D0E911-31ED-4DCB-A5D5-C5F50C976FBC}.AppStore|x64.Deploy.0 = Debug|Any CPU
		{C4D0E911-31ED-4DCB-A5D5-C5F50C976FBC}.AppStore|x86.ActiveCfg = Debug|Any CPU
		{C4D0E911-31ED-4DCB-A5D5-C5F50C976FBC}.AppStore|x86.Build.0 = Debug|Any CPU
		{C4D0E911-31ED-4DCB-A5D5-C5F50C976FBC}.AppStore|x86.Deploy.0 = Debug|Any CPU
		{C4D0E911-31ED-4DCB-A5D5-C5F50C976FBC}.Debug|Any CPU.ActiveCfg = Debug|Any CPU
		{C4D0E911-31ED-4DCB-A5D5-C5F50C976FBC}.Debug|Any CPU.Build.0 = Debug|Any CPU
		{C4D0E911-31ED-4DCB-A5D5-C5F50C976FBC}.Debug|Any CPU.Deploy.0 = Debug|Any CPU
		{C4D0E911-31ED-4DCB-A5D5-C5F50C976FBC}.Debug|ARM.ActiveCfg = Debug|Any CPU
		{C4D0E911-31ED-4DCB-A5D5-C5F50C976FBC}.Debug|ARM.Build.0 = Debug|Any CPU
		{C4D0E911-31ED-4DCB-A5D5-C5F50C976FBC}.Debug|ARM.Deploy.0 = Debug|Any CPU
		{C4D0E911-31ED-4DCB-A5D5-C5F50C976FBC}.Debug|iPhone.ActiveCfg = Debug|Any CPU
		{C4D0E911-31ED-4DCB-A5D5-C5F50C976FBC}.Debug|iPhone.Build.0 = Debug|Any CPU
		{C4D0E911-31ED-4DCB-A5D5-C5F50C976FBC}.Debug|iPhone.Deploy.0 = Debug|Any CPU
		{C4D0E911-31ED-4DCB-A5D5-C5F50C976FBC}.Debug|iPhoneSimulator.ActiveCfg = Debug|Any CPU
		{C4D0E911-31ED-4DCB-A5D5-C5F50C976FBC}.Debug|iPhoneSimulator.Build.0 = Debug|Any CPU
		{C4D0E911-31ED-4DCB-A5D5-C5F50C976FBC}.Debug|iPhoneSimulator.Deploy.0 = Debug|Any CPU
		{C4D0E911-31ED-4DCB-A5D5-C5F50C976FBC}.Debug|x64.ActiveCfg = Debug|Any CPU
		{C4D0E911-31ED-4DCB-A5D5-C5F50C976FBC}.Debug|x64.Build.0 = Debug|Any CPU
		{C4D0E911-31ED-4DCB-A5D5-C5F50C976FBC}.Debug|x64.Deploy.0 = Debug|Any CPU
		{C4D0E911-31ED-4DCB-A5D5-C5F50C976FBC}.Debug|x86.ActiveCfg = Debug|Any CPU
		{C4D0E911-31ED-4DCB-A5D5-C5F50C976FBC}.Debug|x86.Build.0 = Debug|Any CPU
		{C4D0E911-31ED-4DCB-A5D5-C5F50C976FBC}.Debug|x86.Deploy.0 = Debug|Any CPU
		{C4D0E911-31ED-4DCB-A5D5-C5F50C976FBC}.Release|Any CPU.ActiveCfg = Release|Any CPU
		{C4D0E911-31ED-4DCB-A5D5-C5F50C976FBC}.Release|Any CPU.Build.0 = Release|Any CPU
		{C4D0E911-31ED-4DCB-A5D5-C5F50C976FBC}.Release|Any CPU.Deploy.0 = Release|Any CPU
		{C4D0E911-31ED-4DCB-A5D5-C5F50C976FBC}.Release|ARM.ActiveCfg = Release|Any CPU
		{C4D0E911-31ED-4DCB-A5D5-C5F50C976FBC}.Release|ARM.Build.0 = Release|Any CPU
		{C4D0E911-31ED-4DCB-A5D5-C5F50C976FBC}.Release|ARM.Deploy.0 = Release|Any CPU
		{C4D0E911-31ED-4DCB-A5D5-C5F50C976FBC}.Release|iPhone.ActiveCfg = Release|Any CPU
		{C4D0E911-31ED-4DCB-A5D5-C5F50C976FBC}.Release|iPhone.Build.0 = Release|Any CPU
		{C4D0E911-31ED-4DCB-A5D5-C5F50C976FBC}.Release|iPhone.Deploy.0 = Release|Any CPU
		{C4D0E911-31ED-4DCB-A5D5-C5F50C976FBC}.Release|iPhoneSimulator.ActiveCfg = Release|Any CPU
		{C4D0E911-31ED-4DCB-A5D5-C5F50C976FBC}.Release|iPhoneSimulator.Build.0 = Release|Any CPU
		{C4D0E911-31ED-4DCB-A5D5-C5F50C976FBC}.Release|iPhoneSimulator.Deploy.0 = Release|Any CPU
		{C4D0E911-31ED-4DCB-A5D5-C5F50C976FBC}.Release|x64.ActiveCfg = Release|Any CPU
		{C4D0E911-31ED-4DCB-A5D5-C5F50C976FBC}.Release|x64.Build.0 = Release|Any CPU
		{C4D0E911-31ED-4DCB-A5D5-C5F50C976FBC}.Release|x64.Deploy.0 = Release|Any CPU
		{C4D0E911-31ED-4DCB-A5D5-C5F50C976FBC}.Release|x86.ActiveCfg = Release|Any CPU
		{C4D0E911-31ED-4DCB-A5D5-C5F50C976FBC}.Release|x86.Build.0 = Release|Any CPU
		{C4D0E911-31ED-4DCB-A5D5-C5F50C976FBC}.Release|x86.Deploy.0 = Release|Any CPU
	EndGlobalSection
	GlobalSection(SolutionProperties) = preSolution
		HideSolutionNode = FALSE
	EndGlobalSection
	GlobalSection(ExtensibilityGlobals) = postSolution
		SolutionGuid = {6EB96CAC-3C60-429E-BEBF-E8A4E9450F09}
	EndGlobalSection
EndGlobal
