
Microsoft Visual Studio Solution File, Format Version 12.00
# Visual Studio 15
VisualStudioVersion = 15.0.28307.136
MinimumVisualStudioVersion = 10.0.40219.1
Project("{FAE04EC0-301F-11D3-BF4B-00C04F79EFBC}") = "App02_Xamarin.Android", "App02_Xamarin\App02_Xamarin.Android\App02_Xamarin.Android.csproj", "{021B49EC-0B7A-4B04-AEEE-9D4B1F354E88}"
EndProject
Project("{FAE04EC0-301F-11D3-BF4B-00C04F79EFBC}") = "App02_Xamarin.iOS", "App02_Xamarin\App02_Xamarin.iOS\App02_Xamarin.iOS.csproj", "{9D7AB953-3D5D-4D0F-8F13-072DD83C615D}"
EndProject
Project("{FAE04EC0-301F-11D3-BF4B-00C04F79EFBC}") = "App02_Xamarin.UWP", "App02_Xamarin\App02_Xamarin.UWP\App02_Xamarin.UWP.csproj", "{FE9BEA7F-4294-4327-9A21-DAC8D6986810}"
EndProject
Project("{FAE04EC0-301F-11D3-BF4B-00C04F79EFBC}") = "App02_Xamarin", "App02_Xamarin\App02_Xamarin\App02_Xamarin.csproj", "{23403571-94A1-40B7-A062-601759E02559}"
EndProject
Global
	GlobalSection(SolutionConfigurationPlatforms) = preSolution
		Ad-Hoc|Any CPU = Ad-Hoc|Any CPU
		Ad-Hoc|ARM = Ad-Hoc|ARM
		Ad-Hoc|iPhone = Ad-Hoc|iPhone
		Ad-Hoc|iPhoneSimulator = Ad-Hoc|iPhoneSimulator
		Ad-Hoc|x64 = Ad-Hoc|x64
		Ad-Hoc|x86 = Ad-Hoc|x86
		AppStore|Any CPU = AppStore|Any CPU
		AppStore|ARM = AppStore|ARM
		AppStore|iPhone = AppStore|iPhone
		AppStore|iPhoneSimulator = AppStore|iPhoneSimulator
		AppStore|x64 = AppStore|x64
		AppStore|x86 = AppStore|x86
		Debug|Any CPU = Debug|Any CPU
		Debug|ARM = Debug|ARM
		Debug|iPhone = Debug|iPhone
		Debug|iPhoneSimulator = Debug|iPhoneSimulator
		Debug|x64 = Debug|x64
		Debug|x86 = Debug|x86
		Release|Any CPU = Release|Any CPU
		Release|ARM = Release|ARM
		Release|iPhone = Release|iPhone
		Release|iPhoneSimulator = Release|iPhoneSimulator
		Release|x64 = Release|x64
		Release|x86 = Release|x86
	EndGlobalSection
	GlobalSection(ProjectConfigurationPlatforms) = postSolution
		{021B49EC-0B7A-4B04-AEEE-9D4B1F354E88}.Ad-Hoc|Any CPU.ActiveCfg = Release|Any CPU
		{021B49EC-0B7A-4B04-AEEE-9D4B1F354E88}.Ad-Hoc|Any CPU.Build.0 = Release|Any CPU
		{021B49EC-0B7A-4B04-AEEE-9D4B1F354E88}.Ad-Hoc|Any CPU.Deploy.0 = Release|Any CPU
		{021B49EC-0B7A-4B04-AEEE-9D4B1F354E88}.Ad-Hoc|ARM.ActiveCfg = Release|Any CPU
		{021B49EC-0B7A-4B04-AEEE-9D4B1F354E88}.Ad-Hoc|ARM.Build.0 = Release|Any CPU
		{021B49EC-0B7A-4B04-AEEE-9D4B1F354E88}.Ad-Hoc|ARM.Deploy.0 = Release|Any CPU
		{021B49EC-0B7A-4B04-AEEE-9D4B1F354E88}.Ad-Hoc|iPhone.ActiveCfg = Release|Any CPU
		{021B49EC-0B7A-4B04-AEEE-9D4B1F354E88}.Ad-Hoc|iPhone.Build.0 = Release|Any CPU
		{021B49EC-0B7A-4B04-AEEE-9D4B1F354E88}.Ad-Hoc|iPhone.Deploy.0 = Release|Any CPU
		{021B49EC-0B7A-4B04-AEEE-9D4B1F354E88}.Ad-Hoc|iPhoneSimulator.ActiveCfg = Release|Any CPU
		{021B49EC-0B7A-4B04-AEEE-9D4B1F354E88}.Ad-Hoc|iPhoneSimulator.Build.0 = Release|Any CPU
		{021B49EC-0B7A-4B04-AEEE-9D4B1F354E88}.Ad-Hoc|iPhoneSimulator.Deploy.0 = Release|Any CPU
		{021B49EC-0B7A-4B04-AEEE-9D4B1F354E88}.Ad-Hoc|x64.ActiveCfg = Release|Any CPU
		{021B49EC-0B7A-4B04-AEEE-9D4B1F354E88}.Ad-Hoc|x64.Build.0 = Release|Any CPU
		{021B49EC-0B7A-4B04-AEEE-9D4B1F354E88}.Ad-Hoc|x64.Deploy.0 = Release|Any CPU
		{021B49EC-0B7A-4B04-AEEE-9D4B1F354E88}.Ad-Hoc|x86.ActiveCfg = Release|Any CPU
		{021B49EC-0B7A-4B04-AEEE-9D4B1F354E88}.Ad-Hoc|x86.Build.0 = Release|Any CPU
		{021B49EC-0B7A-4B04-AEEE-9D4B1F354E88}.Ad-Hoc|x86.Deploy.0 = Release|Any CPU
		{021B49EC-0B7A-4B04-AEEE-9D4B1F354E88}.AppStore|Any CPU.ActiveCfg = Release|Any CPU
		{021B49EC-0B7A-4B04-AEEE-9D4B1F354E88}.AppStore|Any CPU.Build.0 = Release|Any CPU
		{021B49EC-0B7A-4B04-AEEE-9D4B1F354E88}.AppStore|Any CPU.Deploy.0 = Release|Any CPU
		{021B49EC-0B7A-4B04-AEEE-9D4B1F354E88}.AppStore|ARM.ActiveCfg = Release|Any CPU
		{021B49EC-0B7A-4B04-AEEE-9D4B1F354E88}.AppStore|ARM.Build.0 = Release|Any CPU
		{021B49EC-0B7A-4B04-AEEE-9D4B1F354E88}.AppStore|ARM.Deploy.0 = Release|Any CPU
		{021B49EC-0B7A-4B04-AEEE-9D4B1F354E88}.AppStore|iPhone.ActiveCfg = Release|Any CPU
		{021B49EC-0B7A-4B04-AEEE-9D4B1F354E88}.AppStore|iPhone.Build.0 = Release|Any CPU
		{021B49EC-0B7A-4B04-AEEE-9D4B1F354E88}.AppStore|iPhone.Deploy.0 = Release|Any CPU
		{021B49EC-0B7A-4B04-AEEE-9D4B1F354E88}.AppStore|iPhoneSimulator.ActiveCfg = Release|Any CPU
		{021B49EC-0B7A-4B04-AEEE-9D4B1F354E88}.AppStore|iPhoneSimulator.Build.0 = Release|Any CPU
		{021B49EC-0B7A-4B04-AEEE-9D4B1F354E88}.AppStore|iPhoneSimulator.Deploy.0 = Release|Any CPU
		{021B49EC-0B7A-4B04-AEEE-9D4B1F354E88}.AppStore|x64.ActiveCfg = Release|Any CPU
		{021B49EC-0B7A-4B04-AEEE-9D4B1F354E88}.AppStore|x64.Build.0 = Release|Any CPU
		{021B49EC-0B7A-4B04-AEEE-9D4B1F354E88}.AppStore|x64.Deploy.0 = Release|Any CPU
		{021B49EC-0B7A-4B04-AEEE-9D4B1F354E88}.AppStore|x86.ActiveCfg = Release|Any CPU
		{021B49EC-0B7A-4B04-AEEE-9D4B1F354E88}.AppStore|x86.Build.0 = Release|Any CPU
		{021B49EC-0B7A-4B04-AEEE-9D4B1F354E88}.AppStore|x86.Deploy.0 = Release|Any CPU
		{021B49EC-0B7A-4B04-AEEE-9D4B1F354E88}.Debug|Any CPU.ActiveCfg = Debug|Any CPU
		{021B49EC-0B7A-4B04-AEEE-9D4B1F354E88}.Debug|Any CPU.Build.0 = Debug|Any CPU
		{021B49EC-0B7A-4B04-AEEE-9D4B1F354E88}.Debug|Any CPU.Deploy.0 = Debug|Any CPU
		{021B49EC-0B7A-4B04-AEEE-9D4B1F354E88}.Debug|ARM.ActiveCfg = Debug|Any CPU
		{021B49EC-0B7A-4B04-AEEE-9D4B1F354E88}.Debug|ARM.Build.0 = Debug|Any CPU
		{021B49EC-0B7A-4B04-AEEE-9D4B1F354E88}.Debug|ARM.Deploy.0 = Debug|Any CPU
		{021B49EC-0B7A-4B04-AEEE-9D4B1F354E88}.Debug|iPhone.ActiveCfg = Debug|Any CPU
		{021B49EC-0B7A-4B04-AEEE-9D4B1F354E88}.Debug|iPhone.Build.0 = Debug|Any CPU
		{021B49EC-0B7A-4B04-AEEE-9D4B1F354E88}.Debug|iPhone.Deploy.0 = Debug|Any CPU
		{021B49EC-0B7A-4B04-AEEE-9D4B1F354E88}.Debug|iPhoneSimulator.ActiveCfg = Debug|Any CPU
		{021B49EC-0B7A-4B04-AEEE-9D4B1F354E88}.Debug|iPhoneSimulator.Build.0 = Debug|Any CPU
		{021B49EC-0B7A-4B04-AEEE-9D4B1F354E88}.Debug|iPhoneSimulator.Deploy.0 = Debug|Any CPU
		{021B49EC-0B7A-4B04-AEEE-9D4B1F354E88}.Debug|x64.ActiveCfg = Debug|Any CPU
		{021B49EC-0B7A-4B04-AEEE-9D4B1F354E88}.Debug|x64.Build.0 = Debug|Any CPU
		{021B49EC-0B7A-4B04-AEEE-9D4B1F354E88}.Debug|x64.Deploy.0 = Debug|Any CPU
		{021B49EC-0B7A-4B04-AEEE-9D4B1F354E88}.Debug|x86.ActiveCfg = Debug|Any CPU
		{021B49EC-0B7A-4B04-AEEE-9D4B1F354E88}.Debug|x86.Build.0 = Debug|Any CPU
		{021B49EC-0B7A-4B04-AEEE-9D4B1F354E88}.Debug|x86.Deploy.0 = Debug|Any CPU
		{021B49EC-0B7A-4B04-AEEE-9D4B1F354E88}.Release|Any CPU.ActiveCfg = Release|Any CPU
		{021B49EC-0B7A-4B04-AEEE-9D4B1F354E88}.Release|Any CPU.Build.0 = Release|Any CPU
		{021B49EC-0B7A-4B04-AEEE-9D4B1F354E88}.Release|Any CPU.Deploy.0 = Release|Any CPU
		{021B49EC-0B7A-4B04-AEEE-9D4B1F354E88}.Release|ARM.ActiveCfg = Release|Any CPU
		{021B49EC-0B7A-4B04-AEEE-9D4B1F354E88}.Release|ARM.Build.0 = Release|Any CPU
		{021B49EC-0B7A-4B04-AEEE-9D4B1F354E88}.Release|ARM.Deploy.0 = Release|Any CPU
		{021B49EC-0B7A-4B04-AEEE-9D4B1F354E88}.Release|iPhone.ActiveCfg = Release|Any CPU
		{021B49EC-0B7A-4B04-AEEE-9D4B1F354E88}.Release|iPhone.Build.0 = Release|Any CPU
		{021B49EC-0B7A-4B04-AEEE-9D4B1F354E88}.Release|iPhone.Deploy.0 = Release|Any CPU
		{021B49EC-0B7A-4B04-AEEE-9D4B1F354E88}.Release|iPhoneSimulator.ActiveCfg = Release|Any CPU
		{021B49EC-0B7A-4B04-AEEE-9D4B1F354E88}.Release|iPhoneSimulator.Build.0 = Release|Any CPU
		{021B49EC-0B7A-4B04-AEEE-9D4B1F354E88}.Release|iPhoneSimulator.Deploy.0 = Release|Any CPU
		{021B49EC-0B7A-4B04-AEEE-9D4B1F354E88}.Release|x64.ActiveCfg = Release|Any CPU
		{021B49EC-0B7A-4B04-AEEE-9D4B1F354E88}.Release|x64.Build.0 = Release|Any CPU
		{021B49EC-0B7A-4B04-AEEE-9D4B1F354E88}.Release|x64.Deploy.0 = Release|Any CPU
		{021B49EC-0B7A-4B04-AEEE-9D4B1F354E88}.Release|x86.ActiveCfg = Release|Any CPU
		{021B49EC-0B7A-4B04-AEEE-9D4B1F354E88}.Release|x86.Build.0 = Release|Any CPU
		{021B49EC-0B7A-4B04-AEEE-9D4B1F354E88}.Release|x86.Deploy.0 = Release|Any CPU
		{9D7AB953-3D5D-4D0F-8F13-072DD83C615D}.Ad-Hoc|Any CPU.ActiveCfg = Ad-Hoc|iPhone
		{9D7AB953-3D5D-4D0F-8F13-072DD83C615D}.Ad-Hoc|Any CPU.Build.0 = Ad-Hoc|iPhone
		{9D7AB953-3D5D-4D0F-8F13-072DD83C615D}.Ad-Hoc|Any CPU.Deploy.0 = Ad-Hoc|iPhone
		{9D7AB953-3D5D-4D0F-8F13-072DD83C615D}.Ad-Hoc|ARM.ActiveCfg = Ad-Hoc|iPhone
		{9D7AB953-3D5D-4D0F-8F13-072DD83C615D}.Ad-Hoc|ARM.Build.0 = Ad-Hoc|iPhone
		{9D7AB953-3D5D-4D0F-8F13-072DD83C615D}.Ad-Hoc|ARM.Deploy.0 = Ad-Hoc|iPhone
		{9D7AB953-3D5D-4D0F-8F13-072DD83C615D}.Ad-Hoc|iPhone.ActiveCfg = Ad-Hoc|iPhone
		{9D7AB953-3D5D-4D0F-8F13-072DD83C615D}.Ad-Hoc|iPhone.Build.0 = Ad-Hoc|iPhone
		{9D7AB953-3D5D-4D0F-8F13-072DD83C615D}.Ad-Hoc|iPhone.Deploy.0 = Ad-Hoc|iPhone
		{9D7AB953-3D5D-4D0F-8F13-072DD83C615D}.Ad-Hoc|iPhoneSimulator.ActiveCfg = Ad-Hoc|iPhoneSimulator
		{9D7AB953-3D5D-4D0F-8F13-072DD83C615D}.Ad-Hoc|iPhoneSimulator.Build.0 = Ad-Hoc|iPhoneSimulator
		{9D7AB953-3D5D-4D0F-8F13-072DD83C615D}.Ad-Hoc|iPhoneSimulator.Deploy.0 = Ad-Hoc|iPhoneSimulator
		{9D7AB953-3D5D-4D0F-8F13-072DD83C615D}.Ad-Hoc|x64.ActiveCfg = Ad-Hoc|iPhone
		{9D7AB953-3D5D-4D0F-8F13-072DD83C615D}.Ad-Hoc|x64.Build.0 = Ad-Hoc|iPhone
		{9D7AB953-3D5D-4D0F-8F13-072DD83C615D}.Ad-Hoc|x64.Deploy.0 = Ad-Hoc|iPhone
		{9D7AB953-3D5D-4D0F-8F13-072DD83C615D}.Ad-Hoc|x86.ActiveCfg = Ad-Hoc|iPhone
		{9D7AB953-3D5D-4D0F-8F13-072DD83C615D}.Ad-Hoc|x86.Build.0 = Ad-Hoc|iPhone
		{9D7AB953-3D5D-4D0F-8F13-072DD83C615D}.Ad-Hoc|x86.Deploy.0 = Ad-Hoc|iPhone
		{9D7AB953-3D5D-4D0F-8F13-072DD83C615D}.AppStore|Any CPU.ActiveCfg = AppStore|iPhone
		{9D7AB953-3D5D-4D0F-8F13-072DD83C615D}.AppStore|Any CPU.Build.0 = AppStore|iPhone
		{9D7AB953-3D5D-4D0F-8F13-072DD83C615D}.AppStore|Any CPU.Deploy.0 = AppStore|iPhone
		{9D7AB953-3D5D-4D0F-8F13-072DD83C615D}.AppStore|ARM.ActiveCfg = AppStore|iPhone
		{9D7AB953-3D5D-4D0F-8F13-072DD83C615D}.AppStore|ARM.Build.0 = AppStore|iPhone
		{9D7AB953-3D5D-4D0F-8F13-072DD83C615D}.AppStore|ARM.Deploy.0 = AppStore|iPhone
		{9D7AB953-3D5D-4D0F-8F13-072DD83C615D}.AppStore|iPhone.ActiveCfg = AppStore|iPhone
		{9D7AB953-3D5D-4D0F-8F13-072DD83C615D}.AppStore|iPhone.Build.0 = AppStore|iPhone
		{9D7AB953-3D5D-4D0F-8F13-072DD83C615D}.AppStore|iPhone.Deploy.0 = AppStore|iPhone
		{9D7AB953-3D5D-4D0F-8F13-072DD83C615D}.AppStore|iPhoneSimulator.ActiveCfg = AppStore|iPhoneSimulator
		{9D7AB953-3D5D-4D0F-8F13-072DD83C615D}.AppStore|iPhoneSimulator.Build.0 = AppStore|iPhoneSimulator
		{9D7AB953-3D5D-4D0F-8F13-072DD83C615D}.AppStore|iPhoneSimulator.Deploy.0 = AppStore|iPhoneSimulator
		{9D7AB953-3D5D-4D0F-8F13-072DD83C615D}.AppStore|x64.ActiveCfg = AppStore|iPhone
		{9D7AB953-3D5D-4D0F-8F13-072DD83C615D}.AppStore|x64.Build.0 = AppStore|iPhone
		{9D7AB953-3D5D-4D0F-8F13-072DD83C615D}.AppStore|x64.Deploy.0 = AppStore|iPhone
		{9D7AB953-3D5D-4D0F-8F13-072DD83C615D}.AppStore|x86.ActiveCfg = AppStore|iPhone
		{9D7AB953-3D5D-4D0F-8F13-072DD83C615D}.AppStore|x86.Build.0 = AppStore|iPhone
		{9D7AB953-3D5D-4D0F-8F13-072DD83C615D}.AppStore|x86.Deploy.0 = AppStore|iPhone
		{9D7AB953-3D5D-4D0F-8F13-072DD83C615D}.Debug|Any CPU.ActiveCfg = Debug|iPhoneSimulator
		{9D7AB953-3D5D-4D0F-8F13-072DD83C615D}.Debug|Any CPU.Build.0 = Debug|iPhoneSimulator
		{9D7AB953-3D5D-4D0F-8F13-072DD83C615D}.Debug|Any CPU.Deploy.0 = Debug|iPhoneSimulator
		{9D7AB953-3D5D-4D0F-8F13-072DD83C615D}.Debug|ARM.ActiveCfg = Debug|iPhone
		{9D7AB953-3D5D-4D0F-8F13-072DD83C615D}.Debug|ARM.Build.0 = Debug|iPhone
		{9D7AB953-3D5D-4D0F-8F13-072DD83C615D}.Debug|ARM.Deploy.0 = Debug|iPhone
		{9D7AB953-3D5D-4D0F-8F13-072DD83C615D}.Debug|iPhone.ActiveCfg = Debug|iPhone
		{9D7AB953-3D5D-4D0F-8F13-072DD83C615D}.Debug|iPhone.Build.0 = Debug|iPhone
		{9D7AB953-3D5D-4D0F-8F13-072DD83C615D}.Debug|iPhone.Deploy.0 = Debug|iPhone
		{9D7AB953-3D5D-4D0F-8F13-072DD83C615D}.Debug|iPhoneSimulator.ActiveCfg = Debug|iPhoneSimulator
		{9D7AB953-3D5D-4D0F-8F13-072DD83C615D}.Debug|iPhoneSimulator.Build.0 = Debug|iPhoneSimulator
		{9D7AB953-3D5D-4D0F-8F13-072DD83C615D}.Debug|iPhoneSimulator.Deploy.0 = Debug|iPhoneSimulator
		{9D7AB953-3D5D-4D0F-8F13-072DD83C615D}.Debug|x64.ActiveCfg = Debug|iPhone
		{9D7AB953-3D5D-4D0F-8F13-072DD83C615D}.Debug|x64.Build.0 = Debug|iPhone
		{9D7AB953-3D5D-4D0F-8F13-072DD83C615D}.Debug|x64.Deploy.0 = Debug|iPhone
		{9D7AB953-3D5D-4D0F-8F13-072DD83C615D}.Debug|x86.ActiveCfg = Debug|iPhone
		{9D7AB953-3D5D-4D0F-8F13-072DD83C615D}.Debug|x86.Build.0 = Debug|iPhone
		{9D7AB953-3D5D-4D0F-8F13-072DD83C615D}.Debug|x86.Deploy.0 = Debug|iPhone
		{9D7AB953-3D5D-4D0F-8F13-072DD83C615D}.Release|Any CPU.ActiveCfg = Release|iPhone
		{9D7AB953-3D5D-4D0F-8F13-072DD83C615D}.Release|Any CPU.Build.0 = Release|iPhone
		{9D7AB953-3D5D-4D0F-8F13-072DD83C615D}.Release|Any CPU.Deploy.0 = Release|iPhone
		{9D7AB953-3D5D-4D0F-8F13-072DD83C615D}.Release|ARM.ActiveCfg = Release|iPhone
		{9D7AB953-3D5D-4D0F-8F13-072DD83C615D}.Release|ARM.Build.0 = Release|iPhone
		{9D7AB953-3D5D-4D0F-8F13-072DD83C615D}.Release|ARM.Deploy.0 = Release|iPhone
		{9D7AB953-3D5D-4D0F-8F13-072DD83C615D}.Release|iPhone.ActiveCfg = Release|iPhone
		{9D7AB953-3D5D-4D0F-8F13-072DD83C615D}.Release|iPhone.Build.0 = Release|iPhone
		{9D7AB953-3D5D-4D0F-8F13-072DD83C615D}.Release|iPhone.Deploy.0 = Release|iPhone
		{9D7AB953-3D5D-4D0F-8F13-072DD83C615D}.Release|iPhoneSimulator.ActiveCfg = Release|iPhoneSimulator
		{9D7AB953-3D5D-4D0F-8F13-072DD83C615D}.Release|iPhoneSimulator.Build.0 = Release|iPhoneSimulator
		{9D7AB953-3D5D-4D0F-8F13-072DD83C615D}.Release|iPhoneSimulator.Deploy.0 = Release|iPhoneSimulator
		{9D7AB953-3D5D-4D0F-8F13-072DD83C615D}.Release|x64.ActiveCfg = Release|iPhone
		{9D7AB953-3D5D-4D0F-8F13-072DD83C615D}.Release|x64.Build.0 = Release|iPhone
		{9D7AB953-3D5D-4D0F-8F13-072DD83C615D}.Release|x64.Deploy.0 = Release|iPhone
		{9D7AB953-3D5D-4D0F-8F13-072DD83C615D}.Release|x86.ActiveCfg = Release|iPhone
		{9D7AB953-3D5D-4D0F-8F13-072DD83C615D}.Release|x86.Build.0 = Release|iPhone
		{9D7AB953-3D5D-4D0F-8F13-072DD83C615D}.Release|x86.Deploy.0 = Release|iPhone
		{FE9BEA7F-4294-4327-9A21-DAC8D6986810}.Ad-Hoc|Any CPU.ActiveCfg = Release|x86
		{FE9BEA7F-4294-4327-9A21-DAC8D6986810}.Ad-Hoc|Any CPU.Build.0 = Release|x86
		{FE9BEA7F-4294-4327-9A21-DAC8D6986810}.Ad-Hoc|Any CPU.Deploy.0 = Release|x86
		{FE9BEA7F-4294-4327-9A21-DAC8D6986810}.Ad-Hoc|ARM.ActiveCfg = Release|ARM
		{FE9BEA7F-4294-4327-9A21-DAC8D6986810}.Ad-Hoc|ARM.Build.0 = Release|ARM
		{FE9BEA7F-4294-4327-9A21-DAC8D6986810}.Ad-Hoc|ARM.Deploy.0 = Release|ARM
		{FE9BEA7F-4294-4327-9A21-DAC8D6986810}.Ad-Hoc|iPhone.ActiveCfg = Release|x86
		{FE9BEA7F-4294-4327-9A21-DAC8D6986810}.Ad-Hoc|iPhone.Build.0 = Release|x86
		{FE9BEA7F-4294-4327-9A21-DAC8D6986810}.Ad-Hoc|iPhone.Deploy.0 = Release|x86
		{FE9BEA7F-4294-4327-9A21-DAC8D6986810}.Ad-Hoc|iPhoneSimulator.ActiveCfg = Release|x86
		{FE9BEA7F-4294-4327-9A21-DAC8D6986810}.Ad-Hoc|iPhoneSimulator.Build.0 = Release|x86
		{FE9BEA7F-4294-4327-9A21-DAC8D6986810}.Ad-Hoc|iPhoneSimulator.Deploy.0 = Release|x86
		{FE9BEA7F-4294-4327-9A21-DAC8D6986810}.Ad-Hoc|x64.ActiveCfg = Release|x64
		{FE9BEA7F-4294-4327-9A21-DAC8D6986810}.Ad-Hoc|x64.Build.0 = Release|x64
		{FE9BEA7F-4294-4327-9A21-DAC8D6986810}.Ad-Hoc|x64.Deploy.0 = Release|x64
		{FE9BEA7F-4294-4327-9A21-DAC8D6986810}.Ad-Hoc|x86.ActiveCfg = Release|x86
		{FE9BEA7F-4294-4327-9A21-DAC8D6986810}.Ad-Hoc|x86.Build.0 = Release|x86
		{FE9BEA7F-4294-4327-9A21-DAC8D6986810}.Ad-Hoc|x86.Deploy.0 = Release|x86
		{FE9BEA7F-4294-4327-9A21-DAC8D6986810}.AppStore|Any CPU.ActiveCfg = Release|x86
		{FE9BEA7F-4294-4327-9A21-DAC8D6986810}.AppStore|Any CPU.Build.0 = Release|x86
		{FE9BEA7F-4294-4327-9A21-DAC8D6986810}.AppStore|Any CPU.Deploy.0 = Release|x86
		{FE9BEA7F-4294-4327-9A21-DAC8D6986810}.AppStore|ARM.ActiveCfg = Release|ARM
		{FE9BEA7F-4294-4327-9A21-DAC8D6986810}.AppStore|ARM.Build.0 = Release|ARM
		{FE9BEA7F-4294-4327-9A21-DAC8D6986810}.AppStore|ARM.Deploy.0 = Release|ARM
		{FE9BEA7F-4294-4327-9A21-DAC8D6986810}.AppStore|iPhone.ActiveCfg = Release|x86
		{FE9BEA7F-4294-4327-9A21-DAC8D6986810}.AppStore|iPhone.Build.0 = Release|x86
		{FE9BEA7F-4294-4327-9A21-DAC8D6986810}.AppStore|iPhone.Deploy.0 = Release|x86
		{FE9BEA7F-4294-4327-9A21-DAC8D6986810}.AppStore|iPhoneSimulator.ActiveCfg = Release|x86
		{FE9BEA7F-4294-4327-9A21-DAC8D6986810}.AppStore|iPhoneSimulator.Build.0 = Release|x86
		{FE9BEA7F-4294-4327-9A21-DAC8D6986810}.AppStore|iPhoneSimulator.Deploy.0 = Release|x86
		{FE9BEA7F-4294-4327-9A21-DAC8D6986810}.AppStore|x64.ActiveCfg = Release|x64
		{FE9BEA7F-4294-4327-9A21-DAC8D6986810}.AppStore|x64.Build.0 = Release|x64
		{FE9BEA7F-4294-4327-9A21-DAC8D6986810}.AppStore|x64.Deploy.0 = Release|x64
		{FE9BEA7F-4294-4327-9A21-DAC8D6986810}.AppStore|x86.ActiveCfg = Release|x86
		{FE9BEA7F-4294-4327-9A21-DAC8D6986810}.AppStore|x86.Build.0 = Release|x86
		{FE9BEA7F-4294-4327-9A21-DAC8D6986810}.AppStore|x86.Deploy.0 = Release|x86
		{FE9BEA7F-4294-4327-9A21-DAC8D6986810}.Debug|Any CPU.ActiveCfg = Debug|x86
		{FE9BEA7F-4294-4327-9A21-DAC8D6986810}.Debug|Any CPU.Build.0 = Debug|x86
		{FE9BEA7F-4294-4327-9A21-DAC8D6986810}.Debug|Any CPU.Deploy.0 = Debug|x86
		{FE9BEA7F-4294-4327-9A21-DAC8D6986810}.Debug|ARM.ActiveCfg = Debug|ARM
		{FE9BEA7F-4294-4327-9A21-DAC8D6986810}.Debug|ARM.Build.0 = Debug|ARM
		{FE9BEA7F-4294-4327-9A21-DAC8D6986810}.Debug|ARM.Deploy.0 = Debug|ARM
		{FE9BEA7F-4294-4327-9A21-DAC8D6986810}.Debug|iPhone.ActiveCfg = Debug|x86
		{FE9BEA7F-4294-4327-9A21-DAC8D6986810}.Debug|iPhone.Build.0 = Debug|x86
		{FE9BEA7F-4294-4327-9A21-DAC8D6986810}.Debug|iPhone.Deploy.0 = Debug|x86
		{FE9BEA7F-4294-4327-9A21-DAC8D6986810}.Debug|iPhoneSimulator.ActiveCfg = Debug|x86
		{FE9BEA7F-4294-4327-9A21-DAC8D6986810}.Debug|iPhoneSimulator.Build.0 = Debug|x86
		{FE9BEA7F-4294-4327-9A21-DAC8D6986810}.Debug|iPhoneSimulator.Deploy.0 = Debug|x86
		{FE9BEA7F-4294-4327-9A21-DAC8D6986810}.Debug|x64.ActiveCfg = Debug|x64
		{FE9BEA7F-4294-4327-9A21-DAC8D6986810}.Debug|x64.Build.0 = Debug|x64
		{FE9BEA7F-4294-4327-9A21-DAC8D6986810}.Debug|x64.Deploy.0 = Debug|x64
		{FE9BEA7F-4294-4327-9A21-DAC8D6986810}.Debug|x86.ActiveCfg = Debug|x86
		{FE9BEA7F-4294-4327-9A21-DAC8D6986810}.Debug|x86.Build.0 = Debug|x86
		{FE9BEA7F-4294-4327-9A21-DAC8D6986810}.Debug|x86.Deploy.0 = Debug|x86
		{FE9BEA7F-4294-4327-9A21-DAC8D6986810}.Release|Any CPU.ActiveCfg = Release|x86
		{FE9BEA7F-4294-4327-9A21-DAC8D6986810}.Release|Any CPU.Build.0 = Release|x86
		{FE9BEA7F-4294-4327-9A21-DAC8D6986810}.Release|Any CPU.Deploy.0 = Release|x86
		{FE9BEA7F-4294-4327-9A21-DAC8D6986810}.Release|ARM.ActiveCfg = Release|ARM
		{FE9BEA7F-4294-4327-9A21-DAC8D6986810}.Release|ARM.Build.0 = Release|ARM
		{FE9BEA7F-4294-4327-9A21-DAC8D6986810}.Release|ARM.Deploy.0 = Release|ARM
		{FE9BEA7F-4294-4327-9A21-DAC8D6986810}.Release|iPhone.ActiveCfg = Release|x86
		{FE9BEA7F-4294-4327-9A21-DAC8D6986810}.Release|iPhone.Build.0 = Release|x86
		{FE9BEA7F-4294-4327-9A21-DAC8D6986810}.Release|iPhone.Deploy.0 = Release|x86
		{FE9BEA7F-4294-4327-9A21-DAC8D6986810}.Release|iPhoneSimulator.ActiveCfg = Release|x86
		{FE9BEA7F-4294-4327-9A21-DAC8D6986810}.Release|iPhoneSimulator.Build.0 = Release|x86
		{FE9BEA7F-4294-4327-9A21-DAC8D6986810}.Release|iPhoneSimulator.Deploy.0 = Release|x86
		{FE9BEA7F-4294-4327-9A21-DAC8D6986810}.Release|x64.ActiveCfg = Release|x64
		{FE9BEA7F-4294-4327-9A21-DAC8D6986810}.Release|x64.Build.0 = Release|x64
		{FE9BEA7F-4294-4327-9A21-DAC8D6986810}.Release|x64.Deploy.0 = Release|x64
		{FE9BEA7F-4294-4327-9A21-DAC8D6986810}.Release|x86.ActiveCfg = Release|x86
		{FE9BEA7F-4294-4327-9A21-DAC8D6986810}.Release|x86.Build.0 = Release|x86
		{FE9BEA7F-4294-4327-9A21-DAC8D6986810}.Release|x86.Deploy.0 = Release|x86
		{23403571-94A1-40B7-A062-601759E02559}.Ad-Hoc|Any CPU.ActiveCfg = Debug|Any CPU
		{23403571-94A1-40B7-A062-601759E02559}.Ad-Hoc|Any CPU.Build.0 = Debug|Any CPU
		{23403571-94A1-40B7-A062-601759E02559}.Ad-Hoc|Any CPU.Deploy.0 = Debug|Any CPU
		{23403571-94A1-40B7-A062-601759E02559}.Ad-Hoc|ARM.ActiveCfg = Debug|Any CPU
		{23403571-94A1-40B7-A062-601759E02559}.Ad-Hoc|ARM.Build.0 = Debug|Any CPU
		{23403571-94A1-40B7-A062-601759E02559}.Ad-Hoc|ARM.Deploy.0 = Debug|Any CPU
		{23403571-94A1-40B7-A062-601759E02559}.Ad-Hoc|iPhone.ActiveCfg = Debug|Any CPU
		{23403571-94A1-40B7-A062-601759E02559}.Ad-Hoc|iPhone.Build.0 = Debug|Any CPU
		{23403571-94A1-40B7-A062-601759E02559}.Ad-Hoc|iPhone.Deploy.0 = Debug|Any CPU
		{23403571-94A1-40B7-A062-601759E02559}.Ad-Hoc|iPhoneSimulator.ActiveCfg = Debug|Any CPU
		{23403571-94A1-40B7-A062-601759E02559}.Ad-Hoc|iPhoneSimulator.Build.0 = Debug|Any CPU
		{23403571-94A1-40B7-A062-601759E02559}.Ad-Hoc|iPhoneSimulator.Deploy.0 = Debug|Any CPU
		{23403571-94A1-40B7-A062-601759E02559}.Ad-Hoc|x64.ActiveCfg = Debug|Any CPU
		{23403571-94A1-40B7-A062-601759E02559}.Ad-Hoc|x64.Build.0 = Debug|Any CPU
		{23403571-94A1-40B7-A062-601759E02559}.Ad-Hoc|x64.Deploy.0 = Debug|Any CPU
		{23403571-94A1-40B7-A062-601759E02559}.Ad-Hoc|x86.ActiveCfg = Debug|Any CPU
		{23403571-94A1-40B7-A062-601759E02559}.Ad-Hoc|x86.Build.0 = Debug|Any CPU
		{23403571-94A1-40B7-A062-601759E02559}.Ad-Hoc|x86.Deploy.0 = Debug|Any CPU
		{23403571-94A1-40B7-A062-601759E02559}.AppStore|Any CPU.ActiveCfg = Debug|Any CPU
		{23403571-94A1-40B7-A062-601759E02559}.AppStore|Any CPU.Build.0 = Debug|Any CPU
		{23403571-94A1-40B7-A062-601759E02559}.AppStore|Any CPU.Deploy.0 = Debug|Any CPU
		{23403571-94A1-40B7-A062-601759E02559}.AppStore|ARM.ActiveCfg = Debug|Any CPU
		{23403571-94A1-40B7-A062-601759E02559}.AppStore|ARM.Build.0 = Debug|Any CPU
		{23403571-94A1-40B7-A062-601759E02559}.AppStore|ARM.Deploy.0 = Debug|Any CPU
		{23403571-94A1-40B7-A062-601759E02559}.AppStore|iPhone.ActiveCfg = Debug|Any CPU
		{23403571-94A1-40B7-A062-601759E02559}.AppStore|iPhone.Build.0 = Debug|Any CPU
		{23403571-94A1-40B7-A062-601759E02559}.AppStore|iPhone.Deploy.0 = Debug|Any CPU
		{23403571-94A1-40B7-A062-601759E02559}.AppStore|iPhoneSimulator.ActiveCfg = Debug|Any CPU
		{23403571-94A1-40B7-A062-601759E02559}.AppStore|iPhoneSimulator.Build.0 = Debug|Any CPU
		{23403571-94A1-40B7-A062-601759E02559}.AppStore|iPhoneSimulator.Deploy.0 = Debug|Any CPU
		{23403571-94A1-40B7-A062-601759E02559}.AppStore|x64.ActiveCfg = Debug|Any CPU
		{23403571-94A1-40B7-A062-601759E02559}.AppStore|x64.Build.0 = Debug|Any CPU
		{23403571-94A1-40B7-A062-601759E02559}.AppStore|x64.Deploy.0 = Debug|Any CPU
		{23403571-94A1-40B7-A062-601759E02559}.AppStore|x86.ActiveCfg = Debug|Any CPU
		{23403571-94A1-40B7-A062-601759E02559}.AppStore|x86.Build.0 = Debug|Any CPU
		{23403571-94A1-40B7-A062-601759E02559}.AppStore|x86.Deploy.0 = Debug|Any CPU
		{23403571-94A1-40B7-A062-601759E02559}.Debug|Any CPU.ActiveCfg = Debug|Any CPU
		{23403571-94A1-40B7-A062-601759E02559}.Debug|Any CPU.Build.0 = Debug|Any CPU
		{23403571-94A1-40B7-A062-601759E02559}.Debug|Any CPU.Deploy.0 = Debug|Any CPU
		{23403571-94A1-40B7-A062-601759E02559}.Debug|ARM.ActiveCfg = Debug|Any CPU
		{23403571-94A1-40B7-A062-601759E02559}.Debug|ARM.Build.0 = Debug|Any CPU
		{23403571-94A1-40B7-A062-601759E02559}.Debug|ARM.Deploy.0 = Debug|Any CPU
		{23403571-94A1-40B7-A062-601759E02559}.Debug|iPhone.ActiveCfg = Debug|Any CPU
		{23403571-94A1-40B7-A062-601759E02559}.Debug|iPhone.Build.0 = Debug|Any CPU
		{23403571-94A1-40B7-A062-601759E02559}.Debug|iPhone.Deploy.0 = Debug|Any CPU
		{23403571-94A1-40B7-A062-601759E02559}.Debug|iPhoneSimulator.ActiveCfg = Debug|Any CPU
		{23403571-94A1-40B7-A062-601759E02559}.Debug|iPhoneSimulator.Build.0 = Debug|Any CPU
		{23403571-94A1-40B7-A062-601759E02559}.Debug|iPhoneSimulator.Deploy.0 = Debug|Any CPU
		{23403571-94A1-40B7-A062-601759E02559}.Debug|x64.ActiveCfg = Debug|Any CPU
		{23403571-94A1-40B7-A062-601759E02559}.Debug|x64.Build.0 = Debug|Any CPU
		{23403571-94A1-40B7-A062-601759E02559}.Debug|x64.Deploy.0 = Debug|Any CPU
		{23403571-94A1-40B7-A062-601759E02559}.Debug|x86.ActiveCfg = Debug|Any CPU
		{23403571-94A1-40B7-A062-601759E02559}.Debug|x86.Build.0 = Debug|Any CPU
		{23403571-94A1-40B7-A062-601759E02559}.Debug|x86.Deploy.0 = Debug|Any CPU
		{23403571-94A1-40B7-A062-601759E02559}.Release|Any CPU.ActiveCfg = Release|Any CPU
		{23403571-94A1-40B7-A062-601759E02559}.Release|Any CPU.Build.0 = Release|Any CPU
		{23403571-94A1-40B7-A062-601759E02559}.Release|Any CPU.Deploy.0 = Release|Any CPU
		{23403571-94A1-40B7-A062-601759E02559}.Release|ARM.ActiveCfg = Release|Any CPU
		{23403571-94A1-40B7-A062-601759E02559}.Release|ARM.Build.0 = Release|Any CPU
		{23403571-94A1-40B7-A062-601759E02559}.Release|ARM.Deploy.0 = Release|Any CPU
		{23403571-94A1-40B7-A062-601759E02559}.Release|iPhone.ActiveCfg = Release|Any CPU
		{23403571-94A1-40B7-A062-601759E02559}.Release|iPhone.Build.0 = Release|Any CPU
		{23403571-94A1-40B7-A062-601759E02559}.Release|iPhone.Deploy.0 = Release|Any CPU
		{23403571-94A1-40B7-A062-601759E02559}.Release|iPhoneSimulator.ActiveCfg = Release|Any CPU
		{23403571-94A1-40B7-A062-601759E02559}.Release|iPhoneSimulator.Build.0 = Release|Any CPU
		{23403571-94A1-40B7-A062-601759E02559}.Release|iPhoneSimulator.Deploy.0 = Release|Any CPU
		{23403571-94A1-40B7-A062-601759E02559}.Release|x64.ActiveCfg = Release|Any CPU
		{23403571-94A1-40B7-A062-601759E02559}.Release|x64.Build.0 = Release|Any CPU
		{23403571-94A1-40B7-A062-601759E02559}.Release|x64.Deploy.0 = Release|Any CPU
		{23403571-94A1-40B7-A062-601759E02559}.Release|x86.ActiveCfg = Release|Any CPU
		{23403571-94A1-40B7-A062-601759E02559}.Release|x86.Build.0 = Release|Any CPU
		{23403571-94A1-40B7-A062-601759E02559}.Release|x86.Deploy.0 = Release|Any CPU
	EndGlobalSection
	GlobalSection(SolutionProperties) = preSolution
		HideSolutionNode = FALSE
	EndGlobalSection
	GlobalSection(ExtensibilityGlobals) = postSolution
		SolutionGuid = {A1324E08-61C3-4AC9-B3F4-98E4E5B2146C}
	EndGlobalSection
EndGlobal
