
Microsoft Visual Studio Solution File, Format Version 12.00
# Visual Studio 15
VisualStudioVersion = 15.0.28307.136
MinimumVisualStudioVersion = 10.0.40219.1
Project("{FAE04EC0-301F-11D3-BF4B-00C04F79EFBC}") = "App1_NossoChat.Android", "App1_NossoChat\App1_NossoChat.Android\App1_NossoChat.Android.csproj", "{4624EB54-3449-493B-8507-C4A95929BEE7}"
EndProject
Project("{FAE04EC0-301F-11D3-BF4B-00C04F79EFBC}") = "App1_NossoChat.iOS", "App1_NossoChat\App1_NossoChat.iOS\App1_NossoChat.iOS.csproj", "{8D081BDE-F311-47C5-B762-89D7C10D3563}"
EndProject
Project("{FAE04EC0-301F-11D3-BF4B-00C04F79EFBC}") = "App1_NossoChat.UWP", "App1_NossoChat\App1_NossoChat.UWP\App1_NossoChat.UWP.csproj", "{85412562-FC53-4FC1-A9D5-C61B9654948A}"
EndProject
Project("{FAE04EC0-301F-11D3-BF4B-00C04F79EFBC}") = "App1_NossoChat", "App1_NossoChat\App1_NossoChat\App1_NossoChat.csproj", "{2678683B-9276-4535-BD8D-C7CA4E14E2D1}"
EndProject
Global
	GlobalSection(SolutionConfigurationPlatforms) = preSolution
		Ad-Hoc|Any CPU = Ad-Hoc|Any CPU
		Ad-Hoc|ARM = Ad-Hoc|ARM
		Ad-Hoc|iPhone = Ad-Hoc|iPhone
		Ad-Hoc|iPhoneSimulator = Ad-Hoc|iPhoneSimulator
		Ad-Hoc|x64 = Ad-Hoc|x64
		Ad-Hoc|x86 = Ad-Hoc|x86
		AppStore|Any CPU = AppStore|Any CPU
		AppStore|ARM = AppStore|ARM
		AppStore|iPhone = AppStore|iPhone
		AppStore|iPhoneSimulator = AppStore|iPhoneSimulator
		AppStore|x64 = AppStore|x64
		AppStore|x86 = AppStore|x86
		Debug|Any CPU = Debug|Any CPU
		Debug|ARM = Debug|ARM
		Debug|iPhone = Debug|iPhone
		Debug|iPhoneSimulator = Debug|iPhoneSimulator
		Debug|x64 = Debug|x64
		Debug|x86 = Debug|x86
		Release|Any CPU = Release|Any CPU
		Release|ARM = Release|ARM
		Release|iPhone = Release|iPhone
		Release|iPhoneSimulator = Release|iPhoneSimulator
		Release|x64 = Release|x64
		Release|x86 = Release|x86
	EndGlobalSection
	GlobalSection(ProjectConfigurationPlatforms) = postSolution
		{4624EB54-3449-493B-8507-C4A95929BEE7}.Ad-Hoc|Any CPU.ActiveCfg = Release|Any CPU
		{4624EB54-3449-493B-8507-C4A95929BEE7}.Ad-Hoc|Any CPU.Build.0 = Release|Any CPU
		{4624EB54-3449-493B-8507-C4A95929BEE7}.Ad-Hoc|Any CPU.Deploy.0 = Release|Any CPU
		{4624EB54-3449-493B-8507-C4A95929BEE7}.Ad-Hoc|ARM.ActiveCfg = Release|Any CPU
		{4624EB54-3449-493B-8507-C4A95929BEE7}.Ad-Hoc|ARM.Build.0 = Release|Any CPU
		{4624EB54-3449-493B-8507-C4A95929BEE7}.Ad-Hoc|ARM.Deploy.0 = Release|Any CPU
		{4624EB54-3449-493B-8507-C4A95929BEE7}.Ad-Hoc|iPhone.ActiveCfg = Release|Any CPU
		{4624EB54-3449-493B-8507-C4A95929BEE7}.Ad-Hoc|iPhone.Build.0 = Release|Any CPU
		{4624EB54-3449-493B-8507-C4A95929BEE7}.Ad-Hoc|iPhone.Deploy.0 = Release|Any CPU
		{4624EB54-3449-493B-8507-C4A95929BEE7}.Ad-Hoc|iPhoneSimulator.ActiveCfg = Release|Any CPU
		{4624EB54-3449-493B-8507-C4A95929BEE7}.Ad-Hoc|iPhoneSimulator.Build.0 = Release|Any CPU
		{4624EB54-3449-493B-8507-C4A95929BEE7}.Ad-Hoc|iPhoneSimulator.Deploy.0 = Release|Any CPU
		{4624EB54-3449-493B-8507-C4A95929BEE7}.Ad-Hoc|x64.ActiveCfg = Release|Any CPU
		{4624EB54-3449-493B-8507-C4A95929BEE7}.Ad-Hoc|x64.Build.0 = Release|Any CPU
		{4624EB54-3449-493B-8507-C4A95929BEE7}.Ad-Hoc|x64.Deploy.0 = Release|Any CPU
		{4624EB54-3449-493B-8507-C4A95929BEE7}.Ad-Hoc|x86.ActiveCfg = Release|Any CPU
		{4624EB54-3449-493B-8507-C4A95929BEE7}.Ad-Hoc|x86.Build.0 = Release|Any CPU
		{4624EB54-3449-493B-8507-C4A95929BEE7}.Ad-Hoc|x86.Deploy.0 = Release|Any CPU
		{4624EB54-3449-493B-8507-C4A95929BEE7}.AppStore|Any CPU.ActiveCfg = Release|Any CPU
		{4624EB54-3449-493B-8507-C4A95929BEE7}.AppStore|Any CPU.Build.0 = Release|Any CPU
		{4624EB54-3449-493B-8507-C4A95929BEE7}.AppStore|Any CPU.Deploy.0 = Release|Any CPU
		{4624EB54-3449-493B-8507-C4A95929BEE7}.AppStore|ARM.ActiveCfg = Release|Any CPU
		{4624EB54-3449-493B-8507-C4A95929BEE7}.AppStore|ARM.Build.0 = Release|Any CPU
		{4624EB54-3449-493B-8507-C4A95929BEE7}.AppStore|ARM.Deploy.0 = Release|Any CPU
		{4624EB54-3449-493B-8507-C4A95929BEE7}.AppStore|iPhone.ActiveCfg = Release|Any CPU
		{4624EB54-3449-493B-8507-C4A95929BEE7}.AppStore|iPhone.Build.0 = Release|Any CPU
		{4624EB54-3449-493B-8507-C4A95929BEE7}.AppStore|iPhone.Deploy.0 = Release|Any CPU
		{4624EB54-3449-493B-8507-C4A95929BEE7}.AppStore|iPhoneSimulator.ActiveCfg = Release|Any CPU
		{4624EB54-3449-493B-8507-C4A95929BEE7}.AppStore|iPhoneSimulator.Build.0 = Release|Any CPU
		{4624EB54-3449-493B-8507-C4A95929BEE7}.AppStore|iPhoneSimulator.Deploy.0 = Release|Any CPU
		{4624EB54-3449-493B-8507-C4A95929BEE7}.AppStore|x64.ActiveCfg = Release|Any CPU
		{4624EB54-3449-493B-8507-C4A95929BEE7}.AppStore|x64.Build.0 = Release|Any CPU
		{4624EB54-3449-493B-8507-C4A95929BEE7}.AppStore|x64.Deploy.0 = Release|Any CPU
		{4624EB54-3449-493B-8507-C4A95929BEE7}.AppStore|x86.ActiveCfg = Release|Any CPU
		{4624EB54-3449-493B-8507-C4A95929BEE7}.AppStore|x86.Build.0 = Release|Any CPU
		{4624EB54-3449-493B-8507-C4A95929BEE7}.AppStore|x86.Deploy.0 = Release|Any CPU
		{4624EB54-3449-493B-8507-C4A95929BEE7}.Debug|Any CPU.ActiveCfg = Debug|Any CPU
		{4624EB54-3449-493B-8507-C4A95929BEE7}.Debug|Any CPU.Build.0 = Debug|Any CPU
		{4624EB54-3449-493B-8507-C4A95929BEE7}.Debug|Any CPU.Deploy.0 = Debug|Any CPU
		{4624EB54-3449-493B-8507-C4A95929BEE7}.Debug|ARM.ActiveCfg = Debug|Any CPU
		{4624EB54-3449-493B-8507-C4A95929BEE7}.Debug|ARM.Build.0 = Debug|Any CPU
		{4624EB54-3449-493B-8507-C4A95929BEE7}.Debug|ARM.Deploy.0 = Debug|Any CPU
		{4624EB54-3449-493B-8507-C4A95929BEE7}.Debug|iPhone.ActiveCfg = Debug|Any CPU
		{4624EB54-3449-493B-8507-C4A95929BEE7}.Debug|iPhone.Build.0 = Debug|Any CPU
		{4624EB54-3449-493B-8507-C4A95929BEE7}.Debug|iPhone.Deploy.0 = Debug|Any CPU
		{4624EB54-3449-493B-8507-C4A95929BEE7}.Debug|iPhoneSimulator.ActiveCfg = Debug|Any CPU
		{4624EB54-3449-493B-8507-C4A95929BEE7}.Debug|iPhoneSimulator.Build.0 = Debug|Any CPU
		{4624EB54-3449-493B-8507-C4A95929BEE7}.Debug|iPhoneSimulator.Deploy.0 = Debug|Any CPU
		{4624EB54-3449-493B-8507-C4A95929BEE7}.Debug|x64.ActiveCfg = Debug|Any CPU
		{4624EB54-3449-493B-8507-C4A95929BEE7}.Debug|x64.Build.0 = Debug|Any CPU
		{4624EB54-3449-493B-8507-C4A95929BEE7}.Debug|x64.Deploy.0 = Debug|Any CPU
		{4624EB54-3449-493B-8507-C4A95929BEE7}.Debug|x86.ActiveCfg = Debug|Any CPU
		{4624EB54-3449-493B-8507-C4A95929BEE7}.Debug|x86.Build.0 = Debug|Any CPU
		{4624EB54-3449-493B-8507-C4A95929BEE7}.Debug|x86.Deploy.0 = Debug|Any CPU
		{4624EB54-3449-493B-8507-C4A95929BEE7}.Release|Any CPU.ActiveCfg = Release|Any CPU
		{4624EB54-3449-493B-8507-C4A95929BEE7}.Release|Any CPU.Build.0 = Release|Any CPU
		{4624EB54-3449-493B-8507-C4A95929BEE7}.Release|Any CPU.Deploy.0 = Release|Any CPU
		{4624EB54-3449-493B-8507-C4A95929BEE7}.Release|ARM.ActiveCfg = Release|Any CPU
		{4624EB54-3449-493B-8507-C4A95929BEE7}.Release|ARM.Build.0 = Release|Any CPU
		{4624EB54-3449-493B-8507-C4A95929BEE7}.Release|ARM.Deploy.0 = Release|Any CPU
		{4624EB54-3449-493B-8507-C4A95929BEE7}.Release|iPhone.ActiveCfg = Release|Any CPU
		{4624EB54-3449-493B-8507-C4A95929BEE7}.Release|iPhone.Build.0 = Release|Any CPU
		{4624EB54-3449-493B-8507-C4A95929BEE7}.Release|iPhone.Deploy.0 = Release|Any CPU
		{4624EB54-3449-493B-8507-C4A95929BEE7}.Release|iPhoneSimulator.ActiveCfg = Release|Any CPU
		{4624EB54-3449-493B-8507-C4A95929BEE7}.Release|iPhoneSimulator.Build.0 = Release|Any CPU
		{4624EB54-3449-493B-8507-C4A95929BEE7}.Release|iPhoneSimulator.Deploy.0 = Release|Any CPU
		{4624EB54-3449-493B-8507-C4A95929BEE7}.Release|x64.ActiveCfg = Release|Any CPU
		{4624EB54-3449-493B-8507-C4A95929BEE7}.Release|x64.Build.0 = Release|Any CPU
		{4624EB54-3449-493B-8507-C4A95929BEE7}.Release|x64.Deploy.0 = Release|Any CPU
		{4624EB54-3449-493B-8507-C4A95929BEE7}.Release|x86.ActiveCfg = Release|Any CPU
		{4624EB54-3449-493B-8507-C4A95929BEE7}.Release|x86.Build.0 = Release|Any CPU
		{4624EB54-3449-493B-8507-C4A95929BEE7}.Release|x86.Deploy.0 = Release|Any CPU
		{8D081BDE-F311-47C5-B762-89D7C10D3563}.Ad-Hoc|Any CPU.ActiveCfg = Ad-Hoc|iPhone
		{8D081BDE-F311-47C5-B762-89D7C10D3563}.Ad-Hoc|Any CPU.Build.0 = Ad-Hoc|iPhone
		{8D081BDE-F311-47C5-B762-89D7C10D3563}.Ad-Hoc|Any CPU.Deploy.0 = Ad-Hoc|iPhone
		{8D081BDE-F311-47C5-B762-89D7C10D3563}.Ad-Hoc|ARM.ActiveCfg = Ad-Hoc|iPhone
		{8D081BDE-F311-47C5-B762-89D7C10D3563}.Ad-Hoc|ARM.Build.0 = Ad-Hoc|iPhone
		{8D081BDE-F311-47C5-B762-89D7C10D3563}.Ad-Hoc|ARM.Deploy.0 = Ad-Hoc|iPhone
		{8D081BDE-F311-47C5-B762-89D7C10D3563}.Ad-Hoc|iPhone.ActiveCfg = Ad-Hoc|iPhone
		{8D081BDE-F311-47C5-B762-89D7C10D3563}.Ad-Hoc|iPhone.Build.0 = Ad-Hoc|iPhone
		{8D081BDE-F311-47C5-B762-89D7C10D3563}.Ad-Hoc|iPhone.Deploy.0 = Ad-Hoc|iPhone
		{8D081BDE-F311-47C5-B762-89D7C10D3563}.Ad-Hoc|iPhoneSimulator.ActiveCfg = Ad-Hoc|iPhoneSimulator
		{8D081BDE-F311-47C5-B762-89D7C10D3563}.Ad-Hoc|iPhoneSimulator.Build.0 = Ad-Hoc|iPhoneSimulator
		{8D081BDE-F311-47C5-B762-89D7C10D3563}.Ad-Hoc|iPhoneSimulator.Deploy.0 = Ad-Hoc|iPhoneSimulator
		{8D081BDE-F311-47C5-B762-89D7C10D3563}.Ad-Hoc|x64.ActiveCfg = Ad-Hoc|iPhone
		{8D081BDE-F311-47C5-B762-89D7C10D3563}.Ad-Hoc|x64.Build.0 = Ad-Hoc|iPhone
		{8D081BDE-F311-47C5-B762-89D7C10D3563}.Ad-Hoc|x64.Deploy.0 = Ad-Hoc|iPhone
		{8D081BDE-F311-47C5-B762-89D7C10D3563}.Ad-Hoc|x86.ActiveCfg = Ad-Hoc|iPhone
		{8D081BDE-F311-47C5-B762-89D7C10D3563}.Ad-Hoc|x86.Build.0 = Ad-Hoc|iPhone
		{8D081BDE-F311-47C5-B762-89D7C10D3563}.Ad-Hoc|x86.Deploy.0 = Ad-Hoc|iPhone
		{8D081BDE-F311-47C5-B762-89D7C10D3563}.AppStore|Any CPU.ActiveCfg = AppStore|iPhone
		{8D081BDE-F311-47C5-B762-89D7C10D3563}.AppStore|Any CPU.Build.0 = AppStore|iPhone
		{8D081BDE-F311-47C5-B762-89D7C10D3563}.AppStore|Any CPU.Deploy.0 = AppStore|iPhone
		{8D081BDE-F311-47C5-B762-89D7C10D3563}.AppStore|ARM.ActiveCfg = AppStore|iPhone
		{8D081BDE-F311-47C5-B762-89D7C10D3563}.AppStore|ARM.Build.0 = AppStore|iPhone
		{8D081BDE-F311-47C5-B762-89D7C10D3563}.AppStore|ARM.Deploy.0 = AppStore|iPhone
		{8D081BDE-F311-47C5-B762-89D7C10D3563}.AppStore|iPhone.ActiveCfg = AppStore|iPhone
		{8D081BDE-F311-47C5-B762-89D7C10D3563}.AppStore|iPhone.Build.0 = AppStore|iPhone
		{8D081BDE-F311-47C5-B762-89D7C10D3563}.AppStore|iPhone.Deploy.0 = AppStore|iPhone
		{8D081BDE-F311-47C5-B762-89D7C10D3563}.AppStore|iPhoneSimulator.ActiveCfg = AppStore|iPhoneSimulator
		{8D081BDE-F311-47C5-B762-89D7C10D3563}.AppStore|iPhoneSimulator.Build.0 = AppStore|iPhoneSimulator
		{8D081BDE-F311-47C5-B762-89D7C10D3563}.AppStore|iPhoneSimulator.Deploy.0 = AppStore|iPhoneSimulator
		{8D081BDE-F311-47C5-B762-89D7C10D3563}.AppStore|x64.ActiveCfg = AppStore|iPhone
		{8D081BDE-F311-47C5-B762-89D7C10D3563}.AppStore|x64.Build.0 = AppStore|iPhone
		{8D081BDE-F311-47C5-B762-89D7C10D3563}.AppStore|x64.Deploy.0 = AppStore|iPhone
		{8D081BDE-F311-47C5-B762-89D7C10D3563}.AppStore|x86.ActiveCfg = AppStore|iPhone
		{8D081BDE-F311-47C5-B762-89D7C10D3563}.AppStore|x86.Build.0 = AppStore|iPhone
		{8D081BDE-F311-47C5-B762-89D7C10D3563}.AppStore|x86.Deploy.0 = AppStore|iPhone
		{8D081BDE-F311-47C5-B762-89D7C10D3563}.Debug|Any CPU.ActiveCfg = Debug|iPhoneSimulator
		{8D081BDE-F311-47C5-B762-89D7C10D3563}.Debug|Any CPU.Build.0 = Debug|iPhoneSimulator
		{8D081BDE-F311-47C5-B762-89D7C10D3563}.Debug|Any CPU.Deploy.0 = Debug|iPhoneSimulator
		{8D081BDE-F311-47C5-B762-89D7C10D3563}.Debug|ARM.ActiveCfg = Debug|iPhone
		{8D081BDE-F311-47C5-B762-89D7C10D3563}.Debug|ARM.Build.0 = Debug|iPhone
		{8D081BDE-F311-47C5-B762-89D7C10D3563}.Debug|ARM.Deploy.0 = Debug|iPhone
		{8D081BDE-F311-47C5-B762-89D7C10D3563}.Debug|iPhone.ActiveCfg = Debug|iPhone
		{8D081BDE-F311-47C5-B762-89D7C10D3563}.Debug|iPhone.Build.0 = Debug|iPhone
		{8D081BDE-F311-47C5-B762-89D7C10D3563}.Debug|iPhone.Deploy.0 = Debug|iPhone
		{8D081BDE-F311-47C5-B762-89D7C10D3563}.Debug|iPhoneSimulator.ActiveCfg = Debug|iPhoneSimulator
		{8D081BDE-F311-47C5-B762-89D7C10D3563}.Debug|iPhoneSimulator.Build.0 = Debug|iPhoneSimulator
		{8D081BDE-F311-47C5-B762-89D7C10D3563}.Debug|iPhoneSimulator.Deploy.0 = Debug|iPhoneSimulator
		{8D081BDE-F311-47C5-B762-89D7C10D3563}.Debug|x64.ActiveCfg = Debug|iPhone
		{8D081BDE-F311-47C5-B762-89D7C10D3563}.Debug|x64.Build.0 = Debug|iPhone
		{8D081BDE-F311-47C5-B762-89D7C10D3563}.Debug|x64.Deploy.0 = Debug|iPhone
		{8D081BDE-F311-47C5-B762-89D7C10D3563}.Debug|x86.ActiveCfg = Debug|iPhone
		{8D081BDE-F311-47C5-B762-89D7C10D3563}.Debug|x86.Build.0 = Debug|iPhone
		{8D081BDE-F311-47C5-B762-89D7C10D3563}.Debug|x86.Deploy.0 = Debug|iPhone
		{8D081BDE-F311-47C5-B762-89D7C10D3563}.Release|Any CPU.ActiveCfg = Release|iPhone
		{8D081BDE-F311-47C5-B762-89D7C10D3563}.Release|Any CPU.Build.0 = Release|iPhone
		{8D081BDE-F311-47C5-B762-89D7C10D3563}.Release|Any CPU.Deploy.0 = Release|iPhone
		{8D081BDE-F311-47C5-B762-89D7C10D3563}.Release|ARM.ActiveCfg = Release|iPhone
		{8D081BDE-F311-47C5-B762-89D7C10D3563}.Release|ARM.Build.0 = Release|iPhone
		{8D081BDE-F311-47C5-B762-89D7C10D3563}.Release|ARM.Deploy.0 = Release|iPhone
		{8D081BDE-F311-47C5-B762-89D7C10D3563}.Release|iPhone.ActiveCfg = Release|iPhone
		{8D081BDE-F311-47C5-B762-89D7C10D3563}.Release|iPhone.Build.0 = Release|iPhone
		{8D081BDE-F311-47C5-B762-89D7C10D3563}.Release|iPhone.Deploy.0 = Release|iPhone
		{8D081BDE-F311-47C5-B762-89D7C10D3563}.Release|iPhoneSimulator.ActiveCfg = Release|iPhoneSimulator
		{8D081BDE-F311-47C5-B762-89D7C10D3563}.Release|iPhoneSimulator.Build.0 = Release|iPhoneSimulator
		{8D081BDE-F311-47C5-B762-89D7C10D3563}.Release|iPhoneSimulator.Deploy.0 = Release|iPhoneSimulator
		{8D081BDE-F311-47C5-B762-89D7C10D3563}.Release|x64.ActiveCfg = Release|iPhone
		{8D081BDE-F311-47C5-B762-89D7C10D3563}.Release|x64.Build.0 = Release|iPhone
		{8D081BDE-F311-47C5-B762-89D7C10D3563}.Release|x64.Deploy.0 = Release|iPhone
		{8D081BDE-F311-47C5-B762-89D7C10D3563}.Release|x86.ActiveCfg = Release|iPhone
		{8D081BDE-F311-47C5-B762-89D7C10D3563}.Release|x86.Build.0 = Release|iPhone
		{8D081BDE-F311-47C5-B762-89D7C10D3563}.Release|x86.Deploy.0 = Release|iPhone
		{85412562-FC53-4FC1-A9D5-C61B9654948A}.Ad-Hoc|Any CPU.ActiveCfg = Release|x86
		{85412562-FC53-4FC1-A9D5-C61B9654948A}.Ad-Hoc|Any CPU.Build.0 = Release|x86
		{85412562-FC53-4FC1-A9D5-C61B9654948A}.Ad-Hoc|Any CPU.Deploy.0 = Release|x86
		{85412562-FC53-4FC1-A9D5-C61B9654948A}.Ad-Hoc|ARM.ActiveCfg = Release|ARM
		{85412562-FC53-4FC1-A9D5-C61B9654948A}.Ad-Hoc|ARM.Build.0 = Release|ARM
		{85412562-FC53-4FC1-A9D5-C61B9654948A}.Ad-Hoc|ARM.Deploy.0 = Release|ARM
		{85412562-FC53-4FC1-A9D5-C61B9654948A}.Ad-Hoc|iPhone.ActiveCfg = Release|x86
		{85412562-FC53-4FC1-A9D5-C61B9654948A}.Ad-Hoc|iPhone.Build.0 = Release|x86
		{85412562-FC53-4FC1-A9D5-C61B9654948A}.Ad-Hoc|iPhone.Deploy.0 = Release|x86
		{85412562-FC53-4FC1-A9D5-C61B9654948A}.Ad-Hoc|iPhoneSimulator.ActiveCfg = Release|x86
		{85412562-FC53-4FC1-A9D5-C61B9654948A}.Ad-Hoc|iPhoneSimulator.Build.0 = Release|x86
		{85412562-FC53-4FC1-A9D5-C61B9654948A}.Ad-Hoc|iPhoneSimulator.Deploy.0 = Release|x86
		{85412562-FC53-4FC1-A9D5-C61B9654948A}.Ad-Hoc|x64.ActiveCfg = Release|x64
		{85412562-FC53-4FC1-A9D5-C61B9654948A}.Ad-Hoc|x64.Build.0 = Release|x64
		{85412562-FC53-4FC1-A9D5-C61B9654948A}.Ad-Hoc|x64.Deploy.0 = Release|x64
		{85412562-FC53-4FC1-A9D5-C61B9654948A}.Ad-Hoc|x86.ActiveCfg = Release|x86
		{85412562-FC53-4FC1-A9D5-C61B9654948A}.Ad-Hoc|x86.Build.0 = Release|x86
		{85412562-FC53-4FC1-A9D5-C61B9654948A}.Ad-Hoc|x86.Deploy.0 = Release|x86
		{85412562-FC53-4FC1-A9D5-C61B9654948A}.AppStore|Any CPU.ActiveCfg = Release|x86
		{85412562-FC53-4FC1-A9D5-C61B9654948A}.AppStore|Any CPU.Build.0 = Release|x86
		{85412562-FC53-4FC1-A9D5-C61B9654948A}.AppStore|Any CPU.Deploy.0 = Release|x86
		{85412562-FC53-4FC1-A9D5-C61B9654948A}.AppStore|ARM.ActiveCfg = Release|ARM
		{85412562-FC53-4FC1-A9D5-C61B9654948A}.AppStore|ARM.Build.0 = Release|ARM
		{85412562-FC53-4FC1-A9D5-C61B9654948A}.AppStore|ARM.Deploy.0 = Release|ARM
		{85412562-FC53-4FC1-A9D5-C61B9654948A}.AppStore|iPhone.ActiveCfg = Release|x86
		{85412562-FC53-4FC1-A9D5-C61B9654948A}.AppStore|iPhone.Build.0 = Release|x86
		{85412562-FC53-4FC1-A9D5-C61B9654948A}.AppStore|iPhone.Deploy.0 = Release|x86
		{85412562-FC53-4FC1-A9D5-C61B9654948A}.AppStore|iPhoneSimulator.ActiveCfg = Release|x86
		{85412562-FC53-4FC1-A9D5-C61B9654948A}.AppStore|iPhoneSimulator.Build.0 = Release|x86
		{85412562-FC53-4FC1-A9D5-C61B9654948A}.AppStore|iPhoneSimulator.Deploy.0 = Release|x86
		{85412562-FC53-4FC1-A9D5-C61B9654948A}.AppStore|x64.ActiveCfg = Release|x64
		{85412562-FC53-4FC1-A9D5-C61B9654948A}.AppStore|x64.Build.0 = Release|x64
		{85412562-FC53-4FC1-A9D5-C61B9654948A}.AppStore|x64.Deploy.0 = Release|x64
		{85412562-FC53-4FC1-A9D5-C61B9654948A}.AppStore|x86.ActiveCfg = Release|x86
		{85412562-FC53-4FC1-A9D5-C61B9654948A}.AppStore|x86.Build.0 = Release|x86
		{85412562-FC53-4FC1-A9D5-C61B9654948A}.AppStore|x86.Deploy.0 = Release|x86
		{85412562-FC53-4FC1-A9D5-C61B9654948A}.Debug|Any CPU.ActiveCfg = Debug|x86
		{85412562-FC53-4FC1-A9D5-C61B9654948A}.Debug|Any CPU.Build.0 = Debug|x86
		{85412562-FC53-4FC1-A9D5-C61B9654948A}.Debug|Any CPU.Deploy.0 = Debug|x86
		{85412562-FC53-4FC1-A9D5-C61B9654948A}.Debug|ARM.ActiveCfg = Debug|ARM
		{85412562-FC53-4FC1-A9D5-C61B9654948A}.Debug|ARM.Build.0 = Debug|ARM
		{85412562-FC53-4FC1-A9D5-C61B9654948A}.Debug|ARM.Deploy.0 = Debug|ARM
		{85412562-FC53-4FC1-A9D5-C61B9654948A}.Debug|iPhone.ActiveCfg = Debug|x86
		{85412562-FC53-4FC1-A9D5-C61B9654948A}.Debug|iPhone.Build.0 = Debug|x86
		{85412562-FC53-4FC1-A9D5-C61B9654948A}.Debug|iPhone.Deploy.0 = Debug|x86
		{85412562-FC53-4FC1-A9D5-C61B9654948A}.Debug|iPhoneSimulator.ActiveCfg = Debug|x86
		{85412562-FC53-4FC1-A9D5-C61B9654948A}.Debug|iPhoneSimulator.Build.0 = Debug|x86
		{85412562-FC53-4FC1-A9D5-C61B9654948A}.Debug|iPhoneSimulator.Deploy.0 = Debug|x86
		{85412562-FC53-4FC1-A9D5-C61B9654948A}.Debug|x64.ActiveCfg = Debug|x64
		{85412562-FC53-4FC1-A9D5-C61B9654948A}.Debug|x64.Build.0 = Debug|x64
		{85412562-FC53-4FC1-A9D5-C61B9654948A}.Debug|x64.Deploy.0 = Debug|x64
		{85412562-FC53-4FC1-A9D5-C61B9654948A}.Debug|x86.ActiveCfg = Debug|x86
		{85412562-FC53-4FC1-A9D5-C61B9654948A}.Debug|x86.Build.0 = Debug|x86
		{85412562-FC53-4FC1-A9D5-C61B9654948A}.Debug|x86.Deploy.0 = Debug|x86
		{85412562-FC53-4FC1-A9D5-C61B9654948A}.Release|Any CPU.ActiveCfg = Release|x86
		{85412562-FC53-4FC1-A9D5-C61B9654948A}.Release|Any CPU.Build.0 = Release|x86
		{85412562-FC53-4FC1-A9D5-C61B9654948A}.Release|Any CPU.Deploy.0 = Release|x86
		{85412562-FC53-4FC1-A9D5-C61B9654948A}.Release|ARM.ActiveCfg = Release|ARM
		{85412562-FC53-4FC1-A9D5-C61B9654948A}.Release|ARM.Build.0 = Release|ARM
		{85412562-FC53-4FC1-A9D5-C61B9654948A}.Release|ARM.Deploy.0 = Release|ARM
		{85412562-FC53-4FC1-A9D5-C61B9654948A}.Release|iPhone.ActiveCfg = Release|x86
		{85412562-FC53-4FC1-A9D5-C61B9654948A}.Release|iPhone.Build.0 = Release|x86
		{85412562-FC53-4FC1-A9D5-C61B9654948A}.Release|iPhone.Deploy.0 = Release|x86
		{85412562-FC53-4FC1-A9D5-C61B9654948A}.Release|iPhoneSimulator.ActiveCfg = Release|x86
		{85412562-FC53-4FC1-A9D5-C61B9654948A}.Release|iPhoneSimulator.Build.0 = Release|x86
		{85412562-FC53-4FC1-A9D5-C61B9654948A}.Release|iPhoneSimulator.Deploy.0 = Release|x86
		{85412562-FC53-4FC1-A9D5-C61B9654948A}.Release|x64.ActiveCfg = Release|x64
		{85412562-FC53-4FC1-A9D5-C61B9654948A}.Release|x64.Build.0 = Release|x64
		{85412562-FC53-4FC1-A9D5-C61B9654948A}.Release|x64.Deploy.0 = Release|x64
		{85412562-FC53-4FC1-A9D5-C61B9654948A}.Release|x86.ActiveCfg = Release|x86
		{85412562-FC53-4FC1-A9D5-C61B9654948A}.Release|x86.Build.0 = Release|x86
		{85412562-FC53-4FC1-A9D5-C61B9654948A}.Release|x86.Deploy.0 = Release|x86
		{2678683B-9276-4535-BD8D-C7CA4E14E2D1}.Ad-Hoc|Any CPU.ActiveCfg = Debug|Any CPU
		{2678683B-9276-4535-BD8D-C7CA4E14E2D1}.Ad-Hoc|Any CPU.Build.0 = Debug|Any CPU
		{2678683B-9276-4535-BD8D-C7CA4E14E2D1}.Ad-Hoc|Any CPU.Deploy.0 = Debug|Any CPU
		{2678683B-9276-4535-BD8D-C7CA4E14E2D1}.Ad-Hoc|ARM.ActiveCfg = Debug|Any CPU
		{2678683B-9276-4535-BD8D-C7CA4E14E2D1}.Ad-Hoc|ARM.Build.0 = Debug|Any CPU
		{2678683B-9276-4535-BD8D-C7CA4E14E2D1}.Ad-Hoc|ARM.Deploy.0 = Debug|Any CPU
		{2678683B-9276-4535-BD8D-C7CA4E14E2D1}.Ad-Hoc|iPhone.ActiveCfg = Debug|Any CPU
		{2678683B-9276-4535-BD8D-C7CA4E14E2D1}.Ad-Hoc|iPhone.Build.0 = Debug|Any CPU
		{2678683B-9276-4535-BD8D-C7CA4E14E2D1}.Ad-Hoc|iPhone.Deploy.0 = Debug|Any CPU
		{2678683B-9276-4535-BD8D-C7CA4E14E2D1}.Ad-Hoc|iPhoneSimulator.ActiveCfg = Debug|Any CPU
		{2678683B-9276-4535-BD8D-C7CA4E14E2D1}.Ad-Hoc|iPhoneSimulator.Build.0 = Debug|Any CPU
		{2678683B-9276-4535-BD8D-C7CA4E14E2D1}.Ad-Hoc|iPhoneSimulator.Deploy.0 = Debug|Any CPU
		{2678683B-9276-4535-BD8D-C7CA4E14E2D1}.Ad-Hoc|x64.ActiveCfg = Debug|Any CPU
		{2678683B-9276-4535-BD8D-C7CA4E14E2D1}.Ad-Hoc|x64.Build.0 = Debug|Any CPU
		{2678683B-9276-4535-BD8D-C7CA4E14E2D1}.Ad-Hoc|x64.Deploy.0 = Debug|Any CPU
		{2678683B-9276-4535-BD8D-C7CA4E14E2D1}.Ad-Hoc|x86.ActiveCfg = Debug|Any CPU
		{2678683B-9276-4535-BD8D-C7CA4E14E2D1}.Ad-Hoc|x86.Build.0 = Debug|Any CPU
		{2678683B-9276-4535-BD8D-C7CA4E14E2D1}.Ad-Hoc|x86.Deploy.0 = Debug|Any CPU
		{2678683B-9276-4535-BD8D-C7CA4E14E2D1}.AppStore|Any CPU.ActiveCfg = Debug|Any CPU
		{2678683B-9276-4535-BD8D-C7CA4E14E2D1}.AppStore|Any CPU.Build.0 = Debug|Any CPU
		{2678683B-9276-4535-BD8D-C7CA4E14E2D1}.AppStore|Any CPU.Deploy.0 = Debug|Any CPU
		{2678683B-9276-4535-BD8D-C7CA4E14E2D1}.AppStore|ARM.ActiveCfg = Debug|Any CPU
		{2678683B-9276-4535-BD8D-C7CA4E14E2D1}.AppStore|ARM.Build.0 = Debug|Any CPU
		{2678683B-9276-4535-BD8D-C7CA4E14E2D1}.AppStore|ARM.Deploy.0 = Debug|Any CPU
		{2678683B-9276-4535-BD8D-C7CA4E14E2D1}.AppStore|iPhone.ActiveCfg = Debug|Any CPU
		{2678683B-9276-4535-BD8D-C7CA4E14E2D1}.AppStore|iPhone.Build.0 = Debug|Any CPU
		{2678683B-9276-4535-BD8D-C7CA4E14E2D1}.AppStore|iPhone.Deploy.0 = Debug|Any CPU
		{2678683B-9276-4535-BD8D-C7CA4E14E2D1}.AppStore|iPhoneSimulator.ActiveCfg = Debug|Any CPU
		{2678683B-9276-4535-BD8D-C7CA4E14E2D1}.AppStore|iPhoneSimulator.Build.0 = Debug|Any CPU
		{2678683B-9276-4535-BD8D-C7CA4E14E2D1}.AppStore|iPhoneSimulator.Deploy.0 = Debug|Any CPU
		{2678683B-9276-4535-BD8D-C7CA4E14E2D1}.AppStore|x64.ActiveCfg = Debug|Any CPU
		{2678683B-9276-4535-BD8D-C7CA4E14E2D1}.AppStore|x64.Build.0 = Debug|Any CPU
		{2678683B-9276-4535-BD8D-C7CA4E14E2D1}.AppStore|x64.Deploy.0 = Debug|Any CPU
		{2678683B-9276-4535-BD8D-C7CA4E14E2D1}.AppStore|x86.ActiveCfg = Debug|Any CPU
		{2678683B-9276-4535-BD8D-C7CA4E14E2D1}.AppStore|x86.Build.0 = Debug|Any CPU
		{2678683B-9276-4535-BD8D-C7CA4E14E2D1}.AppStore|x86.Deploy.0 = Debug|Any CPU
		{2678683B-9276-4535-BD8D-C7CA4E14E2D1}.Debug|Any CPU.ActiveCfg = Debug|Any CPU
		{2678683B-9276-4535-BD8D-C7CA4E14E2D1}.Debug|Any CPU.Build.0 = Debug|Any CPU
		{2678683B-9276-4535-BD8D-C7CA4E14E2D1}.Debug|Any CPU.Deploy.0 = Debug|Any CPU
		{2678683B-9276-4535-BD8D-C7CA4E14E2D1}.Debug|ARM.ActiveCfg = Debug|Any CPU
		{2678683B-9276-4535-BD8D-C7CA4E14E2D1}.Debug|ARM.Build.0 = Debug|Any CPU
		{2678683B-9276-4535-BD8D-C7CA4E14E2D1}.Debug|ARM.Deploy.0 = Debug|Any CPU
		{2678683B-9276-4535-BD8D-C7CA4E14E2D1}.Debug|iPhone.ActiveCfg = Debug|Any CPU
		{2678683B-9276-4535-BD8D-C7CA4E14E2D1}.Debug|iPhone.Build.0 = Debug|Any CPU
		{2678683B-9276-4535-BD8D-C7CA4E14E2D1}.Debug|iPhone.Deploy.0 = Debug|Any CPU
		{2678683B-9276-4535-BD8D-C7CA4E14E2D1}.Debug|iPhoneSimulator.ActiveCfg = Debug|Any CPU
		{2678683B-9276-4535-BD8D-C7CA4E14E2D1}.Debug|iPhoneSimulator.Build.0 = Debug|Any CPU
		{2678683B-9276-4535-BD8D-C7CA4E14E2D1}.Debug|iPhoneSimulator.Deploy.0 = Debug|Any CPU
		{2678683B-9276-4535-BD8D-C7CA4E14E2D1}.Debug|x64.ActiveCfg = Debug|Any CPU
		{2678683B-9276-4535-BD8D-C7CA4E14E2D1}.Debug|x64.Build.0 = Debug|Any CPU
		{2678683B-9276-4535-BD8D-C7CA4E14E2D1}.Debug|x64.Deploy.0 = Debug|Any CPU
		{2678683B-9276-4535-BD8D-C7CA4E14E2D1}.Debug|x86.ActiveCfg = Debug|Any CPU
		{2678683B-9276-4535-BD8D-C7CA4E14E2D1}.Debug|x86.Build.0 = Debug|Any CPU
		{2678683B-9276-4535-BD8D-C7CA4E14E2D1}.Debug|x86.Deploy.0 = Debug|Any CPU
		{2678683B-9276-4535-BD8D-C7CA4E14E2D1}.Release|Any CPU.ActiveCfg = Release|Any CPU
		{2678683B-9276-4535-BD8D-C7CA4E14E2D1}.Release|Any CPU.Build.0 = Release|Any CPU
		{2678683B-9276-4535-BD8D-C7CA4E14E2D1}.Release|Any CPU.Deploy.0 = Release|Any CPU
		{2678683B-9276-4535-BD8D-C7CA4E14E2D1}.Release|ARM.ActiveCfg = Release|Any CPU
		{2678683B-9276-4535-BD8D-C7CA4E14E2D1}.Release|ARM.Build.0 = Release|Any CPU
		{2678683B-9276-4535-BD8D-C7CA4E14E2D1}.Release|ARM.Deploy.0 = Release|Any CPU
		{2678683B-9276-4535-BD8D-C7CA4E14E2D1}.Release|iPhone.ActiveCfg = Release|Any CPU
		{2678683B-9276-4535-BD8D-C7CA4E14E2D1}.Release|iPhone.Build.0 = Release|Any CPU
		{2678683B-9276-4535-BD8D-C7CA4E14E2D1}.Release|iPhone.Deploy.0 = Release|Any CPU
		{2678683B-9276-4535-BD8D-C7CA4E14E2D1}.Release|iPhoneSimulator.ActiveCfg = Release|Any CPU
		{2678683B-9276-4535-BD8D-C7CA4E14E2D1}.Release|iPhoneSimulator.Build.0 = Release|Any CPU
		{2678683B-9276-4535-BD8D-C7CA4E14E2D1}.Release|iPhoneSimulator.Deploy.0 = Release|Any CPU
		{2678683B-9276-4535-BD8D-C7CA4E14E2D1}.Release|x64.ActiveCfg = Release|Any CPU
		{2678683B-9276-4535-BD8D-C7CA4E14E2D1}.Release|x64.Build.0 = Release|Any CPU
		{2678683B-9276-4535-BD8D-C7CA4E14E2D1}.Release|x64.Deploy.0 = Release|Any CPU
		{2678683B-9276-4535-BD8D-C7CA4E14E2D1}.Release|x86.ActiveCfg = Release|Any CPU
		{2678683B-9276-4535-BD8D-C7CA4E14E2D1}.Release|x86.Build.0 = Release|Any CPU
		{2678683B-9276-4535-BD8D-C7CA4E14E2D1}.Release|x86.Deploy.0 = Release|Any CPU
	EndGlobalSection
	GlobalSection(SolutionProperties) = preSolution
		HideSolutionNode = FALSE
	EndGlobalSection
	GlobalSection(ExtensibilityGlobals) = postSolution
		SolutionGuid = {E9879353-7211-4DA5-A188-5DAFCE78F45A}
	EndGlobalSection
EndGlobal
