
Microsoft Visual Studio Solution File, Format Version 12.00
# Visual Studio 15
VisualStudioVersion = 15.0.28307.136
MinimumVisualStudioVersion = 10.0.40219.1
Project("{FAE04EC0-301F-11D3-BF4B-00C04F79EFBC}") = "App01_LayoutXF.Android", "App01_LayoutXF\App01_LayoutXF.Android\App01_LayoutXF.Android.csproj", "{5254DE5F-1FE8-44BB-BE15-C5834A0657E6}"
EndProject
Project("{FAE04EC0-301F-11D3-BF4B-00C04F79EFBC}") = "App01_LayoutXF.iOS", "App01_LayoutXF\App01_LayoutXF.iOS\App01_LayoutXF.iOS.csproj", "{F2C0F92F-DF35-4730-9DB2-129A11A2CA07}"
EndProject
Project("{FAE04EC0-301F-11D3-BF4B-00C04F79EFBC}") = "App01_LayoutXF.UWP", "App01_LayoutXF\App01_LayoutXF.UWP\App01_LayoutXF.UWP.csproj", "{1C55A320-2DBB-4A8B-BCD8-FD62B6D2D8E7}"
EndProject
Project("{FAE04EC0-301F-11D3-BF4B-00C04F79EFBC}") = "App01_LayoutXF", "App01_LayoutXF\App01_LayoutXF\App01_LayoutXF.csproj", "{C42F44A4-B4B5-416A-8C43-3AADCAEA5010}"
EndProject
Global
	GlobalSection(SolutionConfigurationPlatforms) = preSolution
		Ad-Hoc|Any CPU = Ad-Hoc|Any CPU
		Ad-Hoc|ARM = Ad-Hoc|ARM
		Ad-Hoc|iPhone = Ad-Hoc|iPhone
		Ad-Hoc|iPhoneSimulator = Ad-Hoc|iPhoneSimulator
		Ad-Hoc|x64 = Ad-Hoc|x64
		Ad-Hoc|x86 = Ad-Hoc|x86
		AppStore|Any CPU = AppStore|Any CPU
		AppStore|ARM = AppStore|ARM
		AppStore|iPhone = AppStore|iPhone
		AppStore|iPhoneSimulator = AppStore|iPhoneSimulator
		AppStore|x64 = AppStore|x64
		AppStore|x86 = AppStore|x86
		Debug|Any CPU = Debug|Any CPU
		Debug|ARM = Debug|ARM
		Debug|iPhone = Debug|iPhone
		Debug|iPhoneSimulator = Debug|iPhoneSimulator
		Debug|x64 = Debug|x64
		Debug|x86 = Debug|x86
		Release|Any CPU = Release|Any CPU
		Release|ARM = Release|ARM
		Release|iPhone = Release|iPhone
		Release|iPhoneSimulator = Release|iPhoneSimulator
		Release|x64 = Release|x64
		Release|x86 = Release|x86
	EndGlobalSection
	GlobalSection(ProjectConfigurationPlatforms) = postSolution
		{5254DE5F-1FE8-44BB-BE15-C5834A0657E6}.Ad-Hoc|Any CPU.ActiveCfg = Release|Any CPU
		{5254DE5F-1FE8-44BB-BE15-C5834A0657E6}.Ad-Hoc|Any CPU.Build.0 = Release|Any CPU
		{5254DE5F-1FE8-44BB-BE15-C5834A0657E6}.Ad-Hoc|Any CPU.Deploy.0 = Release|Any CPU
		{5254DE5F-1FE8-44BB-BE15-C5834A0657E6}.Ad-Hoc|ARM.ActiveCfg = Release|Any CPU
		{5254DE5F-1FE8-44BB-BE15-C5834A0657E6}.Ad-Hoc|ARM.Build.0 = Release|Any CPU
		{5254DE5F-1FE8-44BB-BE15-C5834A0657E6}.Ad-Hoc|ARM.Deploy.0 = Release|Any CPU
		{5254DE5F-1FE8-44BB-BE15-C5834A0657E6}.Ad-Hoc|iPhone.ActiveCfg = Release|Any CPU
		{5254DE5F-1FE8-44BB-BE15-C5834A0657E6}.Ad-Hoc|iPhone.Build.0 = Release|Any CPU
		{5254DE5F-1FE8-44BB-BE15-C5834A0657E6}.Ad-Hoc|iPhone.Deploy.0 = Release|Any CPU
		{5254DE5F-1FE8-44BB-BE15-C5834A0657E6}.Ad-Hoc|iPhoneSimulator.ActiveCfg = Release|Any CPU
		{5254DE5F-1FE8-44BB-BE15-C5834A0657E6}.Ad-Hoc|iPhoneSimulator.Build.0 = Release|Any CPU
		{5254DE5F-1FE8-44BB-BE15-C5834A0657E6}.Ad-Hoc|iPhoneSimulator.Deploy.0 = Release|Any CPU
		{5254DE5F-1FE8-44BB-BE15-C5834A0657E6}.Ad-Hoc|x64.ActiveCfg = Release|Any CPU
		{5254DE5F-1FE8-44BB-BE15-C5834A0657E6}.Ad-Hoc|x64.Build.0 = Release|Any CPU
		{5254DE5F-1FE8-44BB-BE15-C5834A0657E6}.Ad-Hoc|x64.Deploy.0 = Release|Any CPU
		{5254DE5F-1FE8-44BB-BE15-C5834A0657E6}.Ad-Hoc|x86.ActiveCfg = Release|Any CPU
		{5254DE5F-1FE8-44BB-BE15-C5834A0657E6}.Ad-Hoc|x86.Build.0 = Release|Any CPU
		{5254DE5F-1FE8-44BB-BE15-C5834A0657E6}.Ad-Hoc|x86.Deploy.0 = Release|Any CPU
		{5254DE5F-1FE8-44BB-BE15-C5834A0657E6}.AppStore|Any CPU.ActiveCfg = Release|Any CPU
		{5254DE5F-1FE8-44BB-BE15-C5834A0657E6}.AppStore|Any CPU.Build.0 = Release|Any CPU
		{5254DE5F-1FE8-44BB-BE15-C5834A0657E6}.AppStore|Any CPU.Deploy.0 = Release|Any CPU
		{5254DE5F-1FE8-44BB-BE15-C5834A0657E6}.AppStore|ARM.ActiveCfg = Release|Any CPU
		{5254DE5F-1FE8-44BB-BE15-C5834A0657E6}.AppStore|ARM.Build.0 = Release|Any CPU
		{5254DE5F-1FE8-44BB-BE15-C5834A0657E6}.AppStore|ARM.Deploy.0 = Release|Any CPU
		{5254DE5F-1FE8-44BB-BE15-C5834A0657E6}.AppStore|iPhone.ActiveCfg = Release|Any CPU
		{5254DE5F-1FE8-44BB-BE15-C5834A0657E6}.AppStore|iPhone.Build.0 = Release|Any CPU
		{5254DE5F-1FE8-44BB-BE15-C5834A0657E6}.AppStore|iPhone.Deploy.0 = Release|Any CPU
		{5254DE5F-1FE8-44BB-BE15-C5834A0657E6}.AppStore|iPhoneSimulator.ActiveCfg = Release|Any CPU
		{5254DE5F-1FE8-44BB-BE15-C5834A0657E6}.AppStore|iPhoneSimulator.Build.0 = Release|Any CPU
		{5254DE5F-1FE8-44BB-BE15-C5834A0657E6}.AppStore|iPhoneSimulator.Deploy.0 = Release|Any CPU
		{5254DE5F-1FE8-44BB-BE15-C5834A0657E6}.AppStore|x64.ActiveCfg = Release|Any CPU
		{5254DE5F-1FE8-44BB-BE15-C5834A0657E6}.AppStore|x64.Build.0 = Release|Any CPU
		{5254DE5F-1FE8-44BB-BE15-C5834A0657E6}.AppStore|x64.Deploy.0 = Release|Any CPU
		{5254DE5F-1FE8-44BB-BE15-C5834A0657E6}.AppStore|x86.ActiveCfg = Release|Any CPU
		{5254DE5F-1FE8-44BB-BE15-C5834A0657E6}.AppStore|x86.Build.0 = Release|Any CPU
		{5254DE5F-1FE8-44BB-BE15-C5834A0657E6}.AppStore|x86.Deploy.0 = Release|Any CPU
		{5254DE5F-1FE8-44BB-BE15-C5834A0657E6}.Debug|Any CPU.ActiveCfg = Debug|Any CPU
		{5254DE5F-1FE8-44BB-BE15-C5834A0657E6}.Debug|Any CPU.Build.0 = Debug|Any CPU
		{5254DE5F-1FE8-44BB-BE15-C5834A0657E6}.Debug|Any CPU.Deploy.0 = Debug|Any CPU
		{5254DE5F-1FE8-44BB-BE15-C5834A0657E6}.Debug|ARM.ActiveCfg = Debug|Any CPU
		{5254DE5F-1FE8-44BB-BE15-C5834A0657E6}.Debug|ARM.Build.0 = Debug|Any CPU
		{5254DE5F-1FE8-44BB-BE15-C5834A0657E6}.Debug|ARM.Deploy.0 = Debug|Any CPU
		{5254DE5F-1FE8-44BB-BE15-C5834A0657E6}.Debug|iPhone.ActiveCfg = Debug|Any CPU
		{5254DE5F-1FE8-44BB-BE15-C5834A0657E6}.Debug|iPhone.Build.0 = Debug|Any CPU
		{5254DE5F-1FE8-44BB-BE15-C5834A0657E6}.Debug|iPhone.Deploy.0 = Debug|Any CPU
		{5254DE5F-1FE8-44BB-BE15-C5834A0657E6}.Debug|iPhoneSimulator.ActiveCfg = Debug|Any CPU
		{5254DE5F-1FE8-44BB-BE15-C5834A0657E6}.Debug|iPhoneSimulator.Build.0 = Debug|Any CPU
		{5254DE5F-1FE8-44BB-BE15-C5834A0657E6}.Debug|iPhoneSimulator.Deploy.0 = Debug|Any CPU
		{5254DE5F-1FE8-44BB-BE15-C5834A0657E6}.Debug|x64.ActiveCfg = Debug|Any CPU
		{5254DE5F-1FE8-44BB-BE15-C5834A0657E6}.Debug|x64.Build.0 = Debug|Any CPU
		{5254DE5F-1FE8-44BB-BE15-C5834A0657E6}.Debug|x64.Deploy.0 = Debug|Any CPU
		{5254DE5F-1FE8-44BB-BE15-C5834A0657E6}.Debug|x86.ActiveCfg = Debug|Any CPU
		{5254DE5F-1FE8-44BB-BE15-C5834A0657E6}.Debug|x86.Build.0 = Debug|Any CPU
		{5254DE5F-1FE8-44BB-BE15-C5834A0657E6}.Debug|x86.Deploy.0 = Debug|Any CPU
		{5254DE5F-1FE8-44BB-BE15-C5834A0657E6}.Release|Any CPU.ActiveCfg = Release|Any CPU
		{5254DE5F-1FE8-44BB-BE15-C5834A0657E6}.Release|Any CPU.Build.0 = Release|Any CPU
		{5254DE5F-1FE8-44BB-BE15-C5834A0657E6}.Release|Any CPU.Deploy.0 = Release|Any CPU
		{5254DE5F-1FE8-44BB-BE15-C5834A0657E6}.Release|ARM.ActiveCfg = Release|Any CPU
		{5254DE5F-1FE8-44BB-BE15-C5834A0657E6}.Release|ARM.Build.0 = Release|Any CPU
		{5254DE5F-1FE8-44BB-BE15-C5834A0657E6}.Release|ARM.Deploy.0 = Release|Any CPU
		{5254DE5F-1FE8-44BB-BE15-C5834A0657E6}.Release|iPhone.ActiveCfg = Release|Any CPU
		{5254DE5F-1FE8-44BB-BE15-C5834A0657E6}.Release|iPhone.Build.0 = Release|Any CPU
		{5254DE5F-1FE8-44BB-BE15-C5834A0657E6}.Release|iPhone.Deploy.0 = Release|Any CPU
		{5254DE5F-1FE8-44BB-BE15-C5834A0657E6}.Release|iPhoneSimulator.ActiveCfg = Release|Any CPU
		{5254DE5F-1FE8-44BB-BE15-C5834A0657E6}.Release|iPhoneSimulator.Build.0 = Release|Any CPU
		{5254DE5F-1FE8-44BB-BE15-C5834A0657E6}.Release|iPhoneSimulator.Deploy.0 = Release|Any CPU
		{5254DE5F-1FE8-44BB-BE15-C5834A0657E6}.Release|x64.ActiveCfg = Release|Any CPU
		{5254DE5F-1FE8-44BB-BE15-C5834A0657E6}.Release|x64.Build.0 = Release|Any CPU
		{5254DE5F-1FE8-44BB-BE15-C5834A0657E6}.Release|x64.Deploy.0 = Release|Any CPU
		{5254DE5F-1FE8-44BB-BE15-C5834A0657E6}.Release|x86.ActiveCfg = Release|Any CPU
		{5254DE5F-1FE8-44BB-BE15-C5834A0657E6}.Release|x86.Build.0 = Release|Any CPU
		{5254DE5F-1FE8-44BB-BE15-C5834A0657E6}.Release|x86.Deploy.0 = Release|Any CPU
		{F2C0F92F-DF35-4730-9DB2-129A11A2CA07}.Ad-Hoc|Any CPU.ActiveCfg = Ad-Hoc|iPhone
		{F2C0F92F-DF35-4730-9DB2-129A11A2CA07}.Ad-Hoc|Any CPU.Build.0 = Ad-Hoc|iPhone
		{F2C0F92F-DF35-4730-9DB2-129A11A2CA07}.Ad-Hoc|Any CPU.Deploy.0 = Ad-Hoc|iPhone
		{F2C0F92F-DF35-4730-9DB2-129A11A2CA07}.Ad-Hoc|ARM.ActiveCfg = Ad-Hoc|iPhone
		{F2C0F92F-DF35-4730-9DB2-129A11A2CA07}.Ad-Hoc|ARM.Build.0 = Ad-Hoc|iPhone
		{F2C0F92F-DF35-4730-9DB2-129A11A2CA07}.Ad-Hoc|ARM.Deploy.0 = Ad-Hoc|iPhone
		{F2C0F92F-DF35-4730-9DB2-129A11A2CA07}.Ad-Hoc|iPhone.ActiveCfg = Ad-Hoc|iPhone
		{F2C0F92F-DF35-4730-9DB2-129A11A2CA07}.Ad-Hoc|iPhone.Build.0 = Ad-Hoc|iPhone
		{F2C0F92F-DF35-4730-9DB2-129A11A2CA07}.Ad-Hoc|iPhone.Deploy.0 = Ad-Hoc|iPhone
		{F2C0F92F-DF35-4730-9DB2-129A11A2CA07}.Ad-Hoc|iPhoneSimulator.ActiveCfg = Ad-Hoc|iPhoneSimulator
		{F2C0F92F-DF35-4730-9DB2-129A11A2CA07}.Ad-Hoc|iPhoneSimulator.Build.0 = Ad-Hoc|iPhoneSimulator
		{F2C0F92F-DF35-4730-9DB2-129A11A2CA07}.Ad-Hoc|iPhoneSimulator.Deploy.0 = Ad-Hoc|iPhoneSimulator
		{F2C0F92F-DF35-4730-9DB2-129A11A2CA07}.Ad-Hoc|x64.ActiveCfg = Ad-Hoc|iPhone
		{F2C0F92F-DF35-4730-9DB2-129A11A2CA07}.Ad-Hoc|x64.Build.0 = Ad-Hoc|iPhone
		{F2C0F92F-DF35-4730-9DB2-129A11A2CA07}.Ad-Hoc|x64.Deploy.0 = Ad-Hoc|iPhone
		{F2C0F92F-DF35-4730-9DB2-129A11A2CA07}.Ad-Hoc|x86.ActiveCfg = Ad-Hoc|iPhone
		{F2C0F92F-DF35-4730-9DB2-129A11A2CA07}.Ad-Hoc|x86.Build.0 = Ad-Hoc|iPhone
		{F2C0F92F-DF35-4730-9DB2-129A11A2CA07}.Ad-Hoc|x86.Deploy.0 = Ad-Hoc|iPhone
		{F2C0F92F-DF35-4730-9DB2-129A11A2CA07}.AppStore|Any CPU.ActiveCfg = AppStore|iPhone
		{F2C0F92F-DF35-4730-9DB2-129A11A2CA07}.AppStore|Any CPU.Build.0 = AppStore|iPhone
		{F2C0F92F-DF35-4730-9DB2-129A11A2CA07}.AppStore|Any CPU.Deploy.0 = AppStore|iPhone
		{F2C0F92F-DF35-4730-9DB2-129A11A2CA07}.AppStore|ARM.ActiveCfg = AppStore|iPhone
		{F2C0F92F-DF35-4730-9DB2-129A11A2CA07}.AppStore|ARM.Build.0 = AppStore|iPhone
		{F2C0F92F-DF35-4730-9DB2-129A11A2CA07}.AppStore|ARM.Deploy.0 = AppStore|iPhone
		{F2C0F92F-DF35-4730-9DB2-129A11A2CA07}.AppStore|iPhone.ActiveCfg = AppStore|iPhone
		{F2C0F92F-DF35-4730-9DB2-129A11A2CA07}.AppStore|iPhone.Build.0 = AppStore|iPhone
		{F2C0F92F-DF35-4730-9DB2-129A11A2CA07}.AppStore|iPhone.Deploy.0 = AppStore|iPhone
		{F2C0F92F-DF35-4730-9DB2-129A11A2CA07}.AppStore|iPhoneSimulator.ActiveCfg = AppStore|iPhoneSimulator
		{F2C0F92F-DF35-4730-9DB2-129A11A2CA07}.AppStore|iPhoneSimulator.Build.0 = AppStore|iPhoneSimulator
		{F2C0F92F-DF35-4730-9DB2-129A11A2CA07}.AppStore|iPhoneSimulator.Deploy.0 = AppStore|iPhoneSimulator
		{F2C0F92F-DF35-4730-9DB2-129A11A2CA07}.AppStore|x64.ActiveCfg = AppStore|iPhone
		{F2C0F92F-DF35-4730-9DB2-129A11A2CA07}.AppStore|x64.Build.0 = AppStore|iPhone
		{F2C0F92F-DF35-4730-9DB2-129A11A2CA07}.AppStore|x64.Deploy.0 = AppStore|iPhone
		{F2C0F92F-DF35-4730-9DB2-129A11A2CA07}.AppStore|x86.ActiveCfg = AppStore|iPhone
		{F2C0F92F-DF35-4730-9DB2-129A11A2CA07}.AppStore|x86.Build.0 = AppStore|iPhone
		{F2C0F92F-DF35-4730-9DB2-129A11A2CA07}.AppStore|x86.Deploy.0 = AppStore|iPhone
		{F2C0F92F-DF35-4730-9DB2-129A11A2CA07}.Debug|Any CPU.ActiveCfg = Debug|iPhoneSimulator
		{F2C0F92F-DF35-4730-9DB2-129A11A2CA07}.Debug|Any CPU.Build.0 = Debug|iPhoneSimulator
		{F2C0F92F-DF35-4730-9DB2-129A11A2CA07}.Debug|Any CPU.Deploy.0 = Debug|iPhoneSimulator
		{F2C0F92F-DF35-4730-9DB2-129A11A2CA07}.Debug|ARM.ActiveCfg = Debug|iPhone
		{F2C0F92F-DF35-4730-9DB2-129A11A2CA07}.Debug|ARM.Build.0 = Debug|iPhone
		{F2C0F92F-DF35-4730-9DB2-129A11A2CA07}.Debug|ARM.Deploy.0 = Debug|iPhone
		{F2C0F92F-DF35-4730-9DB2-129A11A2CA07}.Debug|iPhone.ActiveCfg = Debug|iPhone
		{F2C0F92F-DF35-4730-9DB2-129A11A2CA07}.Debug|iPhone.Build.0 = Debug|iPhone
		{F2C0F92F-DF35-4730-9DB2-129A11A2CA07}.Debug|iPhone.Deploy.0 = Debug|iPhone
		{F2C0F92F-DF35-4730-9DB2-129A11A2CA07}.Debug|iPhoneSimulator.ActiveCfg = Debug|iPhoneSimulator
		{F2C0F92F-DF35-4730-9DB2-129A11A2CA07}.Debug|iPhoneSimulator.Build.0 = Debug|iPhoneSimulator
		{F2C0F92F-DF35-4730-9DB2-129A11A2CA07}.Debug|iPhoneSimulator.Deploy.0 = Debug|iPhoneSimulator
		{F2C0F92F-DF35-4730-9DB2-129A11A2CA07}.Debug|x64.ActiveCfg = Debug|iPhone
		{F2C0F92F-DF35-4730-9DB2-129A11A2CA07}.Debug|x64.Build.0 = Debug|iPhone
		{F2C0F92F-DF35-4730-9DB2-129A11A2CA07}.Debug|x64.Deploy.0 = Debug|iPhone
		{F2C0F92F-DF35-4730-9DB2-129A11A2CA07}.Debug|x86.ActiveCfg = Debug|iPhone
		{F2C0F92F-DF35-4730-9DB2-129A11A2CA07}.Debug|x86.Build.0 = Debug|iPhone
		{F2C0F92F-DF35-4730-9DB2-129A11A2CA07}.Debug|x86.Deploy.0 = Debug|iPhone
		{F2C0F92F-DF35-4730-9DB2-129A11A2CA07}.Release|Any CPU.ActiveCfg = Release|iPhone
		{F2C0F92F-DF35-4730-9DB2-129A11A2CA07}.Release|Any CPU.Build.0 = Release|iPhone
		{F2C0F92F-DF35-4730-9DB2-129A11A2CA07}.Release|Any CPU.Deploy.0 = Release|iPhone
		{F2C0F92F-DF35-4730-9DB2-129A11A2CA07}.Release|ARM.ActiveCfg = Release|iPhone
		{F2C0F92F-DF35-4730-9DB2-129A11A2CA07}.Release|ARM.Build.0 = Release|iPhone
		{F2C0F92F-DF35-4730-9DB2-129A11A2CA07}.Release|ARM.Deploy.0 = Release|iPhone
		{F2C0F92F-DF35-4730-9DB2-129A11A2CA07}.Release|iPhone.ActiveCfg = Release|iPhone
		{F2C0F92F-DF35-4730-9DB2-129A11A2CA07}.Release|iPhone.Build.0 = Release|iPhone
		{F2C0F92F-DF35-4730-9DB2-129A11A2CA07}.Release|iPhone.Deploy.0 = Release|iPhone
		{F2C0F92F-DF35-4730-9DB2-129A11A2CA07}.Release|iPhoneSimulator.ActiveCfg = Release|iPhoneSimulator
		{F2C0F92F-DF35-4730-9DB2-129A11A2CA07}.Release|iPhoneSimulator.Build.0 = Release|iPhoneSimulator
		{F2C0F92F-DF35-4730-9DB2-129A11A2CA07}.Release|iPhoneSimulator.Deploy.0 = Release|iPhoneSimulator
		{F2C0F92F-DF35-4730-9DB2-129A11A2CA07}.Release|x64.ActiveCfg = Release|iPhone
		{F2C0F92F-DF35-4730-9DB2-129A11A2CA07}.Release|x64.Build.0 = Release|iPhone
		{F2C0F92F-DF35-4730-9DB2-129A11A2CA07}.Release|x64.Deploy.0 = Release|iPhone
		{F2C0F92F-DF35-4730-9DB2-129A11A2CA07}.Release|x86.ActiveCfg = Release|iPhone
		{F2C0F92F-DF35-4730-9DB2-129A11A2CA07}.Release|x86.Build.0 = Release|iPhone
		{F2C0F92F-DF35-4730-9DB2-129A11A2CA07}.Release|x86.Deploy.0 = Release|iPhone
		{1C55A320-2DBB-4A8B-BCD8-FD62B6D2D8E7}.Ad-Hoc|Any CPU.ActiveCfg = Release|x86
		{1C55A320-2DBB-4A8B-BCD8-FD62B6D2D8E7}.Ad-Hoc|Any CPU.Build.0 = Release|x86
		{1C55A320-2DBB-4A8B-BCD8-FD62B6D2D8E7}.Ad-Hoc|Any CPU.Deploy.0 = Release|x86
		{1C55A320-2DBB-4A8B-BCD8-FD62B6D2D8E7}.Ad-Hoc|ARM.ActiveCfg = Release|ARM
		{1C55A320-2DBB-4A8B-BCD8-FD62B6D2D8E7}.Ad-Hoc|ARM.Build.0 = Release|ARM
		{1C55A320-2DBB-4A8B-BCD8-FD62B6D2D8E7}.Ad-Hoc|ARM.Deploy.0 = Release|ARM
		{1C55A320-2DBB-4A8B-BCD8-FD62B6D2D8E7}.Ad-Hoc|iPhone.ActiveCfg = Release|x86
		{1C55A320-2DBB-4A8B-BCD8-FD62B6D2D8E7}.Ad-Hoc|iPhone.Build.0 = Release|x86
		{1C55A320-2DBB-4A8B-BCD8-FD62B6D2D8E7}.Ad-Hoc|iPhone.Deploy.0 = Release|x86
		{1C55A320-2DBB-4A8B-BCD8-FD62B6D2D8E7}.Ad-Hoc|iPhoneSimulator.ActiveCfg = Release|x86
		{1C55A320-2DBB-4A8B-BCD8-FD62B6D2D8E7}.Ad-Hoc|iPhoneSimulator.Build.0 = Release|x86
		{1C55A320-2DBB-4A8B-BCD8-FD62B6D2D8E7}.Ad-Hoc|iPhoneSimulator.Deploy.0 = Release|x86
		{1C55A320-2DBB-4A8B-BCD8-FD62B6D2D8E7}.Ad-Hoc|x64.ActiveCfg = Release|x64
		{1C55A320-2DBB-4A8B-BCD8-FD62B6D2D8E7}.Ad-Hoc|x64.Build.0 = Release|x64
		{1C55A320-2DBB-4A8B-BCD8-FD62B6D2D8E7}.Ad-Hoc|x64.Deploy.0 = Release|x64
		{1C55A320-2DBB-4A8B-BCD8-FD62B6D2D8E7}.Ad-Hoc|x86.ActiveCfg = Release|x86
		{1C55A320-2DBB-4A8B-BCD8-FD62B6D2D8E7}.Ad-Hoc|x86.Build.0 = Release|x86
		{1C55A320-2DBB-4A8B-BCD8-FD62B6D2D8E7}.Ad-Hoc|x86.Deploy.0 = Release|x86
		{1C55A320-2DBB-4A8B-BCD8-FD62B6D2D8E7}.AppStore|Any CPU.ActiveCfg = Release|x86
		{1C55A320-2DBB-4A8B-BCD8-FD62B6D2D8E7}.AppStore|Any CPU.Build.0 = Release|x86
		{1C55A320-2DBB-4A8B-BCD8-FD62B6D2D8E7}.AppStore|Any CPU.Deploy.0 = Release|x86
		{1C55A320-2DBB-4A8B-BCD8-FD62B6D2D8E7}.AppStore|ARM.ActiveCfg = Release|ARM
		{1C55A320-2DBB-4A8B-BCD8-FD62B6D2D8E7}.AppStore|ARM.Build.0 = Release|ARM
		{1C55A320-2DBB-4A8B-BCD8-FD62B6D2D8E7}.AppStore|ARM.Deploy.0 = Release|ARM
		{1C55A320-2DBB-4A8B-BCD8-FD62B6D2D8E7}.AppStore|iPhone.ActiveCfg = Release|x86
		{1C55A320-2DBB-4A8B-BCD8-FD62B6D2D8E7}.AppStore|iPhone.Build.0 = Release|x86
		{1C55A320-2DBB-4A8B-BCD8-FD62B6D2D8E7}.AppStore|iPhone.Deploy.0 = Release|x86
		{1C55A320-2DBB-4A8B-BCD8-FD62B6D2D8E7}.AppStore|iPhoneSimulator.ActiveCfg = Release|x86
		{1C55A320-2DBB-4A8B-BCD8-FD62B6D2D8E7}.AppStore|iPhoneSimulator.Build.0 = Release|x86
		{1C55A320-2DBB-4A8B-BCD8-FD62B6D2D8E7}.AppStore|iPhoneSimulator.Deploy.0 = Release|x86
		{1C55A320-2DBB-4A8B-BCD8-FD62B6D2D8E7}.AppStore|x64.ActiveCfg = Release|x64
		{1C55A320-2DBB-4A8B-BCD8-FD62B6D2D8E7}.AppStore|x64.Build.0 = Release|x64
		{1C55A320-2DBB-4A8B-BCD8-FD62B6D2D8E7}.AppStore|x64.Deploy.0 = Release|x64
		{1C55A320-2DBB-4A8B-BCD8-FD62B6D2D8E7}.AppStore|x86.ActiveCfg = Release|x86
		{1C55A320-2DBB-4A8B-BCD8-FD62B6D2D8E7}.AppStore|x86.Build.0 = Release|x86
		{1C55A320-2DBB-4A8B-BCD8-FD62B6D2D8E7}.AppStore|x86.Deploy.0 = Release|x86
		{1C55A320-2DBB-4A8B-BCD8-FD62B6D2D8E7}.Debug|Any CPU.ActiveCfg = Debug|x86
		{1C55A320-2DBB-4A8B-BCD8-FD62B6D2D8E7}.Debug|Any CPU.Build.0 = Debug|x86
		{1C55A320-2DBB-4A8B-BCD8-FD62B6D2D8E7}.Debug|Any CPU.Deploy.0 = Debug|x86
		{1C55A320-2DBB-4A8B-BCD8-FD62B6D2D8E7}.Debug|ARM.ActiveCfg = Debug|ARM
		{1C55A320-2DBB-4A8B-BCD8-FD62B6D2D8E7}.Debug|ARM.Build.0 = Debug|ARM
		{1C55A320-2DBB-4A8B-BCD8-FD62B6D2D8E7}.Debug|ARM.Deploy.0 = Debug|ARM
		{1C55A320-2DBB-4A8B-BCD8-FD62B6D2D8E7}.Debug|iPhone.ActiveCfg = Debug|x86
		{1C55A320-2DBB-4A8B-BCD8-FD62B6D2D8E7}.Debug|iPhone.Build.0 = Debug|x86
		{1C55A320-2DBB-4A8B-BCD8-FD62B6D2D8E7}.Debug|iPhone.Deploy.0 = Debug|x86
		{1C55A320-2DBB-4A8B-BCD8-FD62B6D2D8E7}.Debug|iPhoneSimulator.ActiveCfg = Debug|x86
		{1C55A320-2DBB-4A8B-BCD8-FD62B6D2D8E7}.Debug|iPhoneSimulator.Build.0 = Debug|x86
		{1C55A320-2DBB-4A8B-BCD8-FD62B6D2D8E7}.Debug|iPhoneSimulator.Deploy.0 = Debug|x86
		{1C55A320-2DBB-4A8B-BCD8-FD62B6D2D8E7}.Debug|x64.ActiveCfg = Debug|x64
		{1C55A320-2DBB-4A8B-BCD8-FD62B6D2D8E7}.Debug|x64.Build.0 = Debug|x64
		{1C55A320-2DBB-4A8B-BCD8-FD62B6D2D8E7}.Debug|x64.Deploy.0 = Debug|x64
		{1C55A320-2DBB-4A8B-BCD8-FD62B6D2D8E7}.Debug|x86.ActiveCfg = Debug|x86
		{1C55A320-2DBB-4A8B-BCD8-FD62B6D2D8E7}.Debug|x86.Build.0 = Debug|x86
		{1C55A320-2DBB-4A8B-BCD8-FD62B6D2D8E7}.Debug|x86.Deploy.0 = Debug|x86
		{1C55A320-2DBB-4A8B-BCD8-FD62B6D2D8E7}.Release|Any CPU.ActiveCfg = Release|x86
		{1C55A320-2DBB-4A8B-BCD8-FD62B6D2D8E7}.Release|Any CPU.Build.0 = Release|x86
		{1C55A320-2DBB-4A8B-BCD8-FD62B6D2D8E7}.Release|Any CPU.Deploy.0 = Release|x86
		{1C55A320-2DBB-4A8B-BCD8-FD62B6D2D8E7}.Release|ARM.ActiveCfg = Release|ARM
		{1C55A320-2DBB-4A8B-BCD8-FD62B6D2D8E7}.Release|ARM.Build.0 = Release|ARM
		{1C55A320-2DBB-4A8B-BCD8-FD62B6D2D8E7}.Release|ARM.Deploy.0 = Release|ARM
		{1C55A320-2DBB-4A8B-BCD8-FD62B6D2D8E7}.Release|iPhone.ActiveCfg = Release|x86
		{1C55A320-2DBB-4A8B-BCD8-FD62B6D2D8E7}.Release|iPhone.Build.0 = Release|x86
		{1C55A320-2DBB-4A8B-BCD8-FD62B6D2D8E7}.Release|iPhone.Deploy.0 = Release|x86
		{1C55A320-2DBB-4A8B-BCD8-FD62B6D2D8E7}.Release|iPhoneSimulator.ActiveCfg = Release|x86
		{1C55A320-2DBB-4A8B-BCD8-FD62B6D2D8E7}.Release|iPhoneSimulator.Build.0 = Release|x86
		{1C55A320-2DBB-4A8B-BCD8-FD62B6D2D8E7}.Release|iPhoneSimulator.Deploy.0 = Release|x86
		{1C55A320-2DBB-4A8B-BCD8-FD62B6D2D8E7}.Release|x64.ActiveCfg = Release|x64
		{1C55A320-2DBB-4A8B-BCD8-FD62B6D2D8E7}.Release|x64.Build.0 = Release|x64
		{1C55A320-2DBB-4A8B-BCD8-FD62B6D2D8E7}.Release|x64.Deploy.0 = Release|x64
		{1C55A320-2DBB-4A8B-BCD8-FD62B6D2D8E7}.Release|x86.ActiveCfg = Release|x86
		{1C55A320-2DBB-4A8B-BCD8-FD62B6D2D8E7}.Release|x86.Build.0 = Release|x86
		{1C55A320-2DBB-4A8B-BCD8-FD62B6D2D8E7}.Release|x86.Deploy.0 = Release|x86
		{C42F44A4-B4B5-416A-8C43-3AADCAEA5010}.Ad-Hoc|Any CPU.ActiveCfg = Debug|Any CPU
		{C42F44A4-B4B5-416A-8C43-3AADCAEA5010}.Ad-Hoc|Any CPU.Build.0 = Debug|Any CPU
		{C42F44A4-B4B5-416A-8C43-3AADCAEA5010}.Ad-Hoc|Any CPU.Deploy.0 = Debug|Any CPU
		{C42F44A4-B4B5-416A-8C43-3AADCAEA5010}.Ad-Hoc|ARM.ActiveCfg = Debug|Any CPU
		{C42F44A4-B4B5-416A-8C43-3AADCAEA5010}.Ad-Hoc|ARM.Build.0 = Debug|Any CPU
		{C42F44A4-B4B5-416A-8C43-3AADCAEA5010}.Ad-Hoc|ARM.Deploy.0 = Debug|Any CPU
		{C42F44A4-B4B5-416A-8C43-3AADCAEA5010}.Ad-Hoc|iPhone.ActiveCfg = Debug|Any CPU
		{C42F44A4-B4B5-416A-8C43-3AADCAEA5010}.Ad-Hoc|iPhone.Build.0 = Debug|Any CPU
		{C42F44A4-B4B5-416A-8C43-3AADCAEA5010}.Ad-Hoc|iPhone.Deploy.0 = Debug|Any CPU
		{C42F44A4-B4B5-416A-8C43-3AADCAEA5010}.Ad-Hoc|iPhoneSimulator.ActiveCfg = Debug|Any CPU
		{C42F44A4-B4B5-416A-8C43-3AADCAEA5010}.Ad-Hoc|iPhoneSimulator.Build.0 = Debug|Any CPU
		{C42F44A4-B4B5-416A-8C43-3AADCAEA5010}.Ad-Hoc|iPhoneSimulator.Deploy.0 = Debug|Any CPU
		{C42F44A4-B4B5-416A-8C43-3AADCAEA5010}.Ad-Hoc|x64.ActiveCfg = Debug|Any CPU
		{C42F44A4-B4B5-416A-8C43-3AADCAEA5010}.Ad-Hoc|x64.Build.0 = Debug|Any CPU
		{C42F44A4-B4B5-416A-8C43-3AADCAEA5010}.Ad-Hoc|x64.Deploy.0 = Debug|Any CPU
		{C42F44A4-B4B5-416A-8C43-3AADCAEA5010}.Ad-Hoc|x86.ActiveCfg = Debug|Any CPU
		{C42F44A4-B4B5-416A-8C43-3AADCAEA5010}.Ad-Hoc|x86.Build.0 = Debug|Any CPU
		{C42F44A4-B4B5-416A-8C43-3AADCAEA5010}.Ad-Hoc|x86.Deploy.0 = Debug|Any CPU
		{C42F44A4-B4B5-416A-8C43-3AADCAEA5010}.AppStore|Any CPU.ActiveCfg = Debug|Any CPU
		{C42F44A4-B4B5-416A-8C43-3AADCAEA5010}.AppStore|Any CPU.Build.0 = Debug|Any CPU
		{C42F44A4-B4B5-416A-8C43-3AADCAEA5010}.AppStore|Any CPU.Deploy.0 = Debug|Any CPU
		{C42F44A4-B4B5-416A-8C43-3AADCAEA5010}.AppStore|ARM.ActiveCfg = Debug|Any CPU
		{C42F44A4-B4B5-416A-8C43-3AADCAEA5010}.AppStore|ARM.Build.0 = Debug|Any CPU
		{C42F44A4-B4B5-416A-8C43-3AADCAEA5010}.AppStore|ARM.Deploy.0 = Debug|Any CPU
		{C42F44A4-B4B5-416A-8C43-3AADCAEA5010}.AppStore|iPhone.ActiveCfg = Debug|Any CPU
		{C42F44A4-B4B5-416A-8C43-3AADCAEA5010}.AppStore|iPhone.Build.0 = Debug|Any CPU
		{C42F44A4-B4B5-416A-8C43-3AADCAEA5010}.AppStore|iPhone.Deploy.0 = Debug|Any CPU
		{C42F44A4-B4B5-416A-8C43-3AADCAEA5010}.AppStore|iPhoneSimulator.ActiveCfg = Debug|Any CPU
		{C42F44A4-B4B5-416A-8C43-3AADCAEA5010}.AppStore|iPhoneSimulator.Build.0 = Debug|Any CPU
		{C42F44A4-B4B5-416A-8C43-3AADCAEA5010}.AppStore|iPhoneSimulator.Deploy.0 = Debug|Any CPU
		{C42F44A4-B4B5-416A-8C43-3AADCAEA5010}.AppStore|x64.ActiveCfg = Debug|Any CPU
		{C42F44A4-B4B5-416A-8C43-3AADCAEA5010}.AppStore|x64.Build.0 = Debug|Any CPU
		{C42F44A4-B4B5-416A-8C43-3AADCAEA5010}.AppStore|x64.Deploy.0 = Debug|Any CPU
		{C42F44A4-B4B5-416A-8C43-3AADCAEA5010}.AppStore|x86.ActiveCfg = Debug|Any CPU
		{C42F44A4-B4B5-416A-8C43-3AADCAEA5010}.AppStore|x86.Build.0 = Debug|Any CPU
		{C42F44A4-B4B5-416A-8C43-3AADCAEA5010}.AppStore|x86.Deploy.0 = Debug|Any CPU
		{C42F44A4-B4B5-416A-8C43-3AADCAEA5010}.Debug|Any CPU.ActiveCfg = Debug|Any CPU
		{C42F44A4-B4B5-416A-8C43-3AADCAEA5010}.Debug|Any CPU.Build.0 = Debug|Any CPU
		{C42F44A4-B4B5-416A-8C43-3AADCAEA5010}.Debug|Any CPU.Deploy.0 = Debug|Any CPU
		{C42F44A4-B4B5-416A-8C43-3AADCAEA5010}.Debug|ARM.ActiveCfg = Debug|Any CPU
		{C42F44A4-B4B5-416A-8C43-3AADCAEA5010}.Debug|ARM.Build.0 = Debug|Any CPU
		{C42F44A4-B4B5-416A-8C43-3AADCAEA5010}.Debug|ARM.Deploy.0 = Debug|Any CPU
		{C42F44A4-B4B5-416A-8C43-3AADCAEA5010}.Debug|iPhone.ActiveCfg = Debug|Any CPU
		{C42F44A4-B4B5-416A-8C43-3AADCAEA5010}.Debug|iPhone.Build.0 = Debug|Any CPU
		{C42F44A4-B4B5-416A-8C43-3AADCAEA5010}.Debug|iPhone.Deploy.0 = Debug|Any CPU
		{C42F44A4-B4B5-416A-8C43-3AADCAEA5010}.Debug|iPhoneSimulator.ActiveCfg = Debug|Any CPU
		{C42F44A4-B4B5-416A-8C43-3AADCAEA5010}.Debug|iPhoneSimulator.Build.0 = Debug|Any CPU
		{C42F44A4-B4B5-416A-8C43-3AADCAEA5010}.Debug|iPhoneSimulator.Deploy.0 = Debug|Any CPU
		{C42F44A4-B4B5-416A-8C43-3AADCAEA5010}.Debug|x64.ActiveCfg = Debug|Any CPU
		{C42F44A4-B4B5-416A-8C43-3AADCAEA5010}.Debug|x64.Build.0 = Debug|Any CPU
		{C42F44A4-B4B5-416A-8C43-3AADCAEA5010}.Debug|x64.Deploy.0 = Debug|Any CPU
		{C42F44A4-B4B5-416A-8C43-3AADCAEA5010}.Debug|x86.ActiveCfg = Debug|Any CPU
		{C42F44A4-B4B5-416A-8C43-3AADCAEA5010}.Debug|x86.Build.0 = Debug|Any CPU
		{C42F44A4-B4B5-416A-8C43-3AADCAEA5010}.Debug|x86.Deploy.0 = Debug|Any CPU
		{C42F44A4-B4B5-416A-8C43-3AADCAEA5010}.Release|Any CPU.ActiveCfg = Release|Any CPU
		{C42F44A4-B4B5-416A-8C43-3AADCAEA5010}.Release|Any CPU.Build.0 = Release|Any CPU
		{C42F44A4-B4B5-416A-8C43-3AADCAEA5010}.Release|Any CPU.Deploy.0 = Release|Any CPU
		{C42F44A4-B4B5-416A-8C43-3AADCAEA5010}.Release|ARM.ActiveCfg = Release|Any CPU
		{C42F44A4-B4B5-416A-8C43-3AADCAEA5010}.Release|ARM.Build.0 = Release|Any CPU
		{C42F44A4-B4B5-416A-8C43-3AADCAEA5010}.Release|ARM.Deploy.0 = Release|Any CPU
		{C42F44A4-B4B5-416A-8C43-3AADCAEA5010}.Release|iPhone.ActiveCfg = Release|Any CPU
		{C42F44A4-B4B5-416A-8C43-3AADCAEA5010}.Release|iPhone.Build.0 = Release|Any CPU
		{C42F44A4-B4B5-416A-8C43-3AADCAEA5010}.Release|iPhone.Deploy.0 = Release|Any CPU
		{C42F44A4-B4B5-416A-8C43-3AADCAEA5010}.Release|iPhoneSimulator.ActiveCfg = Release|Any CPU
		{C42F44A4-B4B5-416A-8C43-3AADCAEA5010}.Release|iPhoneSimulator.Build.0 = Release|Any CPU
		{C42F44A4-B4B5-416A-8C43-3AADCAEA5010}.Release|iPhoneSimulator.Deploy.0 = Release|Any CPU
		{C42F44A4-B4B5-416A-8C43-3AADCAEA5010}.Release|x64.ActiveCfg = Release|Any CPU
		{C42F44A4-B4B5-416A-8C43-3AADCAEA5010}.Release|x64.Build.0 = Release|Any CPU
		{C42F44A4-B4B5-416A-8C43-3AADCAEA5010}.Release|x64.Deploy.0 = Release|Any CPU
		{C42F44A4-B4B5-416A-8C43-3AADCAEA5010}.Release|x86.ActiveCfg = Release|Any CPU
		{C42F44A4-B4B5-416A-8C43-3AADCAEA5010}.Release|x86.Build.0 = Release|Any CPU
		{C42F44A4-B4B5-416A-8C43-3AADCAEA5010}.Release|x86.Deploy.0 = Release|Any CPU
	EndGlobalSection
	GlobalSection(SolutionProperties) = preSolution
		HideSolutionNode = FALSE
	EndGlobalSection
	GlobalSection(ExtensibilityGlobals) = postSolution
		SolutionGuid = {F8C7488C-AB13-4E54-B5D9-66439F83DEE2}
	EndGlobalSection
EndGlobal
